{
    "version": 3,
    "terraform_version": "0.11.3",
    "serial": 9,
    "lineage": "8ee25434-c903-46df-af34-592995475a06",
    "modules": [
        {
            "path": [
                "root"
            ],
            "outputs": {},
            "resources": {
                "data.aws_ami.ubuntu": {
                    "type": "aws_ami",
                    "depends_on": [],
                    "primary": {
                        "id": "ami-38708b45",
                        "attributes": {
                            "architecture": "x86_64",
                            "block_device_mappings.#": "3",
                            "block_device_mappings.1634610537.device_name": "/dev/sdb",
                            "block_device_mappings.1634610537.ebs.%": "0",
                            "block_device_mappings.1634610537.no_device": "",
                            "block_device_mappings.1634610537.virtual_name": "ephemeral0",
                            "block_device_mappings.2547816212.device_name": "/dev/sda1",
                            "block_device_mappings.2547816212.ebs.%": "6",
                            "block_device_mappings.2547816212.ebs.delete_on_termination": "true",
                            "block_device_mappings.2547816212.ebs.encrypted": "false",
                            "block_device_mappings.2547816212.ebs.iops": "0",
                            "block_device_mappings.2547816212.ebs.snapshot_id": "snap-0620f530991251db6",
                            "block_device_mappings.2547816212.ebs.volume_size": "8",
                            "block_device_mappings.2547816212.ebs.volume_type": "gp2",
                            "block_device_mappings.2547816212.no_device": "",
                            "block_device_mappings.2547816212.virtual_name": "",
                            "block_device_mappings.3850042718.device_name": "/dev/sdc",
                            "block_device_mappings.3850042718.ebs.%": "0",
                            "block_device_mappings.3850042718.no_device": "",
                            "block_device_mappings.3850042718.virtual_name": "ephemeral1",
                            "creation_date": "2018-03-09T09:58:25.000Z",
                            "description": "Canonical, Ubuntu, 14.04 LTS, amd64 trusty image build on 2018-03-08",
                            "filter.#": "2",
                            "filter.4182425345.name": "name",
                            "filter.4182425345.values.#": "1",
                            "filter.4182425345.values.0": "ubuntu/images/hvm-ssd/ubuntu-trusty-14.04-amd64-server-*",
                            "filter.490168357.name": "virtualization-type",
                            "filter.490168357.values.#": "1",
                            "filter.490168357.values.0": "hvm",
                            "hypervisor": "xen",
                            "id": "ami-38708b45",
                            "image_id": "ami-38708b45",
                            "image_location": "099720109477/ubuntu/images/hvm-ssd/ubuntu-trusty-14.04-amd64-server-20180308",
                            "image_type": "machine",
                            "most_recent": "true",
                            "name": "ubuntu/images/hvm-ssd/ubuntu-trusty-14.04-amd64-server-20180308",
                            "owner_id": "099720109477",
                            "owners.#": "1",
                            "owners.0": "099720109477",
                            "product_codes.#": "0",
                            "public": "true",
                            "root_device_name": "/dev/sda1",
                            "root_device_type": "ebs",
                            "root_snapshot_id": "snap-0620f530991251db6",
                            "sriov_net_support": "simple",
                            "state": "available",
                            "state_reason.%": "2",
                            "state_reason.code": "UNSET",
                            "state_reason.message": "UNSET",
                            "tags.%": "0",
                            "virtualization_type": "hvm"
                        },
                        "meta": {},
                        "tainted": false
                    },
                    "deposed": [],
                    "provider": "provider.aws.us_primary_prd"
                },
                "data.aws_ami.ubuntu16": {
                    "type": "aws_ami",
                    "depends_on": [],
                    "primary": {
                        "id": "ami-43a15f3e",
                        "attributes": {
                            "architecture": "x86_64",
                            "block_device_mappings.#": "3",
                            "block_device_mappings.1634610537.device_name": "/dev/sdb",
                            "block_device_mappings.1634610537.ebs.%": "0",
                            "block_device_mappings.1634610537.no_device": "",
                            "block_device_mappings.1634610537.virtual_name": "ephemeral0",
                            "block_device_mappings.2547816212.device_name": "/dev/sda1",
                            "block_device_mappings.2547816212.ebs.%": "6",
                            "block_device_mappings.2547816212.ebs.delete_on_termination": "true",
                            "block_device_mappings.2547816212.ebs.encrypted": "false",
                            "block_device_mappings.2547816212.ebs.iops": "0",
                            "block_device_mappings.2547816212.ebs.snapshot_id": "snap-0a83a22928e9afbe9",
                            "block_device_mappings.2547816212.ebs.volume_size": "8",
                            "block_device_mappings.2547816212.ebs.volume_type": "gp2",
                            "block_device_mappings.2547816212.no_device": "",
                            "block_device_mappings.2547816212.virtual_name": "",
                            "block_device_mappings.3850042718.device_name": "/dev/sdc",
                            "block_device_mappings.3850042718.ebs.%": "0",
                            "block_device_mappings.3850042718.no_device": "",
                            "block_device_mappings.3850042718.virtual_name": "ephemeral1",
                            "creation_date": "2018-03-07T08:38:54.000Z",
                            "description": "Canonical, Ubuntu, 16.04 LTS, amd64 xenial image build on 2018-03-06",
                            "filter.#": "2",
                            "filter.1585153008.name": "name",
                            "filter.1585153008.values.#": "1",
                            "filter.1585153008.values.0": "ubuntu/images/hvm-ssd/ubuntu-xenial-16.04-amd64-server-*",
                            "filter.490168357.name": "virtualization-type",
                            "filter.490168357.values.#": "1",
                            "filter.490168357.values.0": "hvm",
                            "hypervisor": "xen",
                            "id": "ami-43a15f3e",
                            "image_id": "ami-43a15f3e",
                            "image_location": "099720109477/ubuntu/images/hvm-ssd/ubuntu-xenial-16.04-amd64-server-20180306",
                            "image_type": "machine",
                            "most_recent": "true",
                            "name": "ubuntu/images/hvm-ssd/ubuntu-xenial-16.04-amd64-server-20180306",
                            "owner_id": "099720109477",
                            "owners.#": "1",
                            "owners.0": "099720109477",
                            "product_codes.#": "0",
                            "public": "true",
                            "root_device_name": "/dev/sda1",
                            "root_device_type": "ebs",
                            "root_snapshot_id": "snap-0a83a22928e9afbe9",
                            "sriov_net_support": "simple",
                            "state": "available",
                            "state_reason.%": "2",
                            "state_reason.code": "UNSET",
                            "state_reason.message": "UNSET",
                            "tags.%": "0",
                            "virtualization_type": "hvm"
                        },
                        "meta": {},
                        "tainted": false
                    },
                    "deposed": [],
                    "provider": "provider.aws.us_primary_prd"
                },
                "data.terraform_remote_state.dns": {
                    "type": "terraform_remote_state",
                    "depends_on": [],
                    "primary": {
                        "id": "2018-03-30 12:29:38.811559135 +0000 UTC",
                        "attributes": {
                            "backend": "s3",
                            "cimp_ly_dns_zone_id": "Z2AKULXS3I3EZ",
                            "cimplebox_com_dns_zone_id": "Z18CHTHM96RVCV",
                            "config.%": "4",
                            "config.bucket": "ncr.smb.terraform-state",
                            "config.key": "dns/dns.tfstate",
                            "config.profile": "prd",
                            "config.region": "us-east-1",
                            "environment": "default",
                            "id": "2018-03-30 12:29:38.811559135 +0000 UTC",
                            "myncrsilver_co_uk_dns_zone_id": "ZW76Y2Z2D6FW8",
                            "myncrsilver_com_au_dns_zone_id": "ZW8LSFAYR55DG",
                            "myncrsilver_com_dns_zone_id": "Z1SC576266QBRK",
                            "ncrsilver_co_uk_dns_zone_id": "Z3P4H1F62HS6E7",
                            "ncrsilver_co_uk_public_dns_zone_id": "Z2GRUDL4HXBI15",
                            "ncrsilver_com_au_dns_zone_id": "Z3U5GA6MBJHHSO",
                            "ncrsilver_com_au_public_dns_zone_id": "Z13F3SARHK0Q7O",
                            "ncrsilver_com_dns_zone_id": " Z2P7WH4PW5GB1G",
                            "ncrsilverlab_com_public_dns_zone_id": "Z39Z6T2FIBE20P",
                            "ncrsmb_com_public_dns_zone_id": "Z1XW23SHFYCXN7",
                            "ncrsmbdev_com_dns_zone_id": "Z1VB0ZF2A9SZ45",
                            "ncrsmbstg_com_dns_zone_id": "Z21OGZR36ZKVPS",
                            "ncrsmbtest_com_dns_zone_id": "ZMILLPI01QLOT",
                            "ncrsmbtst_com_dns_zone_id": "Z161BSSTRGF65Q",
                            "ncrsmbtst_com_private_dns_zone_id": "Z3RA7PAFBVGLMV",
                            "ncrtest_com_dns_zone_id": "Z38XPVA91HGRY2",
                            "us_dns_zone_id": "Z2OQJX4SA59BGJ",
                            "workspace": "default"
                        },
                        "meta": {},
                        "tainted": false
                    },
                    "deposed": [],
                    "provider": "provider.terraform"
                },
                "data.terraform_remote_state.us_ad": {
                    "type": "terraform_remote_state",
                    "depends_on": [],
                    "primary": {
                        "id": "2018-03-30 12:29:38.748658763 +0000 UTC",
                        "attributes": {
                            "backend": "s3",
                            "config.%": "4",
                            "config.bucket": "ncr.smb.terraform-state",
                            "config.key": "ad/usprod.tfstate",
                            "config.profile": "prd",
                            "config.region": "us-east-1",
                            "environment": "default",
                            "id": "2018-03-30 12:29:38.748658763 +0000 UTC",
                            "nonprod_us_domain": "NCRSILVERLAB.COM",
                            "nonprod_us_domain_pass": "!30Z06^0%Q87~54P",
                            "nonprod_us_domain_user": "domainJoiner",
                            "usprod_us_domain": "SILVER.NCRSMB.COM",
                            "usprod_us_domain_pass": "w1N*7#Egsq",
                            "usprod_us_domain_user": "qlid",
                            "workspace": "default"
                        },
                        "meta": {},
                        "tainted": false
                    },
                    "deposed": [],
                    "provider": "provider.terraform"
                },
                "data.terraform_remote_state.us_vpc": {
                    "type": "terraform_remote_state",
                    "depends_on": [],
                    "primary": {
                        "id": "2018-03-30 12:29:38.968024402 +0000 UTC",
                        "attributes": {
                            "backend": "s3",
                            "config.%": "4",
                            "config.bucket": "ncr.smb.terraform-state",
                            "config.key": "vpcs/us.tfstate",
                            "config.profile": "prd",
                            "config.region": "us-east-1",
                            "environment": "default",
                            "id": "2018-03-30 12:29:38.968024402 +0000 UTC",
                            "us_dev_app_subnet_cidr_blocks.#": "3",
                            "us_dev_app_subnet_cidr_blocks.0": "10.12.14.0/24",
                            "us_dev_app_subnet_cidr_blocks.1": "10.12.15.0/24",
                            "us_dev_app_subnet_cidr_blocks.2": "10.12.16.0/24",
                            "us_dev_app_subnet_ids.#": "3",
                            "us_dev_app_subnet_ids.0": "subnet-baf6a390",
                            "us_dev_app_subnet_ids.1": "subnet-b75551c1",
                            "us_dev_app_subnet_ids.2": "subnet-ee1a4bb6",
                            "us_dev_app_subnet_route_table_id": "rtb-edccfb8a",
                            "us_dev_db_subnet_cidr_blocks.#": "3",
                            "us_dev_db_subnet_cidr_blocks.0": "10.12.18.0/24",
                            "us_dev_db_subnet_cidr_blocks.1": "10.12.19.0/24",
                            "us_dev_db_subnet_cidr_blocks.2": "10.12.20.0/24",
                            "us_dev_db_subnet_ids.#": "3",
                            "us_dev_db_subnet_ids.0": "subnet-b8f6a392",
                            "us_dev_db_subnet_ids.1": "subnet-b65551c0",
                            "us_dev_db_subnet_ids.2": "subnet-ed1a4bb5",
                            "us_dev_db_subnet_route_table_id": "rtb-ecccfb8b",
                            "us_dev_dmz_subnet_cidr_blocks.#": "3",
                            "us_dev_dmz_subnet_cidr_blocks.0": "10.12.10.0/24",
                            "us_dev_dmz_subnet_cidr_blocks.1": "10.12.11.0/24",
                            "us_dev_dmz_subnet_cidr_blocks.2": "10.12.12.0/24",
                            "us_dev_dmz_subnet_ids.#": "3",
                            "us_dev_dmz_subnet_ids.0": "subnet-bbf6a391",
                            "us_dev_dmz_subnet_ids.1": "subnet-c95551bf",
                            "us_dev_dmz_subnet_ids.2": "subnet-e01a4bb8",
                            "us_dev_dmz_subnet_route_table_id": "rtb-eeccfb89",
                            "us_dev_vpc_cidr_block": "10.12.0.0/16",
                            "us_dev_vpc_id": "vpc-8d5df3ea",
                            "us_ops_1_admin_subnet_ids.#": "3",
                            "us_ops_1_admin_subnet_ids.0": "subnet-8291a3f4",
                            "us_ops_1_admin_subnet_ids.1": "subnet-032a645b",
                            "us_ops_1_admin_subnet_ids.2": "subnet-da8eccf0",
                            "us_ops_1_admin_subnet_route_table_id": "rtb-2f4c6c48",
                            "us_ops_1_dmz_subnet_ids.#": "3",
                            "us_ops_1_dmz_subnet_ids.0": "subnet-8591a3f3",
                            "us_ops_1_dmz_subnet_ids.1": "subnet-022a645a",
                            "us_ops_1_dmz_subnet_ids.2": "subnet-db8eccf1",
                            "us_ops_1_dmz_subnet_route_table_id": "rtb-2d4c6c4a",
                            "us_ops_1_vpc_cidr_block": "10.10.0.0/16",
                            "us_ops_1_vpc_id": "vpc-29da7f4e",
                            "us_ops_2_admin_subnet_ids.#": "3",
                            "us_ops_2_admin_subnet_ids.0": "subnet-d1cf21b9",
                            "us_ops_2_admin_subnet_ids.1": "subnet-4c90bd37",
                            "us_ops_2_admin_subnet_ids.2": "subnet-b7036cfa",
                            "us_ops_2_admin_subnet_route_table_id": "rtb-9f37f3f7",
                            "us_ops_2_dmz_subnet_ids.#": "3",
                            "us_ops_2_dmz_subnet_ids.0": "subnet-a3f21ccb",
                            "us_ops_2_dmz_subnet_ids.1": "subnet-6192bf1a",
                            "us_ops_2_dmz_subnet_ids.2": "subnet-48046b05",
                            "us_ops_2_dmz_subnet_route_table_id": "rtb-5a31f532",
                            "us_ops_2_vpc_cidr_block": "10.11.0.0/16",
                            "us_ops_2_vpc_id": "vpc-485d4621",
                            "us_prd_app_subnet_cidr_blocks.#": "3",
                            "us_prd_app_subnet_cidr_blocks.0": "10.18.14.0/24",
                            "us_prd_app_subnet_cidr_blocks.1": "10.18.15.0/24",
                            "us_prd_app_subnet_cidr_blocks.2": "10.18.16.0/24",
                            "us_prd_app_subnet_ids.#": "3",
                            "us_prd_app_subnet_ids.0": "subnet-8e91a3f8",
                            "us_prd_app_subnet_ids.1": "subnet-002a6458",
                            "us_prd_app_subnet_ids.2": "subnet-de8eccf4",
                            "us_prd_app_subnet_route_table_id": "rtb-2b4c6c4c",
                            "us_prd_db_subnet_cidr_blocks.#": "3",
                            "us_prd_db_subnet_cidr_blocks.0": "10.18.18.0/24",
                            "us_prd_db_subnet_cidr_blocks.1": "10.18.19.0/24",
                            "us_prd_db_subnet_cidr_blocks.2": "10.18.20.0/24",
                            "us_prd_db_subnet_ids.#": "3",
                            "us_prd_db_subnet_ids.0": "subnet-8191a3f7",
                            "us_prd_db_subnet_ids.1": "subnet-012a6459",
                            "us_prd_db_subnet_ids.2": "subnet-dc8eccf6",
                            "us_prd_db_subnet_route_table_id": "rtb-284c6c4f",
                            "us_prd_dmz_subnet_cidr_blocks.#": "3",
                            "us_prd_dmz_subnet_cidr_blocks.0": "10.18.10.0/24",
                            "us_prd_dmz_subnet_cidr_blocks.1": "10.18.11.0/24",
                            "us_prd_dmz_subnet_cidr_blocks.2": "10.18.12.0/24",
                            "us_prd_dmz_subnet_ids.#": "3",
                            "us_prd_dmz_subnet_ids.0": "subnet-8091a3f6",
                            "us_prd_dmz_subnet_ids.1": "subnet-0f2a6457",
                            "us_prd_dmz_subnet_ids.2": "subnet-df8eccf5",
                            "us_prd_dmz_subnet_route_table_id": "rtb-2c4c6c4b",
                            "us_prd_dr_app_subnet_cidr_blocks.#": "3",
                            "us_prd_dr_app_subnet_cidr_blocks.0": "10.19.14.0/24",
                            "us_prd_dr_app_subnet_cidr_blocks.1": "10.19.15.0/24",
                            "us_prd_dr_app_subnet_cidr_blocks.2": "10.19.16.0/24",
                            "us_prd_dr_app_subnet_ids.#": "3",
                            "us_prd_dr_app_subnet_ids.0": "subnet-9bce20f3",
                            "us_prd_dr_app_subnet_ids.1": "subnet-9891bce3",
                            "us_prd_dr_app_subnet_ids.2": "subnet-23026d6e",
                            "us_prd_dr_app_subnet_route_table_id": "rtb-c037f3a8",
                            "us_prd_dr_db_subnet_cidr_blocks.#": "3",
                            "us_prd_dr_db_subnet_cidr_blocks.0": "10.19.18.0/24",
                            "us_prd_dr_db_subnet_cidr_blocks.1": "10.19.19.0/24",
                            "us_prd_dr_db_subnet_cidr_blocks.2": "10.19.20.0/24",
                            "us_prd_dr_db_subnet_ids.#": "3",
                            "us_prd_dr_db_subnet_ids.0": "subnet-7acc2212",
                            "us_prd_dr_db_subnet_ids.1": "subnet-5d91bc26",
                            "us_prd_dr_db_subnet_ids.2": "subnet-b5006ff8",
                            "us_prd_dr_db_subnet_route_table_id": "rtb-b63cf8de",
                            "us_prd_dr_dmz_subnet_cidr_blocks.#": "3",
                            "us_prd_dr_dmz_subnet_cidr_blocks.0": "10.19.10.0/24",
                            "us_prd_dr_dmz_subnet_cidr_blocks.1": "10.19.11.0/24",
                            "us_prd_dr_dmz_subnet_cidr_blocks.2": "10.19.12.0/24",
                            "us_prd_dr_dmz_subnet_ids.#": "3",
                            "us_prd_dr_dmz_subnet_ids.0": "subnet-1bf11f73",
                            "us_prd_dr_dmz_subnet_ids.1": "subnet-7893be03",
                            "us_prd_dr_dmz_subnet_ids.2": "subnet-08006f45",
                            "us_prd_dr_dmz_subnet_route_table_id": "rtb-0b30f463",
                            "us_prd_dr_vpc_cidr_block": "10.19.0.0/16",
                            "us_prd_dr_vpc_id": "vpc-3652495f",
                            "us_prd_vpc_cidr_block": "10.18.0.0/16",
                            "us_prd_vpc_id": "vpc-2ada7f4d",
                            "us_stg_app_subnet_cidr_blocks.#": "3",
                            "us_stg_app_subnet_cidr_blocks.0": "10.16.14.0/24",
                            "us_stg_app_subnet_cidr_blocks.1": "10.16.15.0/24",
                            "us_stg_app_subnet_cidr_blocks.2": "10.16.16.0/24",
                            "us_stg_app_subnet_ids.#": "3",
                            "us_stg_app_subnet_ids.0": "subnet-d8a0af91",
                            "us_stg_app_subnet_ids.1": "subnet-ebfaafb0",
                            "us_stg_app_subnet_ids.2": "subnet-afacf282",
                            "us_stg_app_subnet_route_table_id": "rtb-b66dc6cf",
                            "us_stg_db_subnet_cidr_blocks.#": "3",
                            "us_stg_db_subnet_cidr_blocks.0": "10.16.18.0/24",
                            "us_stg_db_subnet_cidr_blocks.1": "10.16.19.0/24",
                            "us_stg_db_subnet_cidr_blocks.2": "10.16.20.0/24",
                            "us_stg_db_subnet_ids.#": "3",
                            "us_stg_db_subnet_ids.0": "subnet-d9a0af90",
                            "us_stg_db_subnet_ids.1": "subnet-f4faafaf",
                            "us_stg_db_subnet_ids.2": "subnet-acacf281",
                            "us_stg_db_subnet_route_table_id": "rtb-b76dc6ce",
                            "us_stg_dmz_subnet_ids.#": "3",
                            "us_stg_dmz_subnet_ids.0": "subnet-dba0af92",
                            "us_stg_dmz_subnet_ids.1": "subnet-eafaafb1",
                            "us_stg_dmz_subnet_ids.2": "subnet-aeacf283",
                            "us_stg_dmz_subnet_route_table_id": "rtb-b46dc6cd",
                            "us_stg_vpc_cidr_block": "10.16.0.0/16",
                            "us_stg_vpc_id": "vpc-5e771b38",
                            "us_tst_app_subnet_cidr_blocks.#": "3",
                            "us_tst_app_subnet_cidr_blocks.0": "10.14.14.0/24",
                            "us_tst_app_subnet_cidr_blocks.1": "10.14.15.0/24",
                            "us_tst_app_subnet_cidr_blocks.2": "10.14.16.0/24",
                            "us_tst_app_subnet_ids.#": "3",
                            "us_tst_app_subnet_ids.0": "subnet-a2b0ee8f",
                            "us_tst_app_subnet_ids.1": "subnet-6ea3ac27",
                            "us_tst_app_subnet_ids.2": "subnet-6df9ac36",
                            "us_tst_app_subnet_route_table_id": "rtb-986ac1e1",
                            "us_tst_db_subnet_cidr_blocks.#": "3",
                            "us_tst_db_subnet_cidr_blocks.0": "10.14.18.0/24",
                            "us_tst_db_subnet_cidr_blocks.1": "10.14.19.0/24",
                            "us_tst_db_subnet_cidr_blocks.2": "10.14.20.0/24",
                            "us_tst_db_subnet_ids.#": "3",
                            "us_tst_db_subnet_ids.0": "subnet-b8b0ee95",
                            "us_tst_db_subnet_ids.1": "subnet-61a3ac28",
                            "us_tst_db_subnet_ids.2": "subnet-63f9ac38",
                            "us_tst_db_subnet_route_table_id": "rtb-9b6ac1e2",
                            "us_tst_dmz_subnet_cidr_blocks.#": "3",
                            "us_tst_dmz_subnet_cidr_blocks.0": "10.14.10.0/24",
                            "us_tst_dmz_subnet_cidr_blocks.1": "10.14.11.0/24",
                            "us_tst_dmz_subnet_cidr_blocks.2": "10.14.12.0/24",
                            "us_tst_dmz_subnet_ids.#": "3",
                            "us_tst_dmz_subnet_ids.0": "subnet-a3b0ee8e",
                            "us_tst_dmz_subnet_ids.1": "subnet-6ca3ac25",
                            "us_tst_dmz_subnet_ids.2": "subnet-69f9ac32",
                            "us_tst_dmz_subnet_route_table_id": "rtb-9a6ac1e3",
                            "us_tst_vpc_cidr_block": "10.14.0.0/16",
                            "us_tst_vpc_id": "vpc-937a16f5",
                            "workspace": "default"
                        },
                        "meta": {},
                        "tainted": false
                    },
                    "deposed": [],
                    "provider": "provider.terraform"
                }
            },
            "depends_on": []
        },
        {
            "path": [
                "root",
                "cassandra-ansible"
            ],
            "outputs": {},
            "resources": {
                "aws_instance.momentum_cassandra.0": {
                    "type": "aws_instance",
                    "depends_on": [
                        "aws_security_group.momentum_cassandra",
                        "data.template_file.momentum_cassandra.*"
                    ],
                    "primary": {
                        "id": "i-0d9d371e907d7c9d4",
                        "attributes": {
                            "ami": "ami-43a15f3e",
                            "associate_public_ip_address": "false",
                            "availability_zone": "us-east-1a",
                            "disable_api_termination": "false",
                            "ebs_block_device.#": "1",
                            "ebs_block_device.2576023345.delete_on_termination": "false",
                            "ebs_block_device.2576023345.device_name": "/dev/sdb",
                            "ebs_block_device.2576023345.encrypted": "false",
                            "ebs_block_device.2576023345.iops": "3000",
                            "ebs_block_device.2576023345.snapshot_id": "",
                            "ebs_block_device.2576023345.volume_size": "1000",
                            "ebs_block_device.2576023345.volume_type": "gp2",
                            "ebs_optimized": "false",
                            "ephemeral_block_device.#": "0",
                            "iam_instance_profile": "ec2_bootstrap",
                            "id": "i-0d9d371e907d7c9d4",
                            "instance_state": "running",
                            "instance_type": "m5.xlarge",
                            "ipv6_addresses.#": "0",
                            "key_name": "us-east-1",
                            "monitoring": "false",
                            "network_interface.#": "0",
                            "network_interface_id": "eni-8931ea91",
                            "primary_network_interface_id": "eni-8931ea91",
                            "private_dns": "ip-10-18-18-229.ec2.internal",
                            "private_ip": "10.18.18.229",
                            "public_dns": "",
                            "public_ip": "",
                            "root_block_device.#": "1",
                            "root_block_device.0.delete_on_termination": "true",
                            "root_block_device.0.iops": "120",
                            "root_block_device.0.volume_size": "40",
                            "root_block_device.0.volume_type": "gp2",
                            "security_groups.#": "0",
                            "source_dest_check": "true",
                            "subnet_id": "subnet-8191a3f7",
                            "tags.%": "4",
                            "tags.Application": "Momentum",
                            "tags.Environment": "USPRD",
                            "tags.Name": "USPRDMOMCAS101",
                            "tags.Role": "cassandra",
                            "tenancy": "default",
                            "user_data": "70d1714c6c708148936ed4372ed722753bf0c5e1",
                            "volume_tags.%": "0",
                            "vpc_security_group_ids.#": "1",
                            "vpc_security_group_ids.1024910306": "sg-e676f490"
                        },
                        "meta": {
                            "e2bfb730-ecaa-11e6-8f88-34363bc7c4c0": {
                                "create": 600000000000,
                                "delete": 600000000000,
                                "update": 600000000000
                            },
                            "schema_version": "1"
                        },
                        "tainted": false
                    },
                    "deposed": [],
                    "provider": "provider.aws.aws"
                },
                "aws_instance.momentum_cassandra.1": {
                    "type": "aws_instance",
                    "depends_on": [
                        "aws_security_group.momentum_cassandra",
                        "data.template_file.momentum_cassandra.*"
                    ],
                    "primary": {
                        "id": "i-006b776b92d2c7437",
                        "attributes": {
                            "ami": "ami-43a15f3e",
                            "associate_public_ip_address": "false",
                            "availability_zone": "us-east-1b",
                            "disable_api_termination": "false",
                            "ebs_block_device.#": "1",
                            "ebs_block_device.2576023345.delete_on_termination": "false",
                            "ebs_block_device.2576023345.device_name": "/dev/sdb",
                            "ebs_block_device.2576023345.encrypted": "false",
                            "ebs_block_device.2576023345.iops": "3000",
                            "ebs_block_device.2576023345.snapshot_id": "",
                            "ebs_block_device.2576023345.volume_size": "1000",
                            "ebs_block_device.2576023345.volume_type": "gp2",
                            "ebs_optimized": "false",
                            "ephemeral_block_device.#": "0",
                            "iam_instance_profile": "ec2_bootstrap",
                            "id": "i-006b776b92d2c7437",
                            "instance_state": "running",
                            "instance_type": "m5.xlarge",
                            "ipv6_addresses.#": "0",
                            "key_name": "us-east-1",
                            "monitoring": "false",
                            "network_interface.#": "0",
                            "network_interface_id": "eni-60cbbdb1",
                            "primary_network_interface_id": "eni-60cbbdb1",
                            "private_dns": "ip-10-18-19-38.ec2.internal",
                            "private_ip": "10.18.19.38",
                            "public_dns": "",
                            "public_ip": "",
                            "root_block_device.#": "1",
                            "root_block_device.0.delete_on_termination": "true",
                            "root_block_device.0.iops": "120",
                            "root_block_device.0.volume_size": "40",
                            "root_block_device.0.volume_type": "gp2",
                            "security_groups.#": "0",
                            "source_dest_check": "true",
                            "subnet_id": "subnet-012a6459",
                            "tags.%": "4",
                            "tags.Application": "Momentum",
                            "tags.Environment": "USPRD",
                            "tags.Name": "USPRDMOMCAS102",
                            "tags.Role": "cassandra",
                            "tenancy": "default",
                            "user_data": "052af5ac92986f365cea72d519c6a1a08e1e135c",
                            "volume_tags.%": "0",
                            "vpc_security_group_ids.#": "1",
                            "vpc_security_group_ids.1024910306": "sg-e676f490"
                        },
                        "meta": {
                            "e2bfb730-ecaa-11e6-8f88-34363bc7c4c0": {
                                "create": 600000000000,
                                "delete": 600000000000,
                                "update": 600000000000
                            },
                            "schema_version": "1"
                        },
                        "tainted": false
                    },
                    "deposed": [],
                    "provider": "provider.aws.aws"
                },
                "aws_instance.momentum_cassandra.2": {
                    "type": "aws_instance",
                    "depends_on": [
                        "aws_security_group.momentum_cassandra",
                        "data.template_file.momentum_cassandra.*"
                    ],
                    "primary": {
                        "id": "i-00169d7275c01008c",
                        "attributes": {
                            "ami": "ami-43a15f3e",
                            "associate_public_ip_address": "false",
                            "availability_zone": "us-east-1d",
                            "disable_api_termination": "false",
                            "ebs_block_device.#": "1",
                            "ebs_block_device.2576023345.delete_on_termination": "false",
                            "ebs_block_device.2576023345.device_name": "/dev/sdb",
                            "ebs_block_device.2576023345.encrypted": "false",
                            "ebs_block_device.2576023345.iops": "3000",
                            "ebs_block_device.2576023345.snapshot_id": "",
                            "ebs_block_device.2576023345.volume_size": "1000",
                            "ebs_block_device.2576023345.volume_type": "gp2",
                            "ebs_optimized": "false",
                            "ephemeral_block_device.#": "0",
                            "iam_instance_profile": "ec2_bootstrap",
                            "id": "i-00169d7275c01008c",
                            "instance_state": "running",
                            "instance_type": "m5.xlarge",
                            "ipv6_addresses.#": "0",
                            "key_name": "us-east-1",
                            "monitoring": "false",
                            "network_interface.#": "0",
                            "network_interface_id": "eni-f94c3036",
                            "primary_network_interface_id": "eni-f94c3036",
                            "private_dns": "ip-10-18-20-232.ec2.internal",
                            "private_ip": "10.18.20.232",
                            "public_dns": "",
                            "public_ip": "",
                            "root_block_device.#": "1",
                            "root_block_device.0.delete_on_termination": "true",
                            "root_block_device.0.iops": "120",
                            "root_block_device.0.volume_size": "40",
                            "root_block_device.0.volume_type": "gp2",
                            "security_groups.#": "0",
                            "source_dest_check": "true",
                            "subnet_id": "subnet-dc8eccf6",
                            "tags.%": "4",
                            "tags.Application": "Momentum",
                            "tags.Environment": "USPRD",
                            "tags.Name": "USPRDMOMCAS103",
                            "tags.Role": "cassandra",
                            "tenancy": "default",
                            "user_data": "1cbc961989f83c14f90eb1a4787674fe025b9ca2",
                            "volume_tags.%": "0",
                            "vpc_security_group_ids.#": "1",
                            "vpc_security_group_ids.1024910306": "sg-e676f490"
                        },
                        "meta": {
                            "e2bfb730-ecaa-11e6-8f88-34363bc7c4c0": {
                                "create": 600000000000,
                                "delete": 600000000000,
                                "update": 600000000000
                            },
                            "schema_version": "1"
                        },
                        "tainted": false
                    },
                    "deposed": [],
                    "provider": "provider.aws.aws"
                },
                "aws_instance.momentum_cassandra.3": {
                    "type": "aws_instance",
                    "depends_on": [
                        "aws_security_group.momentum_cassandra",
                        "data.template_file.momentum_cassandra.*"
                    ],
                    "primary": {
                        "id": "i-083af0233d096dca6",
                        "attributes": {
                            "ami": "ami-43a15f3e",
                            "associate_public_ip_address": "false",
                            "availability_zone": "us-east-1a",
                            "disable_api_termination": "false",
                            "ebs_block_device.#": "1",
                            "ebs_block_device.2576023345.delete_on_termination": "false",
                            "ebs_block_device.2576023345.device_name": "/dev/sdb",
                            "ebs_block_device.2576023345.encrypted": "false",
                            "ebs_block_device.2576023345.iops": "3000",
                            "ebs_block_device.2576023345.snapshot_id": "",
                            "ebs_block_device.2576023345.volume_size": "1000",
                            "ebs_block_device.2576023345.volume_type": "gp2",
                            "ebs_optimized": "false",
                            "ephemeral_block_device.#": "0",
                            "iam_instance_profile": "ec2_bootstrap",
                            "id": "i-083af0233d096dca6",
                            "instance_state": "running",
                            "instance_type": "m5.xlarge",
                            "ipv6_addresses.#": "0",
                            "key_name": "us-east-1",
                            "monitoring": "false",
                            "network_interface.#": "0",
                            "network_interface_id": "eni-e13ce7f9",
                            "primary_network_interface_id": "eni-e13ce7f9",
                            "private_dns": "ip-10-18-18-22.ec2.internal",
                            "private_ip": "10.18.18.22",
                            "public_dns": "",
                            "public_ip": "",
                            "root_block_device.#": "1",
                            "root_block_device.0.delete_on_termination": "true",
                            "root_block_device.0.iops": "120",
                            "root_block_device.0.volume_size": "40",
                            "root_block_device.0.volume_type": "gp2",
                            "security_groups.#": "0",
                            "source_dest_check": "true",
                            "subnet_id": "subnet-8191a3f7",
                            "tags.%": "4",
                            "tags.Application": "Momentum",
                            "tags.Environment": "USPRD",
                            "tags.Name": "USPRDMOMCAS104",
                            "tags.Role": "cassandra",
                            "tenancy": "default",
                            "user_data": "a2204f614abc87e6806daede435766747155a27e",
                            "volume_tags.%": "0",
                            "vpc_security_group_ids.#": "1",
                            "vpc_security_group_ids.1024910306": "sg-e676f490"
                        },
                        "meta": {
                            "e2bfb730-ecaa-11e6-8f88-34363bc7c4c0": {
                                "create": 600000000000,
                                "delete": 600000000000,
                                "update": 600000000000
                            },
                            "schema_version": "1"
                        },
                        "tainted": false
                    },
                    "deposed": [],
                    "provider": "provider.aws.aws"
                },
                "aws_instance.momentum_cassandra.4": {
                    "type": "aws_instance",
                    "depends_on": [
                        "aws_security_group.momentum_cassandra",
                        "data.template_file.momentum_cassandra.*"
                    ],
                    "primary": {
                        "id": "i-0664adcb075656f64",
                        "attributes": {
                            "ami": "ami-43a15f3e",
                            "associate_public_ip_address": "false",
                            "availability_zone": "us-east-1b",
                            "disable_api_termination": "false",
                            "ebs_block_device.#": "1",
                            "ebs_block_device.2576023345.delete_on_termination": "false",
                            "ebs_block_device.2576023345.device_name": "/dev/sdb",
                            "ebs_block_device.2576023345.encrypted": "false",
                            "ebs_block_device.2576023345.iops": "3000",
                            "ebs_block_device.2576023345.snapshot_id": "",
                            "ebs_block_device.2576023345.volume_size": "1000",
                            "ebs_block_device.2576023345.volume_type": "gp2",
                            "ebs_optimized": "false",
                            "ephemeral_block_device.#": "0",
                            "iam_instance_profile": "ec2_bootstrap",
                            "id": "i-0664adcb075656f64",
                            "instance_state": "running",
                            "instance_type": "m5.xlarge",
                            "ipv6_addresses.#": "0",
                            "key_name": "us-east-1",
                            "monitoring": "false",
                            "network_interface.#": "0",
                            "network_interface_id": "eni-30cbbde1",
                            "primary_network_interface_id": "eni-30cbbde1",
                            "private_dns": "ip-10-18-19-60.ec2.internal",
                            "private_ip": "10.18.19.60",
                            "public_dns": "",
                            "public_ip": "",
                            "root_block_device.#": "1",
                            "root_block_device.0.delete_on_termination": "true",
                            "root_block_device.0.iops": "120",
                            "root_block_device.0.volume_size": "40",
                            "root_block_device.0.volume_type": "gp2",
                            "security_groups.#": "0",
                            "source_dest_check": "true",
                            "subnet_id": "subnet-012a6459",
                            "tags.%": "4",
                            "tags.Application": "Momentum",
                            "tags.Environment": "USPRD",
                            "tags.Name": "USPRDMOMCAS105",
                            "tags.Role": "cassandra",
                            "tenancy": "default",
                            "user_data": "898c5b1d6702db44838f617a8f210c993ff1dfc8",
                            "volume_tags.%": "0",
                            "vpc_security_group_ids.#": "1",
                            "vpc_security_group_ids.1024910306": "sg-e676f490"
                        },
                        "meta": {
                            "e2bfb730-ecaa-11e6-8f88-34363bc7c4c0": {
                                "create": 600000000000,
                                "delete": 600000000000,
                                "update": 600000000000
                            },
                            "schema_version": "1"
                        },
                        "tainted": false
                    },
                    "deposed": [],
                    "provider": "provider.aws.aws"
                },
                "aws_instance.momentum_cassandra.5": {
                    "type": "aws_instance",
                    "depends_on": [
                        "aws_security_group.momentum_cassandra",
                        "data.template_file.momentum_cassandra.*"
                    ],
                    "primary": {
                        "id": "i-021a2c8d4d701df63",
                        "attributes": {
                            "ami": "ami-43a15f3e",
                            "associate_public_ip_address": "false",
                            "availability_zone": "us-east-1d",
                            "disable_api_termination": "false",
                            "ebs_block_device.#": "1",
                            "ebs_block_device.2576023345.delete_on_termination": "false",
                            "ebs_block_device.2576023345.device_name": "/dev/sdb",
                            "ebs_block_device.2576023345.encrypted": "false",
                            "ebs_block_device.2576023345.iops": "3000",
                            "ebs_block_device.2576023345.snapshot_id": "",
                            "ebs_block_device.2576023345.volume_size": "1000",
                            "ebs_block_device.2576023345.volume_type": "gp2",
                            "ebs_optimized": "false",
                            "ephemeral_block_device.#": "0",
                            "iam_instance_profile": "ec2_bootstrap",
                            "id": "i-021a2c8d4d701df63",
                            "instance_state": "running",
                            "instance_type": "m5.xlarge",
                            "ipv6_addresses.#": "0",
                            "key_name": "us-east-1",
                            "monitoring": "false",
                            "network_interface.#": "0",
                            "network_interface_id": "eni-4c562a83",
                            "primary_network_interface_id": "eni-4c562a83",
                            "private_dns": "ip-10-18-20-212.ec2.internal",
                            "private_ip": "10.18.20.212",
                            "public_dns": "",
                            "public_ip": "",
                            "root_block_device.#": "1",
                            "root_block_device.0.delete_on_termination": "true",
                            "root_block_device.0.iops": "120",
                            "root_block_device.0.volume_size": "40",
                            "root_block_device.0.volume_type": "gp2",
                            "security_groups.#": "0",
                            "source_dest_check": "true",
                            "subnet_id": "subnet-dc8eccf6",
                            "tags.%": "4",
                            "tags.Application": "Momentum",
                            "tags.Environment": "USPRD",
                            "tags.Name": "USPRDMOMCAS106",
                            "tags.Role": "cassandra",
                            "tenancy": "default",
                            "user_data": "cf9f390cad29b0665f362cac8cfe962e2103d3a7",
                            "volume_tags.%": "0",
                            "vpc_security_group_ids.#": "1",
                            "vpc_security_group_ids.1024910306": "sg-e676f490"
                        },
                        "meta": {
                            "e2bfb730-ecaa-11e6-8f88-34363bc7c4c0": {
                                "create": 600000000000,
                                "delete": 600000000000,
                                "update": 600000000000
                            },
                            "schema_version": "1"
                        },
                        "tainted": false
                    },
                    "deposed": [],
                    "provider": "provider.aws.aws"
                },
                "aws_route53_record.momentum_cassandra.0": {
                    "type": "aws_route53_record",
                    "depends_on": [
                        "aws_instance.momentum_cassandra.*"
                    ],
                    "primary": {
                        "id": "Z2OQJX4SA59BGJ_usprdmomcas101_A",
                        "attributes": {
                            "fqdn": "usprdmomcas101.ncrsmb.com",
                            "health_check_id": "",
                            "id": "Z2OQJX4SA59BGJ_usprdmomcas101_A",
                            "name": "usprdmomcas101",
                            "records.#": "1",
                            "records.4131850278": "10.18.18.229",
                            "set_identifier": "",
                            "ttl": "300",
                            "type": "A",
                            "zone_id": "Z2OQJX4SA59BGJ"
                        },
                        "meta": {
                            "schema_version": "2"
                        },
                        "tainted": false
                    },
                    "deposed": [],
                    "provider": "provider.aws.us_prd"
                },
                "aws_route53_record.momentum_cassandra.1": {
                    "type": "aws_route53_record",
                    "depends_on": [
                        "aws_instance.momentum_cassandra.*"
                    ],
                    "primary": {
                        "id": "Z2OQJX4SA59BGJ_usprdmomcas102_A",
                        "attributes": {
                            "fqdn": "usprdmomcas102.ncrsmb.com",
                            "health_check_id": "",
                            "id": "Z2OQJX4SA59BGJ_usprdmomcas102_A",
                            "name": "usprdmomcas102",
                            "records.#": "1",
                            "records.2956374768": "10.18.19.38",
                            "set_identifier": "",
                            "ttl": "300",
                            "type": "A",
                            "zone_id": "Z2OQJX4SA59BGJ"
                        },
                        "meta": {
                            "schema_version": "2"
                        },
                        "tainted": false
                    },
                    "deposed": [],
                    "provider": "provider.aws.us_prd"
                },
                "aws_route53_record.momentum_cassandra.2": {
                    "type": "aws_route53_record",
                    "depends_on": [
                        "aws_instance.momentum_cassandra.*"
                    ],
                    "primary": {
                        "id": "Z2OQJX4SA59BGJ_usprdmomcas103_A",
                        "attributes": {
                            "fqdn": "usprdmomcas103.ncrsmb.com",
                            "health_check_id": "",
                            "id": "Z2OQJX4SA59BGJ_usprdmomcas103_A",
                            "name": "usprdmomcas103",
                            "records.#": "1",
                            "records.3463108992": "10.18.20.232",
                            "set_identifier": "",
                            "ttl": "300",
                            "type": "A",
                            "zone_id": "Z2OQJX4SA59BGJ"
                        },
                        "meta": {
                            "schema_version": "2"
                        },
                        "tainted": false
                    },
                    "deposed": [],
                    "provider": "provider.aws.us_prd"
                },
                "aws_route53_record.momentum_cassandra.3": {
                    "type": "aws_route53_record",
                    "depends_on": [
                        "aws_instance.momentum_cassandra.*"
                    ],
                    "primary": {
                        "id": "Z2OQJX4SA59BGJ_usprdmomcas104_A",
                        "attributes": {
                            "fqdn": "usprdmomcas104.ncrsmb.com",
                            "health_check_id": "",
                            "id": "Z2OQJX4SA59BGJ_usprdmomcas104_A",
                            "name": "usprdmomcas104",
                            "records.#": "1",
                            "records.4047769034": "10.18.18.22",
                            "set_identifier": "",
                            "ttl": "300",
                            "type": "A",
                            "zone_id": "Z2OQJX4SA59BGJ"
                        },
                        "meta": {
                            "schema_version": "2"
                        },
                        "tainted": false
                    },
                    "deposed": [],
                    "provider": "provider.aws.us_prd"
                },
                "aws_route53_record.momentum_cassandra.4": {
                    "type": "aws_route53_record",
                    "depends_on": [
                        "aws_instance.momentum_cassandra.*"
                    ],
                    "primary": {
                        "id": "Z2OQJX4SA59BGJ_usprdmomcas105_A",
                        "attributes": {
                            "fqdn": "usprdmomcas105.ncrsmb.com",
                            "health_check_id": "",
                            "id": "Z2OQJX4SA59BGJ_usprdmomcas105_A",
                            "name": "usprdmomcas105",
                            "records.#": "1",
                            "records.3281702535": "10.18.19.60",
                            "set_identifier": "",
                            "ttl": "300",
                            "type": "A",
                            "zone_id": "Z2OQJX4SA59BGJ"
                        },
                        "meta": {
                            "schema_version": "2"
                        },
                        "tainted": false
                    },
                    "deposed": [],
                    "provider": "provider.aws.us_prd"
                },
                "aws_route53_record.momentum_cassandra.5": {
                    "type": "aws_route53_record",
                    "depends_on": [
                        "aws_instance.momentum_cassandra.*"
                    ],
                    "primary": {
                        "id": "Z2OQJX4SA59BGJ_usprdmomcas106_A",
                        "attributes": {
                            "fqdn": "usprdmomcas106.ncrsmb.com",
                            "health_check_id": "",
                            "id": "Z2OQJX4SA59BGJ_usprdmomcas106_A",
                            "name": "usprdmomcas106",
                            "records.#": "1",
                            "records.4233935618": "10.18.20.212",
                            "set_identifier": "",
                            "ttl": "300",
                            "type": "A",
                            "zone_id": "Z2OQJX4SA59BGJ"
                        },
                        "meta": {
                            "schema_version": "2"
                        },
                        "tainted": false
                    },
                    "deposed": [],
                    "provider": "provider.aws.us_prd"
                },
                "aws_security_group.momentum_cassandra": {
                    "type": "aws_security_group",
                    "depends_on": [],
                    "primary": {
                        "id": "sg-e676f490",
                        "attributes": {
                            "description": "Allow certain ports and IP ranges used to establish connections to the cassandra server",
                            "egress.#": "1",
                            "egress.482069346.cidr_blocks.#": "1",
                            "egress.482069346.cidr_blocks.0": "0.0.0.0/0",
                            "egress.482069346.description": "",
                            "egress.482069346.from_port": "0",
                            "egress.482069346.ipv6_cidr_blocks.#": "0",
                            "egress.482069346.prefix_list_ids.#": "0",
                            "egress.482069346.protocol": "-1",
                            "egress.482069346.security_groups.#": "0",
                            "egress.482069346.self": "false",
                            "egress.482069346.to_port": "0",
                            "id": "sg-e676f490",
                            "ingress.#": "9",
                            "ingress.1711919495.cidr_blocks.#": "6",
                            "ingress.1711919495.cidr_blocks.0": "10.18.14.0/24",
                            "ingress.1711919495.cidr_blocks.1": "10.18.15.0/24",
                            "ingress.1711919495.cidr_blocks.2": "10.18.16.0/24",
                            "ingress.1711919495.cidr_blocks.3": "10.18.18.0/24",
                            "ingress.1711919495.cidr_blocks.4": "10.18.19.0/24",
                            "ingress.1711919495.cidr_blocks.5": "10.18.20.0/24",
                            "ingress.1711919495.description": "",
                            "ingress.1711919495.from_port": "9160",
                            "ingress.1711919495.ipv6_cidr_blocks.#": "0",
                            "ingress.1711919495.protocol": "tcp",
                            "ingress.1711919495.security_groups.#": "0",
                            "ingress.1711919495.self": "false",
                            "ingress.1711919495.to_port": "9160",
                            "ingress.1775727024.cidr_blocks.#": "6",
                            "ingress.1775727024.cidr_blocks.0": "10.18.18.0/24",
                            "ingress.1775727024.cidr_blocks.1": "10.18.19.0/24",
                            "ingress.1775727024.cidr_blocks.2": "10.18.20.0/24",
                            "ingress.1775727024.cidr_blocks.3": "10.18.14.0/24",
                            "ingress.1775727024.cidr_blocks.4": "10.18.15.0/24",
                            "ingress.1775727024.cidr_blocks.5": "10.18.16.0/24",
                            "ingress.1775727024.description": "",
                            "ingress.1775727024.from_port": "7001",
                            "ingress.1775727024.ipv6_cidr_blocks.#": "0",
                            "ingress.1775727024.protocol": "tcp",
                            "ingress.1775727024.security_groups.#": "0",
                            "ingress.1775727024.self": "false",
                            "ingress.1775727024.to_port": "7001",
                            "ingress.179083333.cidr_blocks.#": "1",
                            "ingress.179083333.cidr_blocks.0": "10.0.0.0/8",
                            "ingress.179083333.description": "",
                            "ingress.179083333.from_port": "22",
                            "ingress.179083333.ipv6_cidr_blocks.#": "0",
                            "ingress.179083333.protocol": "tcp",
                            "ingress.179083333.security_groups.#": "0",
                            "ingress.179083333.self": "false",
                            "ingress.179083333.to_port": "22",
                            "ingress.2268566270.cidr_blocks.#": "6",
                            "ingress.2268566270.cidr_blocks.0": "10.18.18.0/24",
                            "ingress.2268566270.cidr_blocks.1": "10.18.19.0/24",
                            "ingress.2268566270.cidr_blocks.2": "10.18.20.0/24",
                            "ingress.2268566270.cidr_blocks.3": "10.18.14.0/24",
                            "ingress.2268566270.cidr_blocks.4": "10.18.15.0/24",
                            "ingress.2268566270.cidr_blocks.5": "10.18.16.0/24",
                            "ingress.2268566270.description": "",
                            "ingress.2268566270.from_port": "7199",
                            "ingress.2268566270.ipv6_cidr_blocks.#": "0",
                            "ingress.2268566270.protocol": "tcp",
                            "ingress.2268566270.security_groups.#": "0",
                            "ingress.2268566270.self": "false",
                            "ingress.2268566270.to_port": "7199",
                            "ingress.2730730150.cidr_blocks.#": "6",
                            "ingress.2730730150.cidr_blocks.0": "10.18.14.0/24",
                            "ingress.2730730150.cidr_blocks.1": "10.18.15.0/24",
                            "ingress.2730730150.cidr_blocks.2": "10.18.16.0/24",
                            "ingress.2730730150.cidr_blocks.3": "10.18.18.0/24",
                            "ingress.2730730150.cidr_blocks.4": "10.18.19.0/24",
                            "ingress.2730730150.cidr_blocks.5": "10.18.20.0/24",
                            "ingress.2730730150.description": "",
                            "ingress.2730730150.from_port": "61621",
                            "ingress.2730730150.ipv6_cidr_blocks.#": "0",
                            "ingress.2730730150.protocol": "tcp",
                            "ingress.2730730150.security_groups.#": "0",
                            "ingress.2730730150.self": "false",
                            "ingress.2730730150.to_port": "61621",
                            "ingress.3408775465.cidr_blocks.#": "6",
                            "ingress.3408775465.cidr_blocks.0": "10.18.14.0/24",
                            "ingress.3408775465.cidr_blocks.1": "10.18.15.0/24",
                            "ingress.3408775465.cidr_blocks.2": "10.18.16.0/24",
                            "ingress.3408775465.cidr_blocks.3": "10.18.18.0/24",
                            "ingress.3408775465.cidr_blocks.4": "10.18.19.0/24",
                            "ingress.3408775465.cidr_blocks.5": "10.18.20.0/24",
                            "ingress.3408775465.description": "",
                            "ingress.3408775465.from_port": "61620",
                            "ingress.3408775465.ipv6_cidr_blocks.#": "0",
                            "ingress.3408775465.protocol": "tcp",
                            "ingress.3408775465.security_groups.#": "0",
                            "ingress.3408775465.self": "false",
                            "ingress.3408775465.to_port": "61620",
                            "ingress.4062394835.cidr_blocks.#": "6",
                            "ingress.4062394835.cidr_blocks.0": "10.18.14.0/24",
                            "ingress.4062394835.cidr_blocks.1": "10.18.15.0/24",
                            "ingress.4062394835.cidr_blocks.2": "10.18.16.0/24",
                            "ingress.4062394835.cidr_blocks.3": "10.18.18.0/24",
                            "ingress.4062394835.cidr_blocks.4": "10.18.19.0/24",
                            "ingress.4062394835.cidr_blocks.5": "10.18.20.0/24",
                            "ingress.4062394835.description": "",
                            "ingress.4062394835.from_port": "8888",
                            "ingress.4062394835.ipv6_cidr_blocks.#": "0",
                            "ingress.4062394835.protocol": "tcp",
                            "ingress.4062394835.security_groups.#": "0",
                            "ingress.4062394835.self": "false",
                            "ingress.4062394835.to_port": "8888",
                            "ingress.4199016984.cidr_blocks.#": "6",
                            "ingress.4199016984.cidr_blocks.0": "10.18.18.0/24",
                            "ingress.4199016984.cidr_blocks.1": "10.18.19.0/24",
                            "ingress.4199016984.cidr_blocks.2": "10.18.20.0/24",
                            "ingress.4199016984.cidr_blocks.3": "10.18.14.0/24",
                            "ingress.4199016984.cidr_blocks.4": "10.18.15.0/24",
                            "ingress.4199016984.cidr_blocks.5": "10.18.16.0/24",
                            "ingress.4199016984.description": "",
                            "ingress.4199016984.from_port": "9042",
                            "ingress.4199016984.ipv6_cidr_blocks.#": "0",
                            "ingress.4199016984.protocol": "tcp",
                            "ingress.4199016984.security_groups.#": "0",
                            "ingress.4199016984.self": "false",
                            "ingress.4199016984.to_port": "9042",
                            "ingress.941263949.cidr_blocks.#": "6",
                            "ingress.941263949.cidr_blocks.0": "10.18.18.0/24",
                            "ingress.941263949.cidr_blocks.1": "10.18.19.0/24",
                            "ingress.941263949.cidr_blocks.2": "10.18.20.0/24",
                            "ingress.941263949.cidr_blocks.3": "10.18.14.0/24",
                            "ingress.941263949.cidr_blocks.4": "10.18.15.0/24",
                            "ingress.941263949.cidr_blocks.5": "10.18.16.0/24",
                            "ingress.941263949.description": "",
                            "ingress.941263949.from_port": "7000",
                            "ingress.941263949.ipv6_cidr_blocks.#": "0",
                            "ingress.941263949.protocol": "tcp",
                            "ingress.941263949.security_groups.#": "0",
                            "ingress.941263949.self": "false",
                            "ingress.941263949.to_port": "7000",
                            "name": "USPRDMOMCAS1",
                            "owner_id": "048485690753",
                            "tags.%": "1",
                            "tags.Name": "USPRDMOMCAS1",
                            "vpc_id": "vpc-2ada7f4d"
                        },
                        "meta": {},
                        "tainted": false
                    },
                    "deposed": [],
                    "provider": "provider.aws.aws"
                },
                "aws_security_group_rule.cassandra_allow_app_ports_ingress.0": {
                    "type": "aws_security_group_rule",
                    "depends_on": [
                        "aws_security_group.momentum_cassandra"
                    ],
                    "primary": {
                        "id": "sgrule-4113164570",
                        "attributes": {
                            "cidr_blocks.#": "3",
                            "cidr_blocks.0": "10.18.14.0/24",
                            "cidr_blocks.1": "10.18.15.0/24",
                            "cidr_blocks.2": "10.18.16.0/24",
                            "description": "",
                            "from_port": "61621",
                            "id": "sgrule-4113164570",
                            "ipv6_cidr_blocks.#": "0",
                            "prefix_list_ids.#": "0",
                            "protocol": "tcp",
                            "security_group_id": "sg-e676f490",
                            "self": "false",
                            "to_port": "61621",
                            "type": "ingress"
                        },
                        "meta": {
                            "schema_version": "2"
                        },
                        "tainted": false
                    },
                    "deposed": [],
                    "provider": "provider.aws.aws"
                },
                "aws_security_group_rule.cassandra_allow_app_ports_ingress.1": {
                    "type": "aws_security_group_rule",
                    "depends_on": [
                        "aws_security_group.momentum_cassandra"
                    ],
                    "primary": {
                        "id": "sgrule-1588009661",
                        "attributes": {
                            "cidr_blocks.#": "3",
                            "cidr_blocks.0": "10.18.14.0/24",
                            "cidr_blocks.1": "10.18.15.0/24",
                            "cidr_blocks.2": "10.18.16.0/24",
                            "description": "",
                            "from_port": "61620",
                            "id": "sgrule-1588009661",
                            "ipv6_cidr_blocks.#": "0",
                            "prefix_list_ids.#": "0",
                            "protocol": "tcp",
                            "security_group_id": "sg-e676f490",
                            "self": "false",
                            "to_port": "61620",
                            "type": "ingress"
                        },
                        "meta": {
                            "schema_version": "2"
                        },
                        "tainted": false
                    },
                    "deposed": [],
                    "provider": "provider.aws.aws"
                },
                "aws_security_group_rule.cassandra_allow_app_ports_ingress.2": {
                    "type": "aws_security_group_rule",
                    "depends_on": [
                        "aws_security_group.momentum_cassandra"
                    ],
                    "primary": {
                        "id": "sgrule-3205233126",
                        "attributes": {
                            "cidr_blocks.#": "3",
                            "cidr_blocks.0": "10.18.14.0/24",
                            "cidr_blocks.1": "10.18.15.0/24",
                            "cidr_blocks.2": "10.18.16.0/24",
                            "description": "",
                            "from_port": "8888",
                            "id": "sgrule-3205233126",
                            "ipv6_cidr_blocks.#": "0",
                            "prefix_list_ids.#": "0",
                            "protocol": "tcp",
                            "security_group_id": "sg-e676f490",
                            "self": "false",
                            "to_port": "8888",
                            "type": "ingress"
                        },
                        "meta": {
                            "schema_version": "2"
                        },
                        "tainted": false
                    },
                    "deposed": [],
                    "provider": "provider.aws.aws"
                },
                "aws_security_group_rule.cassandra_allow_app_ports_ingress.3": {
                    "type": "aws_security_group_rule",
                    "depends_on": [
                        "aws_security_group.momentum_cassandra"
                    ],
                    "primary": {
                        "id": "sgrule-765928160",
                        "attributes": {
                            "cidr_blocks.#": "3",
                            "cidr_blocks.0": "10.18.14.0/24",
                            "cidr_blocks.1": "10.18.15.0/24",
                            "cidr_blocks.2": "10.18.16.0/24",
                            "description": "",
                            "from_port": "7000",
                            "id": "sgrule-765928160",
                            "ipv6_cidr_blocks.#": "0",
                            "prefix_list_ids.#": "0",
                            "protocol": "tcp",
                            "security_group_id": "sg-e676f490",
                            "self": "false",
                            "to_port": "7000",
                            "type": "ingress"
                        },
                        "meta": {
                            "schema_version": "2"
                        },
                        "tainted": false
                    },
                    "deposed": [],
                    "provider": "provider.aws.aws"
                },
                "aws_security_group_rule.cassandra_allow_app_ports_ingress.4": {
                    "type": "aws_security_group_rule",
                    "depends_on": [
                        "aws_security_group.momentum_cassandra"
                    ],
                    "primary": {
                        "id": "sgrule-1308589064",
                        "attributes": {
                            "cidr_blocks.#": "3",
                            "cidr_blocks.0": "10.18.14.0/24",
                            "cidr_blocks.1": "10.18.15.0/24",
                            "cidr_blocks.2": "10.18.16.0/24",
                            "description": "",
                            "from_port": "7001",
                            "id": "sgrule-1308589064",
                            "ipv6_cidr_blocks.#": "0",
                            "prefix_list_ids.#": "0",
                            "protocol": "tcp",
                            "security_group_id": "sg-e676f490",
                            "self": "false",
                            "to_port": "7001",
                            "type": "ingress"
                        },
                        "meta": {
                            "schema_version": "2"
                        },
                        "tainted": false
                    },
                    "deposed": [],
                    "provider": "provider.aws.aws"
                },
                "aws_security_group_rule.cassandra_allow_app_ports_ingress.5": {
                    "type": "aws_security_group_rule",
                    "depends_on": [
                        "aws_security_group.momentum_cassandra"
                    ],
                    "primary": {
                        "id": "sgrule-952390646",
                        "attributes": {
                            "cidr_blocks.#": "3",
                            "cidr_blocks.0": "10.18.14.0/24",
                            "cidr_blocks.1": "10.18.15.0/24",
                            "cidr_blocks.2": "10.18.16.0/24",
                            "description": "",
                            "from_port": "7199",
                            "id": "sgrule-952390646",
                            "ipv6_cidr_blocks.#": "0",
                            "prefix_list_ids.#": "0",
                            "protocol": "tcp",
                            "security_group_id": "sg-e676f490",
                            "self": "false",
                            "to_port": "7199",
                            "type": "ingress"
                        },
                        "meta": {
                            "schema_version": "2"
                        },
                        "tainted": false
                    },
                    "deposed": [],
                    "provider": "provider.aws.aws"
                },
                "aws_security_group_rule.cassandra_allow_app_ports_ingress.6": {
                    "type": "aws_security_group_rule",
                    "depends_on": [
                        "aws_security_group.momentum_cassandra"
                    ],
                    "primary": {
                        "id": "sgrule-1556675612",
                        "attributes": {
                            "cidr_blocks.#": "3",
                            "cidr_blocks.0": "10.18.14.0/24",
                            "cidr_blocks.1": "10.18.15.0/24",
                            "cidr_blocks.2": "10.18.16.0/24",
                            "description": "",
                            "from_port": "9042",
                            "id": "sgrule-1556675612",
                            "ipv6_cidr_blocks.#": "0",
                            "prefix_list_ids.#": "0",
                            "protocol": "tcp",
                            "security_group_id": "sg-e676f490",
                            "self": "false",
                            "to_port": "9042",
                            "type": "ingress"
                        },
                        "meta": {
                            "schema_version": "2"
                        },
                        "tainted": false
                    },
                    "deposed": [],
                    "provider": "provider.aws.aws"
                },
                "aws_security_group_rule.cassandra_allow_app_ports_ingress.7": {
                    "type": "aws_security_group_rule",
                    "depends_on": [
                        "aws_security_group.momentum_cassandra"
                    ],
                    "primary": {
                        "id": "sgrule-2049770",
                        "attributes": {
                            "cidr_blocks.#": "3",
                            "cidr_blocks.0": "10.18.14.0/24",
                            "cidr_blocks.1": "10.18.15.0/24",
                            "cidr_blocks.2": "10.18.16.0/24",
                            "description": "",
                            "from_port": "9160",
                            "id": "sgrule-2049770",
                            "ipv6_cidr_blocks.#": "0",
                            "prefix_list_ids.#": "0",
                            "protocol": "tcp",
                            "security_group_id": "sg-e676f490",
                            "self": "false",
                            "to_port": "9160",
                            "type": "ingress"
                        },
                        "meta": {
                            "schema_version": "2"
                        },
                        "tainted": false
                    },
                    "deposed": [],
                    "provider": "provider.aws.aws"
                },
                "aws_security_group_rule.cassandra_allow_db_ports_ingress.0": {
                    "type": "aws_security_group_rule",
                    "depends_on": [
                        "aws_security_group.momentum_cassandra"
                    ],
                    "primary": {
                        "id": "sgrule-1839342761",
                        "attributes": {
                            "cidr_blocks.#": "3",
                            "cidr_blocks.0": "10.18.18.0/24",
                            "cidr_blocks.1": "10.18.19.0/24",
                            "cidr_blocks.2": "10.18.20.0/24",
                            "description": "",
                            "from_port": "61621",
                            "id": "sgrule-1839342761",
                            "ipv6_cidr_blocks.#": "0",
                            "prefix_list_ids.#": "0",
                            "protocol": "tcp",
                            "security_group_id": "sg-e676f490",
                            "self": "false",
                            "to_port": "61621",
                            "type": "ingress"
                        },
                        "meta": {
                            "schema_version": "2"
                        },
                        "tainted": false
                    },
                    "deposed": [],
                    "provider": "provider.aws.aws"
                },
                "aws_security_group_rule.cassandra_allow_db_ports_ingress.1": {
                    "type": "aws_security_group_rule",
                    "depends_on": [
                        "aws_security_group.momentum_cassandra"
                    ],
                    "primary": {
                        "id": "sgrule-3324827406",
                        "attributes": {
                            "cidr_blocks.#": "3",
                            "cidr_blocks.0": "10.18.18.0/24",
                            "cidr_blocks.1": "10.18.19.0/24",
                            "cidr_blocks.2": "10.18.20.0/24",
                            "description": "",
                            "from_port": "61620",
                            "id": "sgrule-3324827406",
                            "ipv6_cidr_blocks.#": "0",
                            "prefix_list_ids.#": "0",
                            "protocol": "tcp",
                            "security_group_id": "sg-e676f490",
                            "self": "false",
                            "to_port": "61620",
                            "type": "ingress"
                        },
                        "meta": {
                            "schema_version": "2"
                        },
                        "tainted": false
                    },
                    "deposed": [],
                    "provider": "provider.aws.aws"
                },
                "aws_security_group_rule.cassandra_allow_db_ports_ingress.2": {
                    "type": "aws_security_group_rule",
                    "depends_on": [
                        "aws_security_group.momentum_cassandra"
                    ],
                    "primary": {
                        "id": "sgrule-662713429",
                        "attributes": {
                            "cidr_blocks.#": "3",
                            "cidr_blocks.0": "10.18.18.0/24",
                            "cidr_blocks.1": "10.18.19.0/24",
                            "cidr_blocks.2": "10.18.20.0/24",
                            "description": "",
                            "from_port": "8888",
                            "id": "sgrule-662713429",
                            "ipv6_cidr_blocks.#": "0",
                            "prefix_list_ids.#": "0",
                            "protocol": "tcp",
                            "security_group_id": "sg-e676f490",
                            "self": "false",
                            "to_port": "8888",
                            "type": "ingress"
                        },
                        "meta": {
                            "schema_version": "2"
                        },
                        "tainted": false
                    },
                    "deposed": [],
                    "provider": "provider.aws.aws"
                },
                "aws_security_group_rule.cassandra_allow_db_ports_ingress.3": {
                    "type": "aws_security_group_rule",
                    "depends_on": [
                        "aws_security_group.momentum_cassandra"
                    ],
                    "primary": {
                        "id": "sgrule-3039620947",
                        "attributes": {
                            "cidr_blocks.#": "3",
                            "cidr_blocks.0": "10.18.18.0/24",
                            "cidr_blocks.1": "10.18.19.0/24",
                            "cidr_blocks.2": "10.18.20.0/24",
                            "description": "",
                            "from_port": "7000",
                            "id": "sgrule-3039620947",
                            "ipv6_cidr_blocks.#": "0",
                            "prefix_list_ids.#": "0",
                            "protocol": "tcp",
                            "security_group_id": "sg-e676f490",
                            "self": "false",
                            "to_port": "7000",
                            "type": "ingress"
                        },
                        "meta": {
                            "schema_version": "2"
                        },
                        "tainted": false
                    },
                    "deposed": [],
                    "provider": "provider.aws.aws"
                },
                "aws_security_group_rule.cassandra_allow_db_ports_ingress.4": {
                    "type": "aws_security_group_rule",
                    "depends_on": [
                        "aws_security_group.momentum_cassandra"
                    ],
                    "primary": {
                        "id": "sgrule-3581194683",
                        "attributes": {
                            "cidr_blocks.#": "3",
                            "cidr_blocks.0": "10.18.18.0/24",
                            "cidr_blocks.1": "10.18.19.0/24",
                            "cidr_blocks.2": "10.18.20.0/24",
                            "description": "",
                            "from_port": "7001",
                            "id": "sgrule-3581194683",
                            "ipv6_cidr_blocks.#": "0",
                            "prefix_list_ids.#": "0",
                            "protocol": "tcp",
                            "security_group_id": "sg-e676f490",
                            "self": "false",
                            "to_port": "7001",
                            "type": "ingress"
                        },
                        "meta": {
                            "schema_version": "2"
                        },
                        "tainted": false
                    },
                    "deposed": [],
                    "provider": "provider.aws.aws"
                },
                "aws_security_group_rule.cassandra_allow_db_ports_ingress.5": {
                    "type": "aws_security_group_rule",
                    "depends_on": [
                        "aws_security_group.momentum_cassandra"
                    ],
                    "primary": {
                        "id": "sgrule-2689572421",
                        "attributes": {
                            "cidr_blocks.#": "3",
                            "cidr_blocks.0": "10.18.18.0/24",
                            "cidr_blocks.1": "10.18.19.0/24",
                            "cidr_blocks.2": "10.18.20.0/24",
                            "description": "",
                            "from_port": "7199",
                            "id": "sgrule-2689572421",
                            "ipv6_cidr_blocks.#": "0",
                            "prefix_list_ids.#": "0",
                            "protocol": "tcp",
                            "security_group_id": "sg-e676f490",
                            "self": "false",
                            "to_port": "7199",
                            "type": "ingress"
                        },
                        "meta": {
                            "schema_version": "2"
                        },
                        "tainted": false
                    },
                    "deposed": [],
                    "provider": "provider.aws.aws"
                },
                "aws_security_group_rule.cassandra_allow_db_ports_ingress.6": {
                    "type": "aws_security_group_rule",
                    "depends_on": [
                        "aws_security_group.momentum_cassandra"
                    ],
                    "primary": {
                        "id": "sgrule-3292737967",
                        "attributes": {
                            "cidr_blocks.#": "3",
                            "cidr_blocks.0": "10.18.18.0/24",
                            "cidr_blocks.1": "10.18.19.0/24",
                            "cidr_blocks.2": "10.18.20.0/24",
                            "description": "",
                            "from_port": "9042",
                            "id": "sgrule-3292737967",
                            "ipv6_cidr_blocks.#": "0",
                            "prefix_list_ids.#": "0",
                            "protocol": "tcp",
                            "security_group_id": "sg-e676f490",
                            "self": "false",
                            "to_port": "9042",
                            "type": "ingress"
                        },
                        "meta": {
                            "schema_version": "2"
                        },
                        "tainted": false
                    },
                    "deposed": [],
                    "provider": "provider.aws.aws"
                },
                "aws_security_group_rule.cassandra_allow_db_ports_ingress.7": {
                    "type": "aws_security_group_rule",
                    "depends_on": [
                        "aws_security_group.momentum_cassandra"
                    ],
                    "primary": {
                        "id": "sgrule-2559871833",
                        "attributes": {
                            "cidr_blocks.#": "3",
                            "cidr_blocks.0": "10.18.18.0/24",
                            "cidr_blocks.1": "10.18.19.0/24",
                            "cidr_blocks.2": "10.18.20.0/24",
                            "description": "",
                            "from_port": "9160",
                            "id": "sgrule-2559871833",
                            "ipv6_cidr_blocks.#": "0",
                            "prefix_list_ids.#": "0",
                            "protocol": "tcp",
                            "security_group_id": "sg-e676f490",
                            "self": "false",
                            "to_port": "9160",
                            "type": "ingress"
                        },
                        "meta": {
                            "schema_version": "2"
                        },
                        "tainted": false
                    },
                    "deposed": [],
                    "provider": "provider.aws.aws"
                },
                "aws_security_group_rule.cassandra_allow_egress": {
                    "type": "aws_security_group_rule",
                    "depends_on": [
                        "aws_security_group.momentum_cassandra"
                    ],
                    "primary": {
                        "id": "sgrule-700029693",
                        "attributes": {
                            "cidr_blocks.#": "1",
                            "cidr_blocks.0": "0.0.0.0/0",
                            "description": "",
                            "from_port": "0",
                            "id": "sgrule-700029693",
                            "ipv6_cidr_blocks.#": "0",
                            "prefix_list_ids.#": "0",
                            "protocol": "-1",
                            "security_group_id": "sg-e676f490",
                            "self": "false",
                            "to_port": "0",
                            "type": "egress"
                        },
                        "meta": {
                            "schema_version": "2"
                        },
                        "tainted": false
                    },
                    "deposed": [],
                    "provider": "provider.aws.aws"
                },
                "aws_security_group_rule.cassandra_allow_ssh_ingress": {
                    "type": "aws_security_group_rule",
                    "depends_on": [
                        "aws_security_group.momentum_cassandra"
                    ],
                    "primary": {
                        "id": "sgrule-3718626005",
                        "attributes": {
                            "cidr_blocks.#": "1",
                            "cidr_blocks.0": "10.0.0.0/8",
                            "description": "",
                            "from_port": "22",
                            "id": "sgrule-3718626005",
                            "ipv6_cidr_blocks.#": "0",
                            "prefix_list_ids.#": "0",
                            "protocol": "tcp",
                            "security_group_id": "sg-e676f490",
                            "self": "false",
                            "to_port": "22",
                            "type": "ingress"
                        },
                        "meta": {
                            "schema_version": "2"
                        },
                        "tainted": false
                    },
                    "deposed": [],
                    "provider": "provider.aws.aws"
                },
                "data.template_file.momentum_cassandra.0": {
                    "type": "template_file",
                    "depends_on": [],
                    "primary": {
                        "id": "f1171974ebb0b04a6aa175c4fffa9812c869a9b0f3ce3f9ce32a3d60965f6a8a",
                        "attributes": {
                            "id": "f1171974ebb0b04a6aa175c4fffa9812c869a9b0f3ce3f9ce32a3d60965f6a8a",
                            "rendered": "#!/bin/bash\n\n# update hostname\n#hostname USPRDMOMCAS101.`echo SILVER.NCRSMB.COM | awk '{ print toupper($0)}'`\n#sed -i 's/.*/USPRDMOMCAS101/g' /etc/hostname\n\n#update hostsfile\n#sudo sed -i \"/127\\.0\\.0\\.1/a `ip route get 1 |awk '{print $NF;exit}'` USPRDMOMCAS101\\.SILVER.NCRSMB.COM USPRDMOMCAS101\" /etc/hosts\n\nsudo apt-get update\nsudo apt-get -y install python python-apt\n#sudo apt-get -y install sssd realmd krb5-user samba-common packagekit adcli\n\nmkfs.ext4 /dev/nvme1n1\n/sbin/e2label /dev/nvme1n1 data\n\necho -e 'LABEL=data\\t/data\\text4\\tdefaults\\t0 0' \u003e\u003e /etc/fstab\n\nmkdir /data\nmount -a\n\n#enable password authentication with ssh\n#sudo sed -i 's/^Password.*$/PasswordAuthentication yes/g' /etc/ssh/sshd_config \u0026\u0026 sudo systemctl reload ssh\n\n# enable dynamic dns updates\n#sudo sed -i '$ a dyndns_update = True' /etc/sssd/sssd.conf\n\n#Join domain\n#sudo echo 'w1N*7#Egsq' | realm --verbose join -U 'qlid'@`echo SILVER.NCRSMB.COM | awk '{ print toupper($0)}'` `echo SILVER.NCRSMB.COM | awk '{ print toupper($0)}'`\n",
                            "template": "#!/bin/bash\n\n# update hostname\n#hostname ${hostname}.`echo ${domain} | awk '{ print toupper($0)}'`\n#sed -i 's/.*/${hostname}/g' /etc/hostname\n\n#update hostsfile\n#sudo sed -i \"/127\\.0\\.0\\.1/a `ip route get 1 |awk '{print $NF;exit}'` ${hostname}\\.${domain} ${hostname}\" /etc/hosts\n\nsudo apt-get update\nsudo apt-get -y install python python-apt\n#sudo apt-get -y install sssd realmd krb5-user samba-common packagekit adcli\n\nmkfs.ext4 /dev/${device}\n/sbin/e2label /dev/${device} ${label}\n\necho -e 'LABEL=${label}\\t/data\\text4\\tdefaults\\t0 0' \u003e\u003e /etc/fstab\n\nmkdir /data\nmount -a\n\n#enable password authentication with ssh\n#sudo sed -i 's/^Password.*$/PasswordAuthentication yes/g' /etc/ssh/sshd_config \u0026\u0026 sudo systemctl reload ssh\n\n# enable dynamic dns updates\n#sudo sed -i '$ a dyndns_update = True' /etc/sssd/sssd.conf\n\n#Join domain\n#sudo echo '${domain_pass}' | realm --verbose join -U '${domain_user}'@`echo ${domain} | awk '{ print toupper($0)}'` `echo ${domain} | awk '{ print toupper($0)}'`\n",
                            "vars.%": "6",
                            "vars.device": "nvme1n1",
                            "vars.domain": "SILVER.NCRSMB.COM",
                            "vars.domain_pass": "w1N*7#Egsq",
                            "vars.domain_user": "qlid",
                            "vars.hostname": "USPRDMOMCAS101",
                            "vars.label": "data"
                        },
                        "meta": {},
                        "tainted": false
                    },
                    "deposed": [],
                    "provider": "provider.template"
                },
                "data.template_file.momentum_cassandra.1": {
                    "type": "template_file",
                    "depends_on": [],
                    "primary": {
                        "id": "e206fd803d1a89181233340996c0173cfc078381a1ea61dc836595a67107495c",
                        "attributes": {
                            "id": "e206fd803d1a89181233340996c0173cfc078381a1ea61dc836595a67107495c",
                            "rendered": "#!/bin/bash\n\n# update hostname\n#hostname USPRDMOMCAS102.`echo SILVER.NCRSMB.COM | awk '{ print toupper($0)}'`\n#sed -i 's/.*/USPRDMOMCAS102/g' /etc/hostname\n\n#update hostsfile\n#sudo sed -i \"/127\\.0\\.0\\.1/a `ip route get 1 |awk '{print $NF;exit}'` USPRDMOMCAS102\\.SILVER.NCRSMB.COM USPRDMOMCAS102\" /etc/hosts\n\nsudo apt-get update\nsudo apt-get -y install python python-apt\n#sudo apt-get -y install sssd realmd krb5-user samba-common packagekit adcli\n\nmkfs.ext4 /dev/nvme1n1\n/sbin/e2label /dev/nvme1n1 data\n\necho -e 'LABEL=data\\t/data\\text4\\tdefaults\\t0 0' \u003e\u003e /etc/fstab\n\nmkdir /data\nmount -a\n\n#enable password authentication with ssh\n#sudo sed -i 's/^Password.*$/PasswordAuthentication yes/g' /etc/ssh/sshd_config \u0026\u0026 sudo systemctl reload ssh\n\n# enable dynamic dns updates\n#sudo sed -i '$ a dyndns_update = True' /etc/sssd/sssd.conf\n\n#Join domain\n#sudo echo 'w1N*7#Egsq' | realm --verbose join -U 'qlid'@`echo SILVER.NCRSMB.COM | awk '{ print toupper($0)}'` `echo SILVER.NCRSMB.COM | awk '{ print toupper($0)}'`\n",
                            "template": "#!/bin/bash\n\n# update hostname\n#hostname ${hostname}.`echo ${domain} | awk '{ print toupper($0)}'`\n#sed -i 's/.*/${hostname}/g' /etc/hostname\n\n#update hostsfile\n#sudo sed -i \"/127\\.0\\.0\\.1/a `ip route get 1 |awk '{print $NF;exit}'` ${hostname}\\.${domain} ${hostname}\" /etc/hosts\n\nsudo apt-get update\nsudo apt-get -y install python python-apt\n#sudo apt-get -y install sssd realmd krb5-user samba-common packagekit adcli\n\nmkfs.ext4 /dev/${device}\n/sbin/e2label /dev/${device} ${label}\n\necho -e 'LABEL=${label}\\t/data\\text4\\tdefaults\\t0 0' \u003e\u003e /etc/fstab\n\nmkdir /data\nmount -a\n\n#enable password authentication with ssh\n#sudo sed -i 's/^Password.*$/PasswordAuthentication yes/g' /etc/ssh/sshd_config \u0026\u0026 sudo systemctl reload ssh\n\n# enable dynamic dns updates\n#sudo sed -i '$ a dyndns_update = True' /etc/sssd/sssd.conf\n\n#Join domain\n#sudo echo '${domain_pass}' | realm --verbose join -U '${domain_user}'@`echo ${domain} | awk '{ print toupper($0)}'` `echo ${domain} | awk '{ print toupper($0)}'`\n",
                            "vars.%": "6",
                            "vars.device": "nvme1n1",
                            "vars.domain": "SILVER.NCRSMB.COM",
                            "vars.domain_pass": "w1N*7#Egsq",
                            "vars.domain_user": "qlid",
                            "vars.hostname": "USPRDMOMCAS102",
                            "vars.label": "data"
                        },
                        "meta": {},
                        "tainted": false
                    },
                    "deposed": [],
                    "provider": "provider.template"
                },
                "data.template_file.momentum_cassandra.2": {
                    "type": "template_file",
                    "depends_on": [],
                    "primary": {
                        "id": "60f862d9dd08ef57be4b41f8fe0c23178f70fe70f89c6cf03b0301c791c94696",
                        "attributes": {
                            "id": "60f862d9dd08ef57be4b41f8fe0c23178f70fe70f89c6cf03b0301c791c94696",
                            "rendered": "#!/bin/bash\n\n# update hostname\n#hostname USPRDMOMCAS103.`echo SILVER.NCRSMB.COM | awk '{ print toupper($0)}'`\n#sed -i 's/.*/USPRDMOMCAS103/g' /etc/hostname\n\n#update hostsfile\n#sudo sed -i \"/127\\.0\\.0\\.1/a `ip route get 1 |awk '{print $NF;exit}'` USPRDMOMCAS103\\.SILVER.NCRSMB.COM USPRDMOMCAS103\" /etc/hosts\n\nsudo apt-get update\nsudo apt-get -y install python python-apt\n#sudo apt-get -y install sssd realmd krb5-user samba-common packagekit adcli\n\nmkfs.ext4 /dev/nvme1n1\n/sbin/e2label /dev/nvme1n1 data\n\necho -e 'LABEL=data\\t/data\\text4\\tdefaults\\t0 0' \u003e\u003e /etc/fstab\n\nmkdir /data\nmount -a\n\n#enable password authentication with ssh\n#sudo sed -i 's/^Password.*$/PasswordAuthentication yes/g' /etc/ssh/sshd_config \u0026\u0026 sudo systemctl reload ssh\n\n# enable dynamic dns updates\n#sudo sed -i '$ a dyndns_update = True' /etc/sssd/sssd.conf\n\n#Join domain\n#sudo echo 'w1N*7#Egsq' | realm --verbose join -U 'qlid'@`echo SILVER.NCRSMB.COM | awk '{ print toupper($0)}'` `echo SILVER.NCRSMB.COM | awk '{ print toupper($0)}'`\n",
                            "template": "#!/bin/bash\n\n# update hostname\n#hostname ${hostname}.`echo ${domain} | awk '{ print toupper($0)}'`\n#sed -i 's/.*/${hostname}/g' /etc/hostname\n\n#update hostsfile\n#sudo sed -i \"/127\\.0\\.0\\.1/a `ip route get 1 |awk '{print $NF;exit}'` ${hostname}\\.${domain} ${hostname}\" /etc/hosts\n\nsudo apt-get update\nsudo apt-get -y install python python-apt\n#sudo apt-get -y install sssd realmd krb5-user samba-common packagekit adcli\n\nmkfs.ext4 /dev/${device}\n/sbin/e2label /dev/${device} ${label}\n\necho -e 'LABEL=${label}\\t/data\\text4\\tdefaults\\t0 0' \u003e\u003e /etc/fstab\n\nmkdir /data\nmount -a\n\n#enable password authentication with ssh\n#sudo sed -i 's/^Password.*$/PasswordAuthentication yes/g' /etc/ssh/sshd_config \u0026\u0026 sudo systemctl reload ssh\n\n# enable dynamic dns updates\n#sudo sed -i '$ a dyndns_update = True' /etc/sssd/sssd.conf\n\n#Join domain\n#sudo echo '${domain_pass}' | realm --verbose join -U '${domain_user}'@`echo ${domain} | awk '{ print toupper($0)}'` `echo ${domain} | awk '{ print toupper($0)}'`\n",
                            "vars.%": "6",
                            "vars.device": "nvme1n1",
                            "vars.domain": "SILVER.NCRSMB.COM",
                            "vars.domain_pass": "w1N*7#Egsq",
                            "vars.domain_user": "qlid",
                            "vars.hostname": "USPRDMOMCAS103",
                            "vars.label": "data"
                        },
                        "meta": {},
                        "tainted": false
                    },
                    "deposed": [],
                    "provider": "provider.template"
                },
                "data.template_file.momentum_cassandra.3": {
                    "type": "template_file",
                    "depends_on": [],
                    "primary": {
                        "id": "6b93a27a23af15c77fb3c68ef9e54eef7074da0e2670a9f2d65b634ee995009f",
                        "attributes": {
                            "id": "6b93a27a23af15c77fb3c68ef9e54eef7074da0e2670a9f2d65b634ee995009f",
                            "rendered": "#!/bin/bash\n\n# update hostname\n#hostname USPRDMOMCAS104.`echo SILVER.NCRSMB.COM | awk '{ print toupper($0)}'`\n#sed -i 's/.*/USPRDMOMCAS104/g' /etc/hostname\n\n#update hostsfile\n#sudo sed -i \"/127\\.0\\.0\\.1/a `ip route get 1 |awk '{print $NF;exit}'` USPRDMOMCAS104\\.SILVER.NCRSMB.COM USPRDMOMCAS104\" /etc/hosts\n\nsudo apt-get update\nsudo apt-get -y install python python-apt\n#sudo apt-get -y install sssd realmd krb5-user samba-common packagekit adcli\n\nmkfs.ext4 /dev/nvme1n1\n/sbin/e2label /dev/nvme1n1 data\n\necho -e 'LABEL=data\\t/data\\text4\\tdefaults\\t0 0' \u003e\u003e /etc/fstab\n\nmkdir /data\nmount -a\n\n#enable password authentication with ssh\n#sudo sed -i 's/^Password.*$/PasswordAuthentication yes/g' /etc/ssh/sshd_config \u0026\u0026 sudo systemctl reload ssh\n\n# enable dynamic dns updates\n#sudo sed -i '$ a dyndns_update = True' /etc/sssd/sssd.conf\n\n#Join domain\n#sudo echo 'w1N*7#Egsq' | realm --verbose join -U 'qlid'@`echo SILVER.NCRSMB.COM | awk '{ print toupper($0)}'` `echo SILVER.NCRSMB.COM | awk '{ print toupper($0)}'`\n",
                            "template": "#!/bin/bash\n\n# update hostname\n#hostname ${hostname}.`echo ${domain} | awk '{ print toupper($0)}'`\n#sed -i 's/.*/${hostname}/g' /etc/hostname\n\n#update hostsfile\n#sudo sed -i \"/127\\.0\\.0\\.1/a `ip route get 1 |awk '{print $NF;exit}'` ${hostname}\\.${domain} ${hostname}\" /etc/hosts\n\nsudo apt-get update\nsudo apt-get -y install python python-apt\n#sudo apt-get -y install sssd realmd krb5-user samba-common packagekit adcli\n\nmkfs.ext4 /dev/${device}\n/sbin/e2label /dev/${device} ${label}\n\necho -e 'LABEL=${label}\\t/data\\text4\\tdefaults\\t0 0' \u003e\u003e /etc/fstab\n\nmkdir /data\nmount -a\n\n#enable password authentication with ssh\n#sudo sed -i 's/^Password.*$/PasswordAuthentication yes/g' /etc/ssh/sshd_config \u0026\u0026 sudo systemctl reload ssh\n\n# enable dynamic dns updates\n#sudo sed -i '$ a dyndns_update = True' /etc/sssd/sssd.conf\n\n#Join domain\n#sudo echo '${domain_pass}' | realm --verbose join -U '${domain_user}'@`echo ${domain} | awk '{ print toupper($0)}'` `echo ${domain} | awk '{ print toupper($0)}'`\n",
                            "vars.%": "6",
                            "vars.device": "nvme1n1",
                            "vars.domain": "SILVER.NCRSMB.COM",
                            "vars.domain_pass": "w1N*7#Egsq",
                            "vars.domain_user": "qlid",
                            "vars.hostname": "USPRDMOMCAS104",
                            "vars.label": "data"
                        },
                        "meta": {},
                        "tainted": false
                    },
                    "deposed": [],
                    "provider": "provider.template"
                },
                "data.template_file.momentum_cassandra.4": {
                    "type": "template_file",
                    "depends_on": [],
                    "primary": {
                        "id": "1bf3fcc63ec62e059ed669d0cd2a9bd7824e2647d91ca9d3d335a148ff39364e",
                        "attributes": {
                            "id": "1bf3fcc63ec62e059ed669d0cd2a9bd7824e2647d91ca9d3d335a148ff39364e",
                            "rendered": "#!/bin/bash\n\n# update hostname\n#hostname USPRDMOMCAS105.`echo SILVER.NCRSMB.COM | awk '{ print toupper($0)}'`\n#sed -i 's/.*/USPRDMOMCAS105/g' /etc/hostname\n\n#update hostsfile\n#sudo sed -i \"/127\\.0\\.0\\.1/a `ip route get 1 |awk '{print $NF;exit}'` USPRDMOMCAS105\\.SILVER.NCRSMB.COM USPRDMOMCAS105\" /etc/hosts\n\nsudo apt-get update\nsudo apt-get -y install python python-apt\n#sudo apt-get -y install sssd realmd krb5-user samba-common packagekit adcli\n\nmkfs.ext4 /dev/nvme1n1\n/sbin/e2label /dev/nvme1n1 data\n\necho -e 'LABEL=data\\t/data\\text4\\tdefaults\\t0 0' \u003e\u003e /etc/fstab\n\nmkdir /data\nmount -a\n\n#enable password authentication with ssh\n#sudo sed -i 's/^Password.*$/PasswordAuthentication yes/g' /etc/ssh/sshd_config \u0026\u0026 sudo systemctl reload ssh\n\n# enable dynamic dns updates\n#sudo sed -i '$ a dyndns_update = True' /etc/sssd/sssd.conf\n\n#Join domain\n#sudo echo 'w1N*7#Egsq' | realm --verbose join -U 'qlid'@`echo SILVER.NCRSMB.COM | awk '{ print toupper($0)}'` `echo SILVER.NCRSMB.COM | awk '{ print toupper($0)}'`\n",
                            "template": "#!/bin/bash\n\n# update hostname\n#hostname ${hostname}.`echo ${domain} | awk '{ print toupper($0)}'`\n#sed -i 's/.*/${hostname}/g' /etc/hostname\n\n#update hostsfile\n#sudo sed -i \"/127\\.0\\.0\\.1/a `ip route get 1 |awk '{print $NF;exit}'` ${hostname}\\.${domain} ${hostname}\" /etc/hosts\n\nsudo apt-get update\nsudo apt-get -y install python python-apt\n#sudo apt-get -y install sssd realmd krb5-user samba-common packagekit adcli\n\nmkfs.ext4 /dev/${device}\n/sbin/e2label /dev/${device} ${label}\n\necho -e 'LABEL=${label}\\t/data\\text4\\tdefaults\\t0 0' \u003e\u003e /etc/fstab\n\nmkdir /data\nmount -a\n\n#enable password authentication with ssh\n#sudo sed -i 's/^Password.*$/PasswordAuthentication yes/g' /etc/ssh/sshd_config \u0026\u0026 sudo systemctl reload ssh\n\n# enable dynamic dns updates\n#sudo sed -i '$ a dyndns_update = True' /etc/sssd/sssd.conf\n\n#Join domain\n#sudo echo '${domain_pass}' | realm --verbose join -U '${domain_user}'@`echo ${domain} | awk '{ print toupper($0)}'` `echo ${domain} | awk '{ print toupper($0)}'`\n",
                            "vars.%": "6",
                            "vars.device": "nvme1n1",
                            "vars.domain": "SILVER.NCRSMB.COM",
                            "vars.domain_pass": "w1N*7#Egsq",
                            "vars.domain_user": "qlid",
                            "vars.hostname": "USPRDMOMCAS105",
                            "vars.label": "data"
                        },
                        "meta": {},
                        "tainted": false
                    },
                    "deposed": [],
                    "provider": "provider.template"
                },
                "data.template_file.momentum_cassandra.5": {
                    "type": "template_file",
                    "depends_on": [],
                    "primary": {
                        "id": "d85e0400acc633266d8210ff3d097ed176b9f88d2d49d6248aed10ae5ca74417",
                        "attributes": {
                            "id": "d85e0400acc633266d8210ff3d097ed176b9f88d2d49d6248aed10ae5ca74417",
                            "rendered": "#!/bin/bash\n\n# update hostname\n#hostname USPRDMOMCAS106.`echo SILVER.NCRSMB.COM | awk '{ print toupper($0)}'`\n#sed -i 's/.*/USPRDMOMCAS106/g' /etc/hostname\n\n#update hostsfile\n#sudo sed -i \"/127\\.0\\.0\\.1/a `ip route get 1 |awk '{print $NF;exit}'` USPRDMOMCAS106\\.SILVER.NCRSMB.COM USPRDMOMCAS106\" /etc/hosts\n\nsudo apt-get update\nsudo apt-get -y install python python-apt\n#sudo apt-get -y install sssd realmd krb5-user samba-common packagekit adcli\n\nmkfs.ext4 /dev/nvme1n1\n/sbin/e2label /dev/nvme1n1 data\n\necho -e 'LABEL=data\\t/data\\text4\\tdefaults\\t0 0' \u003e\u003e /etc/fstab\n\nmkdir /data\nmount -a\n\n#enable password authentication with ssh\n#sudo sed -i 's/^Password.*$/PasswordAuthentication yes/g' /etc/ssh/sshd_config \u0026\u0026 sudo systemctl reload ssh\n\n# enable dynamic dns updates\n#sudo sed -i '$ a dyndns_update = True' /etc/sssd/sssd.conf\n\n#Join domain\n#sudo echo 'w1N*7#Egsq' | realm --verbose join -U 'qlid'@`echo SILVER.NCRSMB.COM | awk '{ print toupper($0)}'` `echo SILVER.NCRSMB.COM | awk '{ print toupper($0)}'`\n",
                            "template": "#!/bin/bash\n\n# update hostname\n#hostname ${hostname}.`echo ${domain} | awk '{ print toupper($0)}'`\n#sed -i 's/.*/${hostname}/g' /etc/hostname\n\n#update hostsfile\n#sudo sed -i \"/127\\.0\\.0\\.1/a `ip route get 1 |awk '{print $NF;exit}'` ${hostname}\\.${domain} ${hostname}\" /etc/hosts\n\nsudo apt-get update\nsudo apt-get -y install python python-apt\n#sudo apt-get -y install sssd realmd krb5-user samba-common packagekit adcli\n\nmkfs.ext4 /dev/${device}\n/sbin/e2label /dev/${device} ${label}\n\necho -e 'LABEL=${label}\\t/data\\text4\\tdefaults\\t0 0' \u003e\u003e /etc/fstab\n\nmkdir /data\nmount -a\n\n#enable password authentication with ssh\n#sudo sed -i 's/^Password.*$/PasswordAuthentication yes/g' /etc/ssh/sshd_config \u0026\u0026 sudo systemctl reload ssh\n\n# enable dynamic dns updates\n#sudo sed -i '$ a dyndns_update = True' /etc/sssd/sssd.conf\n\n#Join domain\n#sudo echo '${domain_pass}' | realm --verbose join -U '${domain_user}'@`echo ${domain} | awk '{ print toupper($0)}'` `echo ${domain} | awk '{ print toupper($0)}'`\n",
                            "vars.%": "6",
                            "vars.device": "nvme1n1",
                            "vars.domain": "SILVER.NCRSMB.COM",
                            "vars.domain_pass": "w1N*7#Egsq",
                            "vars.domain_user": "qlid",
                            "vars.hostname": "USPRDMOMCAS106",
                            "vars.label": "data"
                        },
                        "meta": {},
                        "tainted": false
                    },
                    "deposed": [],
                    "provider": "provider.template"
                }
            },
            "depends_on": []
        },
        {
            "path": [
                "root",
                "haproxy-ansible"
            ],
            "outputs": {},
            "resources": {
                "aws_elb.momentum_haproxy": {
                    "type": "aws_elb",
                    "depends_on": [
                        "aws_instance.momentum_haproxy.*",
                        "aws_security_group.momentum_elb"
                    ],
                    "primary": {
                        "id": "USPRD-Momentum-insight-web-elb",
                        "attributes": {
                            "access_logs.#": "0",
                            "availability_zones.#": "3",
                            "availability_zones.1305112097": "us-east-1b",
                            "availability_zones.2762590996": "us-east-1d",
                            "availability_zones.3569565595": "us-east-1a",
                            "connection_draining": "true",
                            "connection_draining_timeout": "400",
                            "cross_zone_load_balancing": "true",
                            "dns_name": "USPRD-Momentum-insight-web-elb-1068388431.us-east-1.elb.amazonaws.com",
                            "health_check.#": "1",
                            "health_check.0.healthy_threshold": "2",
                            "health_check.0.interval": "30",
                            "health_check.0.target": "TCP:80",
                            "health_check.0.timeout": "3",
                            "health_check.0.unhealthy_threshold": "2",
                            "id": "USPRD-Momentum-insight-web-elb",
                            "idle_timeout": "400",
                            "instances.#": "3",
                            "instances.3234379704": "i-0a1be11bef64b6099",
                            "instances.3734257654": "i-09c5c05372d39e6f2",
                            "instances.817132755": "i-0120a7e3872867b1d",
                            "internal": "false",
                            "listener.#": "1",
                            "listener.1355835589.instance_port": "9002",
                            "listener.1355835589.instance_protocol": "tcp",
                            "listener.1355835589.lb_port": "443",
                            "listener.1355835589.lb_protocol": "ssl",
                            "listener.1355835589.ssl_certificate_id": "arn:aws:acm:us-east-1:048485690753:certificate/012cb23d-8f6c-44a0-a689-47294c9f34d1",
                            "name": "USPRD-Momentum-insight-web-elb",
                            "security_groups.#": "1",
                            "security_groups.4133586009": "sg-f56def83",
                            "source_security_group": "048485690753/USPRD-Momentum-insight-elb",
                            "source_security_group_id": "sg-f56def83",
                            "subnets.#": "3",
                            "subnets.2940685184": "subnet-df8eccf5",
                            "subnets.3031989419": "subnet-8091a3f6",
                            "subnets.3230178052": "subnet-0f2a6457",
                            "tags.%": "1",
                            "tags.Name": "USPRD-Momentum-insight-web-elb",
                            "zone_id": "Z35SXDOTRQ7X7K"
                        },
                        "meta": {},
                        "tainted": false
                    },
                    "deposed": [],
                    "provider": "provider.aws.aws"
                },
                "aws_elb.momentum_int_haproxy": {
                    "type": "aws_elb",
                    "depends_on": [
                        "aws_instance.momentum_haproxy.*",
                        "aws_security_group.momentum_int_elb"
                    ],
                    "primary": {
                        "id": "USPRD-Momentum-int-web-elb",
                        "attributes": {
                            "access_logs.#": "0",
                            "availability_zones.#": "3",
                            "availability_zones.1305112097": "us-east-1b",
                            "availability_zones.2762590996": "us-east-1d",
                            "availability_zones.3569565595": "us-east-1a",
                            "connection_draining": "true",
                            "connection_draining_timeout": "400",
                            "cross_zone_load_balancing": "true",
                            "dns_name": "internal-USPRD-Momentum-int-web-elb-1871451504.us-east-1.elb.amazonaws.com",
                            "health_check.#": "1",
                            "health_check.0.healthy_threshold": "2",
                            "health_check.0.interval": "30",
                            "health_check.0.target": "TCP:80",
                            "health_check.0.timeout": "3",
                            "health_check.0.unhealthy_threshold": "2",
                            "id": "USPRD-Momentum-int-web-elb",
                            "idle_timeout": "400",
                            "instances.#": "3",
                            "instances.3234379704": "i-0a1be11bef64b6099",
                            "instances.3734257654": "i-09c5c05372d39e6f2",
                            "instances.817132755": "i-0120a7e3872867b1d",
                            "internal": "true",
                            "listener.#": "3",
                            "listener.1528783865.instance_port": "9000",
                            "listener.1528783865.instance_protocol": "tcp",
                            "listener.1528783865.lb_port": "9000",
                            "listener.1528783865.lb_protocol": "ssl",
                            "listener.1528783865.ssl_certificate_id": "arn:aws:acm:us-east-1:048485690753:certificate/012cb23d-8f6c-44a0-a689-47294c9f34d1",
                            "listener.2010844803.instance_port": "9002",
                            "listener.2010844803.instance_protocol": "tcp",
                            "listener.2010844803.lb_port": "9002",
                            "listener.2010844803.lb_protocol": "ssl",
                            "listener.2010844803.ssl_certificate_id": "arn:aws:acm:us-east-1:048485690753:certificate/012cb23d-8f6c-44a0-a689-47294c9f34d1",
                            "listener.43497741.instance_port": "9004",
                            "listener.43497741.instance_protocol": "tcp",
                            "listener.43497741.lb_port": "9004",
                            "listener.43497741.lb_protocol": "ssl",
                            "listener.43497741.ssl_certificate_id": "arn:aws:acm:us-east-1:048485690753:certificate/012cb23d-8f6c-44a0-a689-47294c9f34d1",
                            "name": "USPRD-Momentum-int-web-elb",
                            "security_groups.#": "1",
                            "security_groups.3002421556": "sg-7e181a08",
                            "source_security_group": "048485690753/USPRD-Momentum-int-elb",
                            "source_security_group_id": "sg-7e181a08",
                            "subnets.#": "3",
                            "subnets.2940685184": "subnet-df8eccf5",
                            "subnets.3031989419": "subnet-8091a3f6",
                            "subnets.3230178052": "subnet-0f2a6457",
                            "tags.%": "1",
                            "tags.Name": "USPRD-Momentum-int-web-elb",
                            "zone_id": "Z35SXDOTRQ7X7K"
                        },
                        "meta": {},
                        "tainted": false
                    },
                    "deposed": [],
                    "provider": "provider.aws.aws"
                },
                "aws_instance.momentum_haproxy.0": {
                    "type": "aws_instance",
                    "depends_on": [
                        "aws_security_group.momentum_haproxy",
                        "data.template_file.momentum_haproxy.*"
                    ],
                    "primary": {
                        "id": "i-0120a7e3872867b1d",
                        "attributes": {
                            "ami": "ami-43a15f3e",
                            "associate_public_ip_address": "false",
                            "availability_zone": "us-east-1a",
                            "disable_api_termination": "false",
                            "ebs_block_device.#": "0",
                            "ebs_optimized": "false",
                            "ephemeral_block_device.#": "0",
                            "iam_instance_profile": "ec2_bootstrap",
                            "id": "i-0120a7e3872867b1d",
                            "instance_state": "running",
                            "instance_type": "t2.small",
                            "ipv6_addresses.#": "0",
                            "key_name": "us-east-1",
                            "monitoring": "false",
                            "network_interface.#": "0",
                            "network_interface_id": "eni-0621fe1e",
                            "primary_network_interface_id": "eni-0621fe1e",
                            "private_dns": "ip-10-18-14-251.ec2.internal",
                            "private_ip": "10.18.14.251",
                            "public_dns": "",
                            "public_ip": "",
                            "root_block_device.#": "1",
                            "root_block_device.0.delete_on_termination": "true",
                            "root_block_device.0.iops": "120",
                            "root_block_device.0.volume_size": "40",
                            "root_block_device.0.volume_type": "gp2",
                            "security_groups.#": "0",
                            "source_dest_check": "true",
                            "subnet_id": "subnet-8e91a3f8",
                            "tags.%": "4",
                            "tags.Application": "Momentum",
                            "tags.Environment": "USPRD",
                            "tags.Name": "USPRDMOMHAP101",
                            "tags.Role": "haproxy",
                            "tenancy": "default",
                            "user_data": "37bc5d45428b253e1211248815f79264a10e1d3b",
                            "volume_tags.%": "0",
                            "vpc_security_group_ids.#": "1",
                            "vpc_security_group_ids.2828349214": "sg-546ae822"
                        },
                        "meta": {
                            "e2bfb730-ecaa-11e6-8f88-34363bc7c4c0": {
                                "create": 600000000000,
                                "delete": 600000000000,
                                "update": 600000000000
                            },
                            "schema_version": "1"
                        },
                        "tainted": false
                    },
                    "deposed": [],
                    "provider": "provider.aws.aws"
                },
                "aws_instance.momentum_haproxy.1": {
                    "type": "aws_instance",
                    "depends_on": [
                        "aws_security_group.momentum_haproxy",
                        "data.template_file.momentum_haproxy.*"
                    ],
                    "primary": {
                        "id": "i-09c5c05372d39e6f2",
                        "attributes": {
                            "ami": "ami-43a15f3e",
                            "associate_public_ip_address": "false",
                            "availability_zone": "us-east-1b",
                            "disable_api_termination": "false",
                            "ebs_block_device.#": "0",
                            "ebs_optimized": "false",
                            "ephemeral_block_device.#": "0",
                            "iam_instance_profile": "ec2_bootstrap",
                            "id": "i-09c5c05372d39e6f2",
                            "instance_state": "running",
                            "instance_type": "t2.small",
                            "ipv6_addresses.#": "0",
                            "key_name": "us-east-1",
                            "monitoring": "false",
                            "network_interface.#": "0",
                            "network_interface_id": "eni-8cfc965d",
                            "primary_network_interface_id": "eni-8cfc965d",
                            "private_dns": "ip-10-18-15-225.ec2.internal",
                            "private_ip": "10.18.15.225",
                            "public_dns": "",
                            "public_ip": "",
                            "root_block_device.#": "1",
                            "root_block_device.0.delete_on_termination": "true",
                            "root_block_device.0.iops": "120",
                            "root_block_device.0.volume_size": "40",
                            "root_block_device.0.volume_type": "gp2",
                            "security_groups.#": "0",
                            "source_dest_check": "true",
                            "subnet_id": "subnet-002a6458",
                            "tags.%": "4",
                            "tags.Application": "Momentum",
                            "tags.Environment": "USPRD",
                            "tags.Name": "USPRDMOMHAP102",
                            "tags.Role": "haproxy",
                            "tenancy": "default",
                            "user_data": "2eaa899797941bf59fd6884219fe58cd26ada6b4",
                            "volume_tags.%": "0",
                            "vpc_security_group_ids.#": "1",
                            "vpc_security_group_ids.2828349214": "sg-546ae822"
                        },
                        "meta": {
                            "e2bfb730-ecaa-11e6-8f88-34363bc7c4c0": {
                                "create": 600000000000,
                                "delete": 600000000000,
                                "update": 600000000000
                            },
                            "schema_version": "1"
                        },
                        "tainted": false
                    },
                    "deposed": [],
                    "provider": "provider.aws.aws"
                },
                "aws_instance.momentum_haproxy.2": {
                    "type": "aws_instance",
                    "depends_on": [
                        "aws_security_group.momentum_haproxy",
                        "data.template_file.momentum_haproxy.*"
                    ],
                    "primary": {
                        "id": "i-0a1be11bef64b6099",
                        "attributes": {
                            "ami": "ami-43a15f3e",
                            "associate_public_ip_address": "false",
                            "availability_zone": "us-east-1d",
                            "disable_api_termination": "false",
                            "ebs_block_device.#": "0",
                            "ebs_optimized": "false",
                            "ephemeral_block_device.#": "0",
                            "iam_instance_profile": "ec2_bootstrap",
                            "id": "i-0a1be11bef64b6099",
                            "instance_state": "running",
                            "instance_type": "t2.small",
                            "ipv6_addresses.#": "0",
                            "key_name": "us-east-1",
                            "monitoring": "false",
                            "network_interface.#": "0",
                            "network_interface_id": "eni-65f989aa",
                            "primary_network_interface_id": "eni-65f989aa",
                            "private_dns": "ip-10-18-16-14.ec2.internal",
                            "private_ip": "10.18.16.14",
                            "public_dns": "",
                            "public_ip": "",
                            "root_block_device.#": "1",
                            "root_block_device.0.delete_on_termination": "true",
                            "root_block_device.0.iops": "120",
                            "root_block_device.0.volume_size": "40",
                            "root_block_device.0.volume_type": "gp2",
                            "security_groups.#": "0",
                            "source_dest_check": "true",
                            "subnet_id": "subnet-de8eccf4",
                            "tags.%": "4",
                            "tags.Application": "Momentum",
                            "tags.Environment": "USPRD",
                            "tags.Name": "USPRDMOMHAP103",
                            "tags.Role": "haproxy",
                            "tenancy": "default",
                            "user_data": "dcf751a9249758cb8bd3c9c1b07738469c9f9b91",
                            "volume_tags.%": "0",
                            "vpc_security_group_ids.#": "1",
                            "vpc_security_group_ids.2828349214": "sg-546ae822"
                        },
                        "meta": {
                            "e2bfb730-ecaa-11e6-8f88-34363bc7c4c0": {
                                "create": 600000000000,
                                "delete": 600000000000,
                                "update": 600000000000
                            },
                            "schema_version": "1"
                        },
                        "tainted": false
                    },
                    "deposed": [],
                    "provider": "provider.aws.aws"
                },
                "aws_route53_record.momentum_haproxy.0": {
                    "type": "aws_route53_record",
                    "depends_on": [
                        "aws_instance.momentum_haproxy.*"
                    ],
                    "primary": {
                        "id": "Z2OQJX4SA59BGJ_usprdmomhap101_A",
                        "attributes": {
                            "fqdn": "usprdmomhap101.ncrsmb.com",
                            "health_check_id": "",
                            "id": "Z2OQJX4SA59BGJ_usprdmomhap101_A",
                            "name": "usprdmomhap101",
                            "records.#": "1",
                            "records.1915616210": "10.18.14.251",
                            "set_identifier": "",
                            "ttl": "300",
                            "type": "A",
                            "zone_id": "Z2OQJX4SA59BGJ"
                        },
                        "meta": {
                            "schema_version": "2"
                        },
                        "tainted": false
                    },
                    "deposed": [],
                    "provider": "provider.aws.us_prd"
                },
                "aws_route53_record.momentum_haproxy.1": {
                    "type": "aws_route53_record",
                    "depends_on": [
                        "aws_instance.momentum_haproxy.*"
                    ],
                    "primary": {
                        "id": "Z2OQJX4SA59BGJ_usprdmomhap102_A",
                        "attributes": {
                            "fqdn": "usprdmomhap102.ncrsmb.com",
                            "health_check_id": "",
                            "id": "Z2OQJX4SA59BGJ_usprdmomhap102_A",
                            "name": "usprdmomhap102",
                            "records.#": "1",
                            "records.123830460": "10.18.15.225",
                            "set_identifier": "",
                            "ttl": "300",
                            "type": "A",
                            "zone_id": "Z2OQJX4SA59BGJ"
                        },
                        "meta": {
                            "schema_version": "2"
                        },
                        "tainted": false
                    },
                    "deposed": [],
                    "provider": "provider.aws.us_prd"
                },
                "aws_route53_record.momentum_haproxy.2": {
                    "type": "aws_route53_record",
                    "depends_on": [
                        "aws_instance.momentum_haproxy.*"
                    ],
                    "primary": {
                        "id": "Z2OQJX4SA59BGJ_usprdmomhap103_A",
                        "attributes": {
                            "fqdn": "usprdmomhap103.ncrsmb.com",
                            "health_check_id": "",
                            "id": "Z2OQJX4SA59BGJ_usprdmomhap103_A",
                            "name": "usprdmomhap103",
                            "records.#": "1",
                            "records.3553987599": "10.18.16.14",
                            "set_identifier": "",
                            "ttl": "300",
                            "type": "A",
                            "zone_id": "Z2OQJX4SA59BGJ"
                        },
                        "meta": {
                            "schema_version": "2"
                        },
                        "tainted": false
                    },
                    "deposed": [],
                    "provider": "provider.aws.us_prd"
                },
                "aws_route53_record.public_momentum_haproxy.0": {
                    "type": "aws_route53_record",
                    "depends_on": [
                        "aws_instance.momentum_haproxy.*"
                    ],
                    "primary": {
                        "id": "Z1XW23SHFYCXN7_usprdmomhap101_A",
                        "attributes": {
                            "fqdn": "usprdmomhap101.ncrsmb.com",
                            "health_check_id": "",
                            "id": "Z1XW23SHFYCXN7_usprdmomhap101_A",
                            "name": "usprdmomhap101",
                            "records.#": "1",
                            "records.1915616210": "10.18.14.251",
                            "set_identifier": "",
                            "ttl": "300",
                            "type": "A",
                            "zone_id": "Z1XW23SHFYCXN7"
                        },
                        "meta": {
                            "schema_version": "2"
                        },
                        "tainted": false
                    },
                    "deposed": [],
                    "provider": "provider.aws.us_parent"
                },
                "aws_route53_record.public_momentum_haproxy.1": {
                    "type": "aws_route53_record",
                    "depends_on": [
                        "aws_instance.momentum_haproxy.*"
                    ],
                    "primary": {
                        "id": "Z1XW23SHFYCXN7_usprdmomhap102_A",
                        "attributes": {
                            "fqdn": "usprdmomhap102.ncrsmb.com",
                            "health_check_id": "",
                            "id": "Z1XW23SHFYCXN7_usprdmomhap102_A",
                            "name": "usprdmomhap102",
                            "records.#": "1",
                            "records.123830460": "10.18.15.225",
                            "set_identifier": "",
                            "ttl": "300",
                            "type": "A",
                            "zone_id": "Z1XW23SHFYCXN7"
                        },
                        "meta": {
                            "schema_version": "2"
                        },
                        "tainted": false
                    },
                    "deposed": [],
                    "provider": "provider.aws.us_parent"
                },
                "aws_route53_record.public_momentum_haproxy.2": {
                    "type": "aws_route53_record",
                    "depends_on": [
                        "aws_instance.momentum_haproxy.*"
                    ],
                    "primary": {
                        "id": "Z1XW23SHFYCXN7_usprdmomhap103_A",
                        "attributes": {
                            "fqdn": "usprdmomhap103.ncrsmb.com",
                            "health_check_id": "",
                            "id": "Z1XW23SHFYCXN7_usprdmomhap103_A",
                            "name": "usprdmomhap103",
                            "records.#": "1",
                            "records.3553987599": "10.18.16.14",
                            "set_identifier": "",
                            "ttl": "300",
                            "type": "A",
                            "zone_id": "Z1XW23SHFYCXN7"
                        },
                        "meta": {
                            "schema_version": "2"
                        },
                        "tainted": false
                    },
                    "deposed": [],
                    "provider": "provider.aws.us_parent"
                },
                "aws_security_group.momentum_elb": {
                    "type": "aws_security_group",
                    "depends_on": [],
                    "primary": {
                        "id": "sg-f56def83",
                        "attributes": {
                            "description": "Allow certain ports and IP ranges used to establish connections to the momentum_elb",
                            "egress.#": "1",
                            "egress.482069346.cidr_blocks.#": "1",
                            "egress.482069346.cidr_blocks.0": "0.0.0.0/0",
                            "egress.482069346.description": "",
                            "egress.482069346.from_port": "0",
                            "egress.482069346.ipv6_cidr_blocks.#": "0",
                            "egress.482069346.prefix_list_ids.#": "0",
                            "egress.482069346.protocol": "-1",
                            "egress.482069346.security_groups.#": "0",
                            "egress.482069346.self": "false",
                            "egress.482069346.to_port": "0",
                            "id": "sg-f56def83",
                            "ingress.#": "2",
                            "ingress.2319052179.cidr_blocks.#": "1",
                            "ingress.2319052179.cidr_blocks.0": "0.0.0.0/0",
                            "ingress.2319052179.description": "",
                            "ingress.2319052179.from_port": "9000",
                            "ingress.2319052179.ipv6_cidr_blocks.#": "0",
                            "ingress.2319052179.protocol": "tcp",
                            "ingress.2319052179.security_groups.#": "0",
                            "ingress.2319052179.self": "false",
                            "ingress.2319052179.to_port": "9000",
                            "ingress.2617001939.cidr_blocks.#": "1",
                            "ingress.2617001939.cidr_blocks.0": "0.0.0.0/0",
                            "ingress.2617001939.description": "",
                            "ingress.2617001939.from_port": "443",
                            "ingress.2617001939.ipv6_cidr_blocks.#": "0",
                            "ingress.2617001939.protocol": "tcp",
                            "ingress.2617001939.security_groups.#": "0",
                            "ingress.2617001939.self": "false",
                            "ingress.2617001939.to_port": "443",
                            "name": "USPRD-Momentum-insight-elb",
                            "owner_id": "048485690753",
                            "tags.%": "1",
                            "tags.Name": "USPRDMOMELB",
                            "vpc_id": "vpc-2ada7f4d"
                        },
                        "meta": {},
                        "tainted": false
                    },
                    "deposed": [],
                    "provider": "provider.aws.aws"
                },
                "aws_security_group.momentum_haproxy": {
                    "type": "aws_security_group",
                    "depends_on": [],
                    "primary": {
                        "id": "sg-546ae822",
                        "attributes": {
                            "description": "Allow certain ports and IP ranges used to establish connections to the haproxy server",
                            "egress.#": "1",
                            "egress.482069346.cidr_blocks.#": "1",
                            "egress.482069346.cidr_blocks.0": "0.0.0.0/0",
                            "egress.482069346.description": "",
                            "egress.482069346.from_port": "0",
                            "egress.482069346.ipv6_cidr_blocks.#": "0",
                            "egress.482069346.prefix_list_ids.#": "0",
                            "egress.482069346.protocol": "-1",
                            "egress.482069346.security_groups.#": "0",
                            "egress.482069346.self": "false",
                            "egress.482069346.to_port": "0",
                            "id": "sg-546ae822",
                            "ingress.#": "7",
                            "ingress.1189939501.cidr_blocks.#": "4",
                            "ingress.1189939501.cidr_blocks.0": "10.18.14.0/24",
                            "ingress.1189939501.cidr_blocks.1": "10.18.15.0/24",
                            "ingress.1189939501.cidr_blocks.2": "10.18.16.0/24",
                            "ingress.1189939501.cidr_blocks.3": "10.0.0.0/8",
                            "ingress.1189939501.description": "",
                            "ingress.1189939501.from_port": "9002",
                            "ingress.1189939501.ipv6_cidr_blocks.#": "0",
                            "ingress.1189939501.protocol": "tcp",
                            "ingress.1189939501.security_groups.#": "0",
                            "ingress.1189939501.self": "false",
                            "ingress.1189939501.to_port": "9002",
                            "ingress.1691269627.cidr_blocks.#": "3",
                            "ingress.1691269627.cidr_blocks.0": "10.18.14.0/24",
                            "ingress.1691269627.cidr_blocks.1": "10.18.15.0/24",
                            "ingress.1691269627.cidr_blocks.2": "10.18.16.0/24",
                            "ingress.1691269627.description": "",
                            "ingress.1691269627.from_port": "9004",
                            "ingress.1691269627.ipv6_cidr_blocks.#": "0",
                            "ingress.1691269627.protocol": "tcp",
                            "ingress.1691269627.security_groups.#": "0",
                            "ingress.1691269627.self": "false",
                            "ingress.1691269627.to_port": "9004",
                            "ingress.179083333.cidr_blocks.#": "1",
                            "ingress.179083333.cidr_blocks.0": "10.0.0.0/8",
                            "ingress.179083333.description": "",
                            "ingress.179083333.from_port": "22",
                            "ingress.179083333.ipv6_cidr_blocks.#": "0",
                            "ingress.179083333.protocol": "tcp",
                            "ingress.179083333.security_groups.#": "0",
                            "ingress.179083333.self": "false",
                            "ingress.179083333.to_port": "22",
                            "ingress.2582497614.cidr_blocks.#": "3",
                            "ingress.2582497614.cidr_blocks.0": "10.18.14.0/24",
                            "ingress.2582497614.cidr_blocks.1": "10.18.15.0/24",
                            "ingress.2582497614.cidr_blocks.2": "10.18.16.0/24",
                            "ingress.2582497614.description": "",
                            "ingress.2582497614.from_port": "8080",
                            "ingress.2582497614.ipv6_cidr_blocks.#": "0",
                            "ingress.2582497614.protocol": "tcp",
                            "ingress.2582497614.security_groups.#": "0",
                            "ingress.2582497614.self": "false",
                            "ingress.2582497614.to_port": "8080",
                            "ingress.3193052548.cidr_blocks.#": "4",
                            "ingress.3193052548.cidr_blocks.0": "10.0.0.0/8",
                            "ingress.3193052548.cidr_blocks.1": "10.18.14.0/24",
                            "ingress.3193052548.cidr_blocks.2": "10.18.15.0/24",
                            "ingress.3193052548.cidr_blocks.3": "10.18.16.0/24",
                            "ingress.3193052548.description": "",
                            "ingress.3193052548.from_port": "80",
                            "ingress.3193052548.ipv6_cidr_blocks.#": "0",
                            "ingress.3193052548.protocol": "tcp",
                            "ingress.3193052548.security_groups.#": "0",
                            "ingress.3193052548.self": "false",
                            "ingress.3193052548.to_port": "80",
                            "ingress.668669517.cidr_blocks.#": "4",
                            "ingress.668669517.cidr_blocks.0": "10.0.0.0/8",
                            "ingress.668669517.cidr_blocks.1": "10.18.14.0/24",
                            "ingress.668669517.cidr_blocks.2": "10.18.15.0/24",
                            "ingress.668669517.cidr_blocks.3": "10.18.16.0/24",
                            "ingress.668669517.description": "",
                            "ingress.668669517.from_port": "9005",
                            "ingress.668669517.ipv6_cidr_blocks.#": "0",
                            "ingress.668669517.protocol": "tcp",
                            "ingress.668669517.security_groups.#": "0",
                            "ingress.668669517.self": "false",
                            "ingress.668669517.to_port": "9005",
                            "ingress.780458614.cidr_blocks.#": "4",
                            "ingress.780458614.cidr_blocks.0": "10.18.14.0/24",
                            "ingress.780458614.cidr_blocks.1": "10.18.15.0/24",
                            "ingress.780458614.cidr_blocks.2": "10.18.16.0/24",
                            "ingress.780458614.cidr_blocks.3": "10.0.0.0/8",
                            "ingress.780458614.description": "",
                            "ingress.780458614.from_port": "9000",
                            "ingress.780458614.ipv6_cidr_blocks.#": "0",
                            "ingress.780458614.protocol": "tcp",
                            "ingress.780458614.security_groups.#": "0",
                            "ingress.780458614.self": "false",
                            "ingress.780458614.to_port": "9000",
                            "name": "USPRDMOMHAP1",
                            "owner_id": "048485690753",
                            "tags.%": "1",
                            "tags.Name": "USPRDMOMHAP1",
                            "vpc_id": "vpc-2ada7f4d"
                        },
                        "meta": {},
                        "tainted": false
                    },
                    "deposed": [],
                    "provider": "provider.aws.aws"
                },
                "aws_security_group.momentum_int_elb": {
                    "type": "aws_security_group",
                    "depends_on": [],
                    "primary": {
                        "id": "sg-7e181a08",
                        "attributes": {
                            "description": "Allow certain ports and IP ranges used to establish connections to the internal momentum_elb",
                            "egress.#": "1",
                            "egress.482069346.cidr_blocks.#": "1",
                            "egress.482069346.cidr_blocks.0": "0.0.0.0/0",
                            "egress.482069346.description": "",
                            "egress.482069346.from_port": "0",
                            "egress.482069346.ipv6_cidr_blocks.#": "0",
                            "egress.482069346.prefix_list_ids.#": "0",
                            "egress.482069346.protocol": "-1",
                            "egress.482069346.security_groups.#": "0",
                            "egress.482069346.self": "false",
                            "egress.482069346.to_port": "0",
                            "id": "sg-7e181a08",
                            "ingress.#": "1",
                            "ingress.2216620219.cidr_blocks.#": "1",
                            "ingress.2216620219.cidr_blocks.0": "10.0.0.0/8",
                            "ingress.2216620219.description": "",
                            "ingress.2216620219.from_port": "443",
                            "ingress.2216620219.ipv6_cidr_blocks.#": "0",
                            "ingress.2216620219.protocol": "tcp",
                            "ingress.2216620219.security_groups.#": "0",
                            "ingress.2216620219.self": "false",
                            "ingress.2216620219.to_port": "443",
                            "name": "USPRD-Momentum-int-elb",
                            "owner_id": "048485690753",
                            "tags.%": "1",
                            "tags.Name": "USPRDMOMINTELB",
                            "vpc_id": "vpc-2ada7f4d"
                        },
                        "meta": {},
                        "tainted": false
                    },
                    "deposed": [],
                    "provider": "provider.aws.aws"
                },
                "aws_security_group_rule.haproxy_allow_app_ports_ingress.0": {
                    "type": "aws_security_group_rule",
                    "depends_on": [
                        "aws_security_group.momentum_haproxy"
                    ],
                    "primary": {
                        "id": "sgrule-1107735998",
                        "attributes": {
                            "cidr_blocks.#": "3",
                            "cidr_blocks.0": "10.18.14.0/24",
                            "cidr_blocks.1": "10.18.15.0/24",
                            "cidr_blocks.2": "10.18.16.0/24",
                            "description": "",
                            "from_port": "80",
                            "id": "sgrule-1107735998",
                            "ipv6_cidr_blocks.#": "0",
                            "prefix_list_ids.#": "0",
                            "protocol": "tcp",
                            "security_group_id": "sg-546ae822",
                            "self": "false",
                            "to_port": "80",
                            "type": "ingress"
                        },
                        "meta": {
                            "schema_version": "2"
                        },
                        "tainted": false
                    },
                    "deposed": [],
                    "provider": "provider.aws.aws"
                },
                "aws_security_group_rule.haproxy_allow_app_ports_ingress.1": {
                    "type": "aws_security_group_rule",
                    "depends_on": [
                        "aws_security_group.momentum_haproxy"
                    ],
                    "primary": {
                        "id": "sgrule-1054899430",
                        "attributes": {
                            "cidr_blocks.#": "3",
                            "cidr_blocks.0": "10.18.14.0/24",
                            "cidr_blocks.1": "10.18.15.0/24",
                            "cidr_blocks.2": "10.18.16.0/24",
                            "description": "",
                            "from_port": "8080",
                            "id": "sgrule-1054899430",
                            "ipv6_cidr_blocks.#": "0",
                            "prefix_list_ids.#": "0",
                            "protocol": "tcp",
                            "security_group_id": "sg-546ae822",
                            "self": "false",
                            "to_port": "8080",
                            "type": "ingress"
                        },
                        "meta": {
                            "schema_version": "2"
                        },
                        "tainted": false
                    },
                    "deposed": [],
                    "provider": "provider.aws.aws"
                },
                "aws_security_group_rule.haproxy_allow_app_ports_ingress.2": {
                    "type": "aws_security_group_rule",
                    "depends_on": [
                        "aws_security_group.momentum_haproxy"
                    ],
                    "primary": {
                        "id": "sgrule-2907166693",
                        "attributes": {
                            "cidr_blocks.#": "3",
                            "cidr_blocks.0": "10.18.14.0/24",
                            "cidr_blocks.1": "10.18.15.0/24",
                            "cidr_blocks.2": "10.18.16.0/24",
                            "description": "",
                            "from_port": "9000",
                            "id": "sgrule-2907166693",
                            "ipv6_cidr_blocks.#": "0",
                            "prefix_list_ids.#": "0",
                            "protocol": "tcp",
                            "security_group_id": "sg-546ae822",
                            "self": "false",
                            "to_port": "9000",
                            "type": "ingress"
                        },
                        "meta": {
                            "schema_version": "2"
                        },
                        "tainted": false
                    },
                    "deposed": [],
                    "provider": "provider.aws.aws"
                },
                "aws_security_group_rule.haproxy_allow_app_ports_ingress.3": {
                    "type": "aws_security_group_rule",
                    "depends_on": [
                        "aws_security_group.momentum_haproxy"
                    ],
                    "primary": {
                        "id": "sgrule-1844931125",
                        "attributes": {
                            "cidr_blocks.#": "3",
                            "cidr_blocks.0": "10.18.14.0/24",
                            "cidr_blocks.1": "10.18.15.0/24",
                            "cidr_blocks.2": "10.18.16.0/24",
                            "description": "",
                            "from_port": "9002",
                            "id": "sgrule-1844931125",
                            "ipv6_cidr_blocks.#": "0",
                            "prefix_list_ids.#": "0",
                            "protocol": "tcp",
                            "security_group_id": "sg-546ae822",
                            "self": "false",
                            "to_port": "9002",
                            "type": "ingress"
                        },
                        "meta": {
                            "schema_version": "2"
                        },
                        "tainted": false
                    },
                    "deposed": [],
                    "provider": "provider.aws.aws"
                },
                "aws_security_group_rule.haproxy_allow_app_ports_ingress.4": {
                    "type": "aws_security_group_rule",
                    "depends_on": [
                        "aws_security_group.momentum_haproxy"
                    ],
                    "primary": {
                        "id": "sgrule-4149717508",
                        "attributes": {
                            "cidr_blocks.#": "3",
                            "cidr_blocks.0": "10.18.14.0/24",
                            "cidr_blocks.1": "10.18.15.0/24",
                            "cidr_blocks.2": "10.18.16.0/24",
                            "description": "",
                            "from_port": "9004",
                            "id": "sgrule-4149717508",
                            "ipv6_cidr_blocks.#": "0",
                            "prefix_list_ids.#": "0",
                            "protocol": "tcp",
                            "security_group_id": "sg-546ae822",
                            "self": "false",
                            "to_port": "9004",
                            "type": "ingress"
                        },
                        "meta": {
                            "schema_version": "2"
                        },
                        "tainted": false
                    },
                    "deposed": [],
                    "provider": "provider.aws.aws"
                },
                "aws_security_group_rule.haproxy_allow_app_ports_ingress.5": {
                    "type": "aws_security_group_rule",
                    "depends_on": [
                        "aws_security_group.momentum_haproxy"
                    ],
                    "primary": {
                        "id": "sgrule-2534405356",
                        "attributes": {
                            "cidr_blocks.#": "3",
                            "cidr_blocks.0": "10.18.14.0/24",
                            "cidr_blocks.1": "10.18.15.0/24",
                            "cidr_blocks.2": "10.18.16.0/24",
                            "description": "",
                            "from_port": "9005",
                            "id": "sgrule-2534405356",
                            "ipv6_cidr_blocks.#": "0",
                            "prefix_list_ids.#": "0",
                            "protocol": "tcp",
                            "security_group_id": "sg-546ae822",
                            "self": "false",
                            "to_port": "9005",
                            "type": "ingress"
                        },
                        "meta": {
                            "schema_version": "2"
                        },
                        "tainted": false
                    },
                    "deposed": [],
                    "provider": "provider.aws.aws"
                },
                "aws_security_group_rule.haproxy_allow_egress": {
                    "type": "aws_security_group_rule",
                    "depends_on": [
                        "aws_security_group.momentum_haproxy"
                    ],
                    "primary": {
                        "id": "sgrule-3565561856",
                        "attributes": {
                            "cidr_blocks.#": "1",
                            "cidr_blocks.0": "0.0.0.0/0",
                            "description": "",
                            "from_port": "0",
                            "id": "sgrule-3565561856",
                            "ipv6_cidr_blocks.#": "0",
                            "prefix_list_ids.#": "0",
                            "protocol": "-1",
                            "security_group_id": "sg-546ae822",
                            "self": "false",
                            "to_port": "0",
                            "type": "egress"
                        },
                        "meta": {
                            "schema_version": "2"
                        },
                        "tainted": false
                    },
                    "deposed": [],
                    "provider": "provider.aws.aws"
                },
                "aws_security_group_rule.haproxy_allow_ssh_ingress": {
                    "type": "aws_security_group_rule",
                    "depends_on": [
                        "aws_security_group.momentum_haproxy"
                    ],
                    "primary": {
                        "id": "sgrule-3655897278",
                        "attributes": {
                            "cidr_blocks.#": "1",
                            "cidr_blocks.0": "10.0.0.0/8",
                            "description": "",
                            "from_port": "22",
                            "id": "sgrule-3655897278",
                            "ipv6_cidr_blocks.#": "0",
                            "prefix_list_ids.#": "0",
                            "protocol": "tcp",
                            "security_group_id": "sg-546ae822",
                            "self": "false",
                            "to_port": "22",
                            "type": "ingress"
                        },
                        "meta": {
                            "schema_version": "2"
                        },
                        "tainted": false
                    },
                    "deposed": [],
                    "provider": "provider.aws.aws"
                },
                "aws_security_group_rule.haproxy_dmz_app_ports_ingress.0": {
                    "type": "aws_security_group_rule",
                    "depends_on": [
                        "aws_security_group.momentum_haproxy"
                    ],
                    "primary": {
                        "id": "sgrule-1649761760",
                        "attributes": {
                            "cidr_blocks.#": "1",
                            "cidr_blocks.0": "10.0.0.0/8",
                            "description": "",
                            "from_port": "80",
                            "id": "sgrule-1649761760",
                            "ipv6_cidr_blocks.#": "0",
                            "prefix_list_ids.#": "0",
                            "protocol": "tcp",
                            "security_group_id": "sg-546ae822",
                            "self": "false",
                            "to_port": "80",
                            "type": "ingress"
                        },
                        "meta": {
                            "schema_version": "2"
                        },
                        "tainted": false
                    },
                    "deposed": [],
                    "provider": "provider.aws.aws"
                },
                "aws_security_group_rule.haproxy_dmz_app_ports_ingress.1": {
                    "type": "aws_security_group_rule",
                    "depends_on": [
                        "aws_security_group.momentum_haproxy"
                    ],
                    "primary": {
                        "id": "sgrule-135055362",
                        "attributes": {
                            "cidr_blocks.#": "1",
                            "cidr_blocks.0": "10.0.0.0/8",
                            "description": "",
                            "from_port": "9000",
                            "id": "sgrule-135055362",
                            "ipv6_cidr_blocks.#": "0",
                            "prefix_list_ids.#": "0",
                            "protocol": "tcp",
                            "security_group_id": "sg-546ae822",
                            "self": "false",
                            "to_port": "9000",
                            "type": "ingress"
                        },
                        "meta": {
                            "schema_version": "2"
                        },
                        "tainted": false
                    },
                    "deposed": [],
                    "provider": "provider.aws.aws"
                },
                "aws_security_group_rule.haproxy_dmz_app_ports_ingress.2": {
                    "type": "aws_security_group_rule",
                    "depends_on": [
                        "aws_security_group.momentum_haproxy"
                    ],
                    "primary": {
                        "id": "sgrule-3769313359",
                        "attributes": {
                            "cidr_blocks.#": "1",
                            "cidr_blocks.0": "10.0.0.0/8",
                            "description": "",
                            "from_port": "9002",
                            "id": "sgrule-3769313359",
                            "ipv6_cidr_blocks.#": "0",
                            "prefix_list_ids.#": "0",
                            "protocol": "tcp",
                            "security_group_id": "sg-546ae822",
                            "self": "false",
                            "to_port": "9002",
                            "type": "ingress"
                        },
                        "meta": {
                            "schema_version": "2"
                        },
                        "tainted": false
                    },
                    "deposed": [],
                    "provider": "provider.aws.aws"
                },
                "aws_security_group_rule.haproxy_dmz_app_ports_ingress.3": {
                    "type": "aws_security_group_rule",
                    "depends_on": [
                        "aws_security_group.momentum_haproxy"
                    ],
                    "primary": {
                        "id": "sgrule-2614722015",
                        "attributes": {
                            "cidr_blocks.#": "1",
                            "cidr_blocks.0": "10.0.0.0/8",
                            "description": "",
                            "from_port": "9005",
                            "id": "sgrule-2614722015",
                            "ipv6_cidr_blocks.#": "0",
                            "prefix_list_ids.#": "0",
                            "protocol": "tcp",
                            "security_group_id": "sg-546ae822",
                            "self": "false",
                            "to_port": "9005",
                            "type": "ingress"
                        },
                        "meta": {
                            "schema_version": "2"
                        },
                        "tainted": false
                    },
                    "deposed": [],
                    "provider": "provider.aws.aws"
                },
                "aws_security_group_rule.momentum_allow_dmz_ports_ingress": {
                    "type": "aws_security_group_rule",
                    "depends_on": [
                        "aws_security_group.momentum_elb"
                    ],
                    "primary": {
                        "id": "sgrule-1901376922",
                        "attributes": {
                            "cidr_blocks.#": "1",
                            "cidr_blocks.0": "0.0.0.0/0",
                            "description": "",
                            "from_port": "443",
                            "id": "sgrule-1901376922",
                            "ipv6_cidr_blocks.#": "0",
                            "prefix_list_ids.#": "0",
                            "protocol": "tcp",
                            "security_group_id": "sg-f56def83",
                            "self": "false",
                            "to_port": "443",
                            "type": "ingress"
                        },
                        "meta": {
                            "schema_version": "2"
                        },
                        "tainted": false
                    },
                    "deposed": [],
                    "provider": "provider.aws.aws"
                },
                "aws_security_group_rule.momentum_allow_egress": {
                    "type": "aws_security_group_rule",
                    "depends_on": [
                        "aws_security_group.momentum_elb"
                    ],
                    "primary": {
                        "id": "sgrule-2353734275",
                        "attributes": {
                            "cidr_blocks.#": "1",
                            "cidr_blocks.0": "0.0.0.0/0",
                            "description": "",
                            "from_port": "0",
                            "id": "sgrule-2353734275",
                            "ipv6_cidr_blocks.#": "0",
                            "prefix_list_ids.#": "0",
                            "protocol": "-1",
                            "security_group_id": "sg-f56def83",
                            "self": "false",
                            "to_port": "0",
                            "type": "egress"
                        },
                        "meta": {
                            "schema_version": "2"
                        },
                        "tainted": false
                    },
                    "deposed": [],
                    "provider": "provider.aws.aws"
                },
                "aws_security_group_rule.momentum_int_allow_dmz_ports_ingress.0": {
                    "type": "aws_security_group_rule",
                    "depends_on": [
                        "aws_security_group.momentum_int_elb"
                    ],
                    "primary": {
                        "id": "sgrule-2222344635",
                        "attributes": {
                            "cidr_blocks.#": "1",
                            "cidr_blocks.0": "10.0.0.0/8",
                            "from_port": "9000",
                            "id": "sgrule-2222344635",
                            "protocol": "tcp",
                            "security_group_id": "sg-7e181a08",
                            "self": "false",
                            "to_port": "9000",
                            "type": "ingress"
                        },
                        "meta": {
                            "schema_version": "2"
                        },
                        "tainted": false
                    },
                    "deposed": [],
                    "provider": "provider.aws.aws"
                },
                "aws_security_group_rule.momentum_int_allow_dmz_ports_ingress.1": {
                    "type": "aws_security_group_rule",
                    "depends_on": [
                        "aws_security_group.momentum_int_elb"
                    ],
                    "primary": {
                        "id": "sgrule-1825679862",
                        "attributes": {
                            "cidr_blocks.#": "1",
                            "cidr_blocks.0": "10.0.0.0/8",
                            "from_port": "9002",
                            "id": "sgrule-1825679862",
                            "protocol": "tcp",
                            "security_group_id": "sg-7e181a08",
                            "self": "false",
                            "to_port": "9002",
                            "type": "ingress"
                        },
                        "meta": {
                            "schema_version": "2"
                        },
                        "tainted": false
                    },
                    "deposed": [],
                    "provider": "provider.aws.aws"
                },
                "aws_security_group_rule.momentum_int_allow_dmz_ports_ingress.2": {
                    "type": "aws_security_group_rule",
                    "depends_on": [
                        "aws_security_group.momentum_int_elb"
                    ],
                    "primary": {
                        "id": "sgrule-2387119968",
                        "attributes": {
                            "cidr_blocks.#": "1",
                            "cidr_blocks.0": "10.0.0.0/8",
                            "from_port": "9004",
                            "id": "sgrule-2387119968",
                            "protocol": "tcp",
                            "security_group_id": "sg-7e181a08",
                            "self": "false",
                            "to_port": "9004",
                            "type": "ingress"
                        },
                        "meta": {
                            "schema_version": "2"
                        },
                        "tainted": false
                    },
                    "deposed": [],
                    "provider": "provider.aws.aws"
                },
                "aws_security_group_rule.momentum_int_allow_egress": {
                    "type": "aws_security_group_rule",
                    "depends_on": [
                        "aws_security_group.momentum_int_elb"
                    ],
                    "primary": {
                        "id": "sgrule-65541671",
                        "attributes": {
                            "cidr_blocks.#": "1",
                            "cidr_blocks.0": "0.0.0.0/0",
                            "description": "",
                            "from_port": "0",
                            "id": "sgrule-65541671",
                            "ipv6_cidr_blocks.#": "0",
                            "prefix_list_ids.#": "0",
                            "protocol": "-1",
                            "security_group_id": "sg-7e181a08",
                            "self": "false",
                            "to_port": "0",
                            "type": "egress"
                        },
                        "meta": {
                            "schema_version": "2"
                        },
                        "tainted": false
                    },
                    "deposed": [],
                    "provider": "provider.aws.aws"
                },
                "data.template_file.momentum_haproxy.0": {
                    "type": "template_file",
                    "depends_on": [],
                    "primary": {
                        "id": "2681738f2ceafb029f800604894d1392475321ef9ff895e6aa1a8d3ef3d4f408",
                        "attributes": {
                            "id": "2681738f2ceafb029f800604894d1392475321ef9ff895e6aa1a8d3ef3d4f408",
                            "rendered": "#!/bin/bash\n\n# update hostname\n#hostname USPRDMOMHAP101.`echo SILVER.NCRSMB.COM | awk '{ print toupper($0)}'`\n#sed -i 's/.*/USPRDMOMHAP101/g' /etc/hostname\n\n#update hostsfile\n#sudo sed -i \"/127\\.0\\.0\\.1/a `ip route get 1 |awk '{print $NF;exit}'` USPRDMOMHAP101\\.SILVER.NCRSMB.COM USPRDMOMHAP101\" /etc/hosts\n\nsudo apt-get update\nsudo apt-get -y install python python-apt\n#sudo apt-get -y install sssd realmd krb5-user samba-common packagekit adcli\n\n#enable password authentication with ssh\n#sudo sed -i 's/^Password.*$/PasswordAuthentication yes/g' /etc/ssh/sshd_config \u0026\u0026 sudo systemctl reload ssh\n\n# enable dynamic dns updates\n#sudo sed -i '$ a dyndns_update = True' /etc/sssd/sssd.conf\n\n#Join domain\n#sudo echo 'w1N*7#Egsq' | realm --verbose join -U 'qlid'@`echo SILVER.NCRSMB.COM | awk '{ print toupper($0)}'` `echo SILVER.NCRSMB.COM | awk '{ print toupper($0)}'`\n\n\n",
                            "template": "#!/bin/bash\n\n# update hostname\n#hostname ${hostname}.`echo ${domain} | awk '{ print toupper($0)}'`\n#sed -i 's/.*/${hostname}/g' /etc/hostname\n\n#update hostsfile\n#sudo sed -i \"/127\\.0\\.0\\.1/a `ip route get 1 |awk '{print $NF;exit}'` ${hostname}\\.${domain} ${hostname}\" /etc/hosts\n\nsudo apt-get update\nsudo apt-get -y install python python-apt\n#sudo apt-get -y install sssd realmd krb5-user samba-common packagekit adcli\n\n#enable password authentication with ssh\n#sudo sed -i 's/^Password.*$/PasswordAuthentication yes/g' /etc/ssh/sshd_config \u0026\u0026 sudo systemctl reload ssh\n\n# enable dynamic dns updates\n#sudo sed -i '$ a dyndns_update = True' /etc/sssd/sssd.conf\n\n#Join domain\n#sudo echo '${domain_pass}' | realm --verbose join -U '${domain_user}'@`echo ${domain} | awk '{ print toupper($0)}'` `echo ${domain} | awk '{ print toupper($0)}'`\n\n\n",
                            "vars.%": "6",
                            "vars.device": "xvdb",
                            "vars.domain": "SILVER.NCRSMB.COM",
                            "vars.domain_pass": "w1N*7#Egsq",
                            "vars.domain_user": "qlid",
                            "vars.hostname": "USPRDMOMHAP101",
                            "vars.label": "opt"
                        },
                        "meta": {},
                        "tainted": false
                    },
                    "deposed": [],
                    "provider": "provider.template"
                },
                "data.template_file.momentum_haproxy.1": {
                    "type": "template_file",
                    "depends_on": [],
                    "primary": {
                        "id": "29f6a98ffc6f7053ef3b76ba0e57e119a520b99f6146003d7b5147400f9f2904",
                        "attributes": {
                            "id": "29f6a98ffc6f7053ef3b76ba0e57e119a520b99f6146003d7b5147400f9f2904",
                            "rendered": "#!/bin/bash\n\n# update hostname\n#hostname USPRDMOMHAP102.`echo SILVER.NCRSMB.COM | awk '{ print toupper($0)}'`\n#sed -i 's/.*/USPRDMOMHAP102/g' /etc/hostname\n\n#update hostsfile\n#sudo sed -i \"/127\\.0\\.0\\.1/a `ip route get 1 |awk '{print $NF;exit}'` USPRDMOMHAP102\\.SILVER.NCRSMB.COM USPRDMOMHAP102\" /etc/hosts\n\nsudo apt-get update\nsudo apt-get -y install python python-apt\n#sudo apt-get -y install sssd realmd krb5-user samba-common packagekit adcli\n\n#enable password authentication with ssh\n#sudo sed -i 's/^Password.*$/PasswordAuthentication yes/g' /etc/ssh/sshd_config \u0026\u0026 sudo systemctl reload ssh\n\n# enable dynamic dns updates\n#sudo sed -i '$ a dyndns_update = True' /etc/sssd/sssd.conf\n\n#Join domain\n#sudo echo 'w1N*7#Egsq' | realm --verbose join -U 'qlid'@`echo SILVER.NCRSMB.COM | awk '{ print toupper($0)}'` `echo SILVER.NCRSMB.COM | awk '{ print toupper($0)}'`\n\n\n",
                            "template": "#!/bin/bash\n\n# update hostname\n#hostname ${hostname}.`echo ${domain} | awk '{ print toupper($0)}'`\n#sed -i 's/.*/${hostname}/g' /etc/hostname\n\n#update hostsfile\n#sudo sed -i \"/127\\.0\\.0\\.1/a `ip route get 1 |awk '{print $NF;exit}'` ${hostname}\\.${domain} ${hostname}\" /etc/hosts\n\nsudo apt-get update\nsudo apt-get -y install python python-apt\n#sudo apt-get -y install sssd realmd krb5-user samba-common packagekit adcli\n\n#enable password authentication with ssh\n#sudo sed -i 's/^Password.*$/PasswordAuthentication yes/g' /etc/ssh/sshd_config \u0026\u0026 sudo systemctl reload ssh\n\n# enable dynamic dns updates\n#sudo sed -i '$ a dyndns_update = True' /etc/sssd/sssd.conf\n\n#Join domain\n#sudo echo '${domain_pass}' | realm --verbose join -U '${domain_user}'@`echo ${domain} | awk '{ print toupper($0)}'` `echo ${domain} | awk '{ print toupper($0)}'`\n\n\n",
                            "vars.%": "6",
                            "vars.device": "xvdb",
                            "vars.domain": "SILVER.NCRSMB.COM",
                            "vars.domain_pass": "w1N*7#Egsq",
                            "vars.domain_user": "qlid",
                            "vars.hostname": "USPRDMOMHAP102",
                            "vars.label": "opt"
                        },
                        "meta": {},
                        "tainted": false
                    },
                    "deposed": [],
                    "provider": "provider.template"
                },
                "data.template_file.momentum_haproxy.2": {
                    "type": "template_file",
                    "depends_on": [],
                    "primary": {
                        "id": "fe03c0a715e2d0d36907e94c7a3833ff1a5c0965fc6242bb06609a3ebed71e0b",
                        "attributes": {
                            "id": "fe03c0a715e2d0d36907e94c7a3833ff1a5c0965fc6242bb06609a3ebed71e0b",
                            "rendered": "#!/bin/bash\n\n# update hostname\n#hostname USPRDMOMHAP103.`echo SILVER.NCRSMB.COM | awk '{ print toupper($0)}'`\n#sed -i 's/.*/USPRDMOMHAP103/g' /etc/hostname\n\n#update hostsfile\n#sudo sed -i \"/127\\.0\\.0\\.1/a `ip route get 1 |awk '{print $NF;exit}'` USPRDMOMHAP103\\.SILVER.NCRSMB.COM USPRDMOMHAP103\" /etc/hosts\n\nsudo apt-get update\nsudo apt-get -y install python python-apt\n#sudo apt-get -y install sssd realmd krb5-user samba-common packagekit adcli\n\n#enable password authentication with ssh\n#sudo sed -i 's/^Password.*$/PasswordAuthentication yes/g' /etc/ssh/sshd_config \u0026\u0026 sudo systemctl reload ssh\n\n# enable dynamic dns updates\n#sudo sed -i '$ a dyndns_update = True' /etc/sssd/sssd.conf\n\n#Join domain\n#sudo echo 'w1N*7#Egsq' | realm --verbose join -U 'qlid'@`echo SILVER.NCRSMB.COM | awk '{ print toupper($0)}'` `echo SILVER.NCRSMB.COM | awk '{ print toupper($0)}'`\n\n\n",
                            "template": "#!/bin/bash\n\n# update hostname\n#hostname ${hostname}.`echo ${domain} | awk '{ print toupper($0)}'`\n#sed -i 's/.*/${hostname}/g' /etc/hostname\n\n#update hostsfile\n#sudo sed -i \"/127\\.0\\.0\\.1/a `ip route get 1 |awk '{print $NF;exit}'` ${hostname}\\.${domain} ${hostname}\" /etc/hosts\n\nsudo apt-get update\nsudo apt-get -y install python python-apt\n#sudo apt-get -y install sssd realmd krb5-user samba-common packagekit adcli\n\n#enable password authentication with ssh\n#sudo sed -i 's/^Password.*$/PasswordAuthentication yes/g' /etc/ssh/sshd_config \u0026\u0026 sudo systemctl reload ssh\n\n# enable dynamic dns updates\n#sudo sed -i '$ a dyndns_update = True' /etc/sssd/sssd.conf\n\n#Join domain\n#sudo echo '${domain_pass}' | realm --verbose join -U '${domain_user}'@`echo ${domain} | awk '{ print toupper($0)}'` `echo ${domain} | awk '{ print toupper($0)}'`\n\n\n",
                            "vars.%": "6",
                            "vars.device": "xvdb",
                            "vars.domain": "SILVER.NCRSMB.COM",
                            "vars.domain_pass": "w1N*7#Egsq",
                            "vars.domain_user": "qlid",
                            "vars.hostname": "USPRDMOMHAP103",
                            "vars.label": "opt"
                        },
                        "meta": {},
                        "tainted": false
                    },
                    "deposed": [],
                    "provider": "provider.template"
                }
            },
            "depends_on": []
        },
        {
            "path": [
                "root",
                "impulse-ansible"
            ],
            "outputs": {},
            "resources": {
                "aws_instance.momentum_impulse.0": {
                    "type": "aws_instance",
                    "depends_on": [
                        "aws_security_group.momentum_impulse",
                        "data.template_file.momentum_impulse.*"
                    ],
                    "primary": {
                        "id": "i-03c0b71c9abf35595",
                        "attributes": {
                            "ami": "ami-43a15f3e",
                            "associate_public_ip_address": "false",
                            "availability_zone": "us-east-1a",
                            "disable_api_termination": "false",
                            "ebs_block_device.#": "1",
                            "ebs_block_device.2576023345.delete_on_termination": "false",
                            "ebs_block_device.2576023345.device_name": "/dev/sdb",
                            "ebs_block_device.2576023345.encrypted": "false",
                            "ebs_block_device.2576023345.iops": "300",
                            "ebs_block_device.2576023345.snapshot_id": "",
                            "ebs_block_device.2576023345.volume_size": "100",
                            "ebs_block_device.2576023345.volume_type": "gp2",
                            "ebs_optimized": "false",
                            "ephemeral_block_device.#": "0",
                            "iam_instance_profile": "ec2_bootstrap",
                            "id": "i-03c0b71c9abf35595",
                            "instance_state": "running",
                            "instance_type": "m5.xlarge",
                            "ipv6_addresses.#": "0",
                            "key_name": "us-east-1",
                            "monitoring": "false",
                            "network_interface.#": "0",
                            "network_interface_id": "eni-4e32e956",
                            "primary_network_interface_id": "eni-4e32e956",
                            "private_dns": "ip-10-18-14-223.ec2.internal",
                            "private_ip": "10.18.14.223",
                            "public_dns": "",
                            "public_ip": "",
                            "root_block_device.#": "1",
                            "root_block_device.0.delete_on_termination": "true",
                            "root_block_device.0.iops": "120",
                            "root_block_device.0.volume_size": "40",
                            "root_block_device.0.volume_type": "gp2",
                            "security_groups.#": "0",
                            "source_dest_check": "true",
                            "subnet_id": "subnet-8e91a3f8",
                            "tags.%": "4",
                            "tags.Application": "Momentum",
                            "tags.Environment": "USPRD",
                            "tags.Name": "USPRDMOMIMP101",
                            "tags.Role": "impulse",
                            "tenancy": "default",
                            "user_data": "d82052c788371a9a1648e4c27053ef738b80bf4b",
                            "volume_tags.%": "0",
                            "vpc_security_group_ids.#": "1",
                            "vpc_security_group_ids.1555060697": "sg-cd6eecbb"
                        },
                        "meta": {
                            "e2bfb730-ecaa-11e6-8f88-34363bc7c4c0": {
                                "create": 600000000000,
                                "delete": 600000000000,
                                "update": 600000000000
                            },
                            "schema_version": "1"
                        },
                        "tainted": false
                    },
                    "deposed": [],
                    "provider": "provider.aws.aws"
                },
                "aws_instance.momentum_impulse.1": {
                    "type": "aws_instance",
                    "depends_on": [
                        "aws_security_group.momentum_impulse",
                        "data.template_file.momentum_impulse.*"
                    ],
                    "primary": {
                        "id": "i-0dd88cdfee7692a13",
                        "attributes": {
                            "ami": "ami-43a15f3e",
                            "associate_public_ip_address": "false",
                            "availability_zone": "us-east-1b",
                            "disable_api_termination": "false",
                            "ebs_block_device.#": "1",
                            "ebs_block_device.2576023345.delete_on_termination": "false",
                            "ebs_block_device.2576023345.device_name": "/dev/sdb",
                            "ebs_block_device.2576023345.encrypted": "false",
                            "ebs_block_device.2576023345.iops": "300",
                            "ebs_block_device.2576023345.snapshot_id": "",
                            "ebs_block_device.2576023345.volume_size": "100",
                            "ebs_block_device.2576023345.volume_type": "gp2",
                            "ebs_optimized": "false",
                            "ephemeral_block_device.#": "0",
                            "iam_instance_profile": "ec2_bootstrap",
                            "id": "i-0dd88cdfee7692a13",
                            "instance_state": "running",
                            "instance_type": "m5.xlarge",
                            "ipv6_addresses.#": "0",
                            "key_name": "us-east-1",
                            "monitoring": "false",
                            "network_interface.#": "0",
                            "network_interface_id": "eni-abc3b57a",
                            "primary_network_interface_id": "eni-abc3b57a",
                            "private_dns": "ip-10-18-15-130.ec2.internal",
                            "private_ip": "10.18.15.130",
                            "public_dns": "",
                            "public_ip": "",
                            "root_block_device.#": "1",
                            "root_block_device.0.delete_on_termination": "true",
                            "root_block_device.0.iops": "120",
                            "root_block_device.0.volume_size": "40",
                            "root_block_device.0.volume_type": "gp2",
                            "security_groups.#": "0",
                            "source_dest_check": "true",
                            "subnet_id": "subnet-002a6458",
                            "tags.%": "4",
                            "tags.Application": "Momentum",
                            "tags.Environment": "USPRD",
                            "tags.Name": "USPRDMOMIMP102",
                            "tags.Role": "impulse",
                            "tenancy": "default",
                            "user_data": "9ecd1ef4f11220bdff88e523b4e3905674b46f2c",
                            "volume_tags.%": "0",
                            "vpc_security_group_ids.#": "1",
                            "vpc_security_group_ids.1555060697": "sg-cd6eecbb"
                        },
                        "meta": {
                            "e2bfb730-ecaa-11e6-8f88-34363bc7c4c0": {
                                "create": 600000000000,
                                "delete": 600000000000,
                                "update": 600000000000
                            },
                            "schema_version": "1"
                        },
                        "tainted": false
                    },
                    "deposed": [],
                    "provider": "provider.aws.aws"
                },
                "aws_instance.momentum_impulse.2": {
                    "type": "aws_instance",
                    "depends_on": [
                        "aws_security_group.momentum_impulse",
                        "data.template_file.momentum_impulse.*"
                    ],
                    "primary": {
                        "id": "i-02ea7b5fad9cace00",
                        "attributes": {
                            "ami": "ami-43a15f3e",
                            "associate_public_ip_address": "false",
                            "availability_zone": "us-east-1d",
                            "disable_api_termination": "false",
                            "ebs_block_device.#": "1",
                            "ebs_block_device.2576023345.delete_on_termination": "false",
                            "ebs_block_device.2576023345.device_name": "/dev/sdb",
                            "ebs_block_device.2576023345.encrypted": "false",
                            "ebs_block_device.2576023345.iops": "300",
                            "ebs_block_device.2576023345.snapshot_id": "",
                            "ebs_block_device.2576023345.volume_size": "100",
                            "ebs_block_device.2576023345.volume_type": "gp2",
                            "ebs_optimized": "false",
                            "ephemeral_block_device.#": "0",
                            "iam_instance_profile": "ec2_bootstrap",
                            "id": "i-02ea7b5fad9cace00",
                            "instance_state": "running",
                            "instance_type": "m5.xlarge",
                            "ipv6_addresses.#": "0",
                            "key_name": "us-east-1",
                            "monitoring": "false",
                            "network_interface.#": "0",
                            "network_interface_id": "eni-c6502c09",
                            "primary_network_interface_id": "eni-c6502c09",
                            "private_dns": "ip-10-18-16-72.ec2.internal",
                            "private_ip": "10.18.16.72",
                            "public_dns": "",
                            "public_ip": "",
                            "root_block_device.#": "1",
                            "root_block_device.0.delete_on_termination": "true",
                            "root_block_device.0.iops": "120",
                            "root_block_device.0.volume_size": "40",
                            "root_block_device.0.volume_type": "gp2",
                            "security_groups.#": "0",
                            "source_dest_check": "true",
                            "subnet_id": "subnet-de8eccf4",
                            "tags.%": "4",
                            "tags.Application": "Momentum",
                            "tags.Environment": "USPRD",
                            "tags.Name": "USPRDMOMIMP103",
                            "tags.Role": "impulse",
                            "tenancy": "default",
                            "user_data": "5b29016ee501b0b541cb3ae2fa4f7f1e5decf44b",
                            "volume_tags.%": "0",
                            "vpc_security_group_ids.#": "1",
                            "vpc_security_group_ids.1555060697": "sg-cd6eecbb"
                        },
                        "meta": {
                            "e2bfb730-ecaa-11e6-8f88-34363bc7c4c0": {
                                "create": 600000000000,
                                "delete": 600000000000,
                                "update": 600000000000
                            },
                            "schema_version": "1"
                        },
                        "tainted": false
                    },
                    "deposed": [],
                    "provider": "provider.aws.aws"
                },
                "aws_route53_record.momentum_impulse.0": {
                    "type": "aws_route53_record",
                    "depends_on": [
                        "aws_instance.momentum_impulse.*"
                    ],
                    "primary": {
                        "id": "Z2OQJX4SA59BGJ_usprdmomimp101_A",
                        "attributes": {
                            "fqdn": "usprdmomimp101.ncrsmb.com",
                            "health_check_id": "",
                            "id": "Z2OQJX4SA59BGJ_usprdmomimp101_A",
                            "name": "usprdmomimp101",
                            "records.#": "1",
                            "records.3546418233": "10.18.14.223",
                            "set_identifier": "",
                            "ttl": "300",
                            "type": "A",
                            "zone_id": "Z2OQJX4SA59BGJ"
                        },
                        "meta": {
                            "schema_version": "2"
                        },
                        "tainted": false
                    },
                    "deposed": [],
                    "provider": "provider.aws.us_prd"
                },
                "aws_route53_record.momentum_impulse.1": {
                    "type": "aws_route53_record",
                    "depends_on": [
                        "aws_instance.momentum_impulse.*"
                    ],
                    "primary": {
                        "id": "Z2OQJX4SA59BGJ_usprdmomimp102_A",
                        "attributes": {
                            "fqdn": "usprdmomimp102.ncrsmb.com",
                            "health_check_id": "",
                            "id": "Z2OQJX4SA59BGJ_usprdmomimp102_A",
                            "name": "usprdmomimp102",
                            "records.#": "1",
                            "records.1817639723": "10.18.15.130",
                            "set_identifier": "",
                            "ttl": "300",
                            "type": "A",
                            "zone_id": "Z2OQJX4SA59BGJ"
                        },
                        "meta": {
                            "schema_version": "2"
                        },
                        "tainted": false
                    },
                    "deposed": [],
                    "provider": "provider.aws.us_prd"
                },
                "aws_route53_record.momentum_impulse.2": {
                    "type": "aws_route53_record",
                    "depends_on": [
                        "aws_instance.momentum_impulse.*"
                    ],
                    "primary": {
                        "id": "Z2OQJX4SA59BGJ_usprdmomimp103_A",
                        "attributes": {
                            "fqdn": "usprdmomimp103.ncrsmb.com",
                            "health_check_id": "",
                            "id": "Z2OQJX4SA59BGJ_usprdmomimp103_A",
                            "name": "usprdmomimp103",
                            "records.#": "1",
                            "records.1827442364": "10.18.16.72",
                            "set_identifier": "",
                            "ttl": "300",
                            "type": "A",
                            "zone_id": "Z2OQJX4SA59BGJ"
                        },
                        "meta": {
                            "schema_version": "2"
                        },
                        "tainted": false
                    },
                    "deposed": [],
                    "provider": "provider.aws.us_prd"
                },
                "aws_security_group.momentum_impulse": {
                    "type": "aws_security_group",
                    "depends_on": [],
                    "primary": {
                        "id": "sg-cd6eecbb",
                        "attributes": {
                            "description": "Allow certain ports and IP ranges used to establish connections to the impulse server",
                            "egress.#": "1",
                            "egress.482069346.cidr_blocks.#": "1",
                            "egress.482069346.cidr_blocks.0": "0.0.0.0/0",
                            "egress.482069346.description": "",
                            "egress.482069346.from_port": "0",
                            "egress.482069346.ipv6_cidr_blocks.#": "0",
                            "egress.482069346.prefix_list_ids.#": "0",
                            "egress.482069346.protocol": "-1",
                            "egress.482069346.security_groups.#": "0",
                            "egress.482069346.self": "false",
                            "egress.482069346.to_port": "0",
                            "id": "sg-cd6eecbb",
                            "ingress.#": "5",
                            "ingress.1691269627.cidr_blocks.#": "3",
                            "ingress.1691269627.cidr_blocks.0": "10.18.14.0/24",
                            "ingress.1691269627.cidr_blocks.1": "10.18.15.0/24",
                            "ingress.1691269627.cidr_blocks.2": "10.18.16.0/24",
                            "ingress.1691269627.description": "",
                            "ingress.1691269627.from_port": "9004",
                            "ingress.1691269627.ipv6_cidr_blocks.#": "0",
                            "ingress.1691269627.protocol": "tcp",
                            "ingress.1691269627.security_groups.#": "0",
                            "ingress.1691269627.self": "false",
                            "ingress.1691269627.to_port": "9004",
                            "ingress.179083333.cidr_blocks.#": "1",
                            "ingress.179083333.cidr_blocks.0": "10.0.0.0/8",
                            "ingress.179083333.description": "",
                            "ingress.179083333.from_port": "22",
                            "ingress.179083333.ipv6_cidr_blocks.#": "0",
                            "ingress.179083333.protocol": "tcp",
                            "ingress.179083333.security_groups.#": "0",
                            "ingress.179083333.self": "false",
                            "ingress.179083333.to_port": "22",
                            "ingress.203888060.cidr_blocks.#": "3",
                            "ingress.203888060.cidr_blocks.0": "10.18.14.0/24",
                            "ingress.203888060.cidr_blocks.1": "10.18.15.0/24",
                            "ingress.203888060.cidr_blocks.2": "10.18.16.0/24",
                            "ingress.203888060.description": "",
                            "ingress.203888060.from_port": "9005",
                            "ingress.203888060.ipv6_cidr_blocks.#": "0",
                            "ingress.203888060.protocol": "tcp",
                            "ingress.203888060.security_groups.#": "0",
                            "ingress.203888060.self": "false",
                            "ingress.203888060.to_port": "9005",
                            "ingress.3452589608.cidr_blocks.#": "3",
                            "ingress.3452589608.cidr_blocks.0": "10.18.14.0/24",
                            "ingress.3452589608.cidr_blocks.1": "10.18.15.0/24",
                            "ingress.3452589608.cidr_blocks.2": "10.18.16.0/24",
                            "ingress.3452589608.description": "",
                            "ingress.3452589608.from_port": "9002",
                            "ingress.3452589608.ipv6_cidr_blocks.#": "0",
                            "ingress.3452589608.protocol": "tcp",
                            "ingress.3452589608.security_groups.#": "0",
                            "ingress.3452589608.self": "false",
                            "ingress.3452589608.to_port": "9002",
                            "ingress.471404198.cidr_blocks.#": "3",
                            "ingress.471404198.cidr_blocks.0": "10.18.14.0/24",
                            "ingress.471404198.cidr_blocks.1": "10.18.15.0/24",
                            "ingress.471404198.cidr_blocks.2": "10.18.16.0/24",
                            "ingress.471404198.description": "",
                            "ingress.471404198.from_port": "9000",
                            "ingress.471404198.ipv6_cidr_blocks.#": "0",
                            "ingress.471404198.protocol": "tcp",
                            "ingress.471404198.security_groups.#": "0",
                            "ingress.471404198.self": "false",
                            "ingress.471404198.to_port": "9000",
                            "name": "USPRDMOMIMP1",
                            "owner_id": "048485690753",
                            "tags.%": "1",
                            "tags.Name": "USPRDMOMIMP1",
                            "vpc_id": "vpc-2ada7f4d"
                        },
                        "meta": {},
                        "tainted": false
                    },
                    "deposed": [],
                    "provider": "provider.aws.aws"
                },
                "aws_security_group_rule.impulse_allow_app_ports_ingress.0": {
                    "type": "aws_security_group_rule",
                    "depends_on": [
                        "aws_security_group.momentum_impulse"
                    ],
                    "primary": {
                        "id": "sgrule-2177378437",
                        "attributes": {
                            "cidr_blocks.#": "3",
                            "cidr_blocks.0": "10.18.14.0/24",
                            "cidr_blocks.1": "10.18.15.0/24",
                            "cidr_blocks.2": "10.18.16.0/24",
                            "description": "",
                            "from_port": "9000",
                            "id": "sgrule-2177378437",
                            "ipv6_cidr_blocks.#": "0",
                            "prefix_list_ids.#": "0",
                            "protocol": "tcp",
                            "security_group_id": "sg-cd6eecbb",
                            "self": "false",
                            "to_port": "9000",
                            "type": "ingress"
                        },
                        "meta": {
                            "schema_version": "2"
                        },
                        "tainted": false
                    },
                    "deposed": [],
                    "provider": "provider.aws.aws"
                },
                "aws_security_group_rule.impulse_allow_app_ports_ingress.1": {
                    "type": "aws_security_group_rule",
                    "depends_on": [
                        "aws_security_group.momentum_impulse"
                    ],
                    "primary": {
                        "id": "sgrule-1098421589",
                        "attributes": {
                            "cidr_blocks.#": "3",
                            "cidr_blocks.0": "10.18.14.0/24",
                            "cidr_blocks.1": "10.18.15.0/24",
                            "cidr_blocks.2": "10.18.16.0/24",
                            "description": "",
                            "from_port": "9002",
                            "id": "sgrule-1098421589",
                            "ipv6_cidr_blocks.#": "0",
                            "prefix_list_ids.#": "0",
                            "protocol": "tcp",
                            "security_group_id": "sg-cd6eecbb",
                            "self": "false",
                            "to_port": "9002",
                            "type": "ingress"
                        },
                        "meta": {
                            "schema_version": "2"
                        },
                        "tainted": false
                    },
                    "deposed": [],
                    "provider": "provider.aws.aws"
                },
                "aws_security_group_rule.impulse_allow_app_ports_ingress.2": {
                    "type": "aws_security_group_rule",
                    "depends_on": [
                        "aws_security_group.momentum_impulse"
                    ],
                    "primary": {
                        "id": "sgrule-3688387940",
                        "attributes": {
                            "cidr_blocks.#": "3",
                            "cidr_blocks.0": "10.18.14.0/24",
                            "cidr_blocks.1": "10.18.15.0/24",
                            "cidr_blocks.2": "10.18.16.0/24",
                            "description": "",
                            "from_port": "9004",
                            "id": "sgrule-3688387940",
                            "ipv6_cidr_blocks.#": "0",
                            "prefix_list_ids.#": "0",
                            "protocol": "tcp",
                            "security_group_id": "sg-cd6eecbb",
                            "self": "false",
                            "to_port": "9004",
                            "type": "ingress"
                        },
                        "meta": {
                            "schema_version": "2"
                        },
                        "tainted": false
                    },
                    "deposed": [],
                    "provider": "provider.aws.aws"
                },
                "aws_security_group_rule.impulse_allow_app_ports_ingress.3": {
                    "type": "aws_security_group_rule",
                    "depends_on": [
                        "aws_security_group.momentum_impulse"
                    ],
                    "primary": {
                        "id": "sgrule-3145730956",
                        "attributes": {
                            "cidr_blocks.#": "3",
                            "cidr_blocks.0": "10.18.14.0/24",
                            "cidr_blocks.1": "10.18.15.0/24",
                            "cidr_blocks.2": "10.18.16.0/24",
                            "description": "",
                            "from_port": "9005",
                            "id": "sgrule-3145730956",
                            "ipv6_cidr_blocks.#": "0",
                            "prefix_list_ids.#": "0",
                            "protocol": "tcp",
                            "security_group_id": "sg-cd6eecbb",
                            "self": "false",
                            "to_port": "9005",
                            "type": "ingress"
                        },
                        "meta": {
                            "schema_version": "2"
                        },
                        "tainted": false
                    },
                    "deposed": [],
                    "provider": "provider.aws.aws"
                },
                "aws_security_group_rule.impulse_allow_egress": {
                    "type": "aws_security_group_rule",
                    "depends_on": [
                        "aws_security_group.momentum_impulse"
                    ],
                    "primary": {
                        "id": "sgrule-1569697249",
                        "attributes": {
                            "cidr_blocks.#": "1",
                            "cidr_blocks.0": "0.0.0.0/0",
                            "description": "",
                            "from_port": "0",
                            "id": "sgrule-1569697249",
                            "ipv6_cidr_blocks.#": "0",
                            "prefix_list_ids.#": "0",
                            "protocol": "-1",
                            "security_group_id": "sg-cd6eecbb",
                            "self": "false",
                            "to_port": "0",
                            "type": "egress"
                        },
                        "meta": {
                            "schema_version": "2"
                        },
                        "tainted": false
                    },
                    "deposed": [],
                    "provider": "provider.aws.aws"
                },
                "aws_security_group_rule.impulse_allow_ssh_ingress": {
                    "type": "aws_security_group_rule",
                    "depends_on": [
                        "aws_security_group.momentum_impulse"
                    ],
                    "primary": {
                        "id": "sgrule-1129942635",
                        "attributes": {
                            "cidr_blocks.#": "1",
                            "cidr_blocks.0": "10.0.0.0/8",
                            "description": "",
                            "from_port": "22",
                            "id": "sgrule-1129942635",
                            "ipv6_cidr_blocks.#": "0",
                            "prefix_list_ids.#": "0",
                            "protocol": "tcp",
                            "security_group_id": "sg-cd6eecbb",
                            "self": "false",
                            "to_port": "22",
                            "type": "ingress"
                        },
                        "meta": {
                            "schema_version": "2"
                        },
                        "tainted": false
                    },
                    "deposed": [],
                    "provider": "provider.aws.aws"
                },
                "data.template_file.momentum_impulse.0": {
                    "type": "template_file",
                    "depends_on": [],
                    "primary": {
                        "id": "ca00203b299c58ab585ca61b6fac215fa261a231ab9b42f9a790d2b3026a5f1b",
                        "attributes": {
                            "id": "ca00203b299c58ab585ca61b6fac215fa261a231ab9b42f9a790d2b3026a5f1b",
                            "rendered": "#!/bin/bash\n\n# update hostname\n#hostname USPRDMOMIMP101.`echo SILVER.NCRSMB.COM | awk '{ print toupper($0)}'`\n#sed -i 's/.*/USPRDMOMIMP101/g' /etc/hostname\n\n#update hostsfile\n#sudo sed -i \"/127\\.0\\.0\\.1/a `ip route get 1 |awk '{print $NF;exit}'` USPRDMOMIMP101\\.SILVER.NCRSMB.COM USPRDMOMIMP101\" /etc/hosts\n\nsudo apt-get update\nsudo apt-get -y install python python-apt\n#sudo apt-get -y install sssd realmd krb5-user samba-common packagekit adcli\n\nmkfs.ext4 /dev/nvme1n1\n/sbin/e2label /dev/nvme1n1 opt\n\necho -e 'LABEL=opt\\t/opt\\text4\\tdefaults\\t0 0' \u003e\u003e /etc/fstab\n\nmkdir /opt\nmount -a\n\n#enable password authentication with ssh\n#sudo sed -i 's/^Password.*$/PasswordAuthentication yes/g' /etc/ssh/sshd_config \u0026\u0026 sudo systemctl reload ssh\n\n# enable dynamic dns updates\n#sudo sed -i '$ a dyndns_update = True' /etc/sssd/sssd.conf\n\n#Join domain\n#sudo echo 'w1N*7#Egsq' | realm --verbose join -U 'qlid'@`echo SILVER.NCRSMB.COM | awk '{ print toupper($0)}'` `echo SILVER.NCRSMB.COM | awk '{ print toupper($0)}'`\n",
                            "template": "#!/bin/bash\n\n# update hostname\n#hostname ${hostname}.`echo ${domain} | awk '{ print toupper($0)}'`\n#sed -i 's/.*/${hostname}/g' /etc/hostname\n\n#update hostsfile\n#sudo sed -i \"/127\\.0\\.0\\.1/a `ip route get 1 |awk '{print $NF;exit}'` ${hostname}\\.${domain} ${hostname}\" /etc/hosts\n\nsudo apt-get update\nsudo apt-get -y install python python-apt\n#sudo apt-get -y install sssd realmd krb5-user samba-common packagekit adcli\n\nmkfs.ext4 /dev/${device}\n/sbin/e2label /dev/${device} ${label}\n\necho -e 'LABEL=${label}\\t/opt\\text4\\tdefaults\\t0 0' \u003e\u003e /etc/fstab\n\nmkdir /opt\nmount -a\n\n#enable password authentication with ssh\n#sudo sed -i 's/^Password.*$/PasswordAuthentication yes/g' /etc/ssh/sshd_config \u0026\u0026 sudo systemctl reload ssh\n\n# enable dynamic dns updates\n#sudo sed -i '$ a dyndns_update = True' /etc/sssd/sssd.conf\n\n#Join domain\n#sudo echo '${domain_pass}' | realm --verbose join -U '${domain_user}'@`echo ${domain} | awk '{ print toupper($0)}'` `echo ${domain} | awk '{ print toupper($0)}'`\n",
                            "vars.%": "6",
                            "vars.device": "nvme1n1",
                            "vars.domain": "SILVER.NCRSMB.COM",
                            "vars.domain_pass": "w1N*7#Egsq",
                            "vars.domain_user": "qlid",
                            "vars.hostname": "USPRDMOMIMP101",
                            "vars.label": "opt"
                        },
                        "meta": {},
                        "tainted": false
                    },
                    "deposed": [],
                    "provider": "provider.template"
                },
                "data.template_file.momentum_impulse.1": {
                    "type": "template_file",
                    "depends_on": [],
                    "primary": {
                        "id": "c66370b7d99c3299446ed0266f055aab4bbdb62d30aace196815960afcc295a7",
                        "attributes": {
                            "id": "c66370b7d99c3299446ed0266f055aab4bbdb62d30aace196815960afcc295a7",
                            "rendered": "#!/bin/bash\n\n# update hostname\n#hostname USPRDMOMIMP102.`echo SILVER.NCRSMB.COM | awk '{ print toupper($0)}'`\n#sed -i 's/.*/USPRDMOMIMP102/g' /etc/hostname\n\n#update hostsfile\n#sudo sed -i \"/127\\.0\\.0\\.1/a `ip route get 1 |awk '{print $NF;exit}'` USPRDMOMIMP102\\.SILVER.NCRSMB.COM USPRDMOMIMP102\" /etc/hosts\n\nsudo apt-get update\nsudo apt-get -y install python python-apt\n#sudo apt-get -y install sssd realmd krb5-user samba-common packagekit adcli\n\nmkfs.ext4 /dev/nvme1n1\n/sbin/e2label /dev/nvme1n1 opt\n\necho -e 'LABEL=opt\\t/opt\\text4\\tdefaults\\t0 0' \u003e\u003e /etc/fstab\n\nmkdir /opt\nmount -a\n\n#enable password authentication with ssh\n#sudo sed -i 's/^Password.*$/PasswordAuthentication yes/g' /etc/ssh/sshd_config \u0026\u0026 sudo systemctl reload ssh\n\n# enable dynamic dns updates\n#sudo sed -i '$ a dyndns_update = True' /etc/sssd/sssd.conf\n\n#Join domain\n#sudo echo 'w1N*7#Egsq' | realm --verbose join -U 'qlid'@`echo SILVER.NCRSMB.COM | awk '{ print toupper($0)}'` `echo SILVER.NCRSMB.COM | awk '{ print toupper($0)}'`\n",
                            "template": "#!/bin/bash\n\n# update hostname\n#hostname ${hostname}.`echo ${domain} | awk '{ print toupper($0)}'`\n#sed -i 's/.*/${hostname}/g' /etc/hostname\n\n#update hostsfile\n#sudo sed -i \"/127\\.0\\.0\\.1/a `ip route get 1 |awk '{print $NF;exit}'` ${hostname}\\.${domain} ${hostname}\" /etc/hosts\n\nsudo apt-get update\nsudo apt-get -y install python python-apt\n#sudo apt-get -y install sssd realmd krb5-user samba-common packagekit adcli\n\nmkfs.ext4 /dev/${device}\n/sbin/e2label /dev/${device} ${label}\n\necho -e 'LABEL=${label}\\t/opt\\text4\\tdefaults\\t0 0' \u003e\u003e /etc/fstab\n\nmkdir /opt\nmount -a\n\n#enable password authentication with ssh\n#sudo sed -i 's/^Password.*$/PasswordAuthentication yes/g' /etc/ssh/sshd_config \u0026\u0026 sudo systemctl reload ssh\n\n# enable dynamic dns updates\n#sudo sed -i '$ a dyndns_update = True' /etc/sssd/sssd.conf\n\n#Join domain\n#sudo echo '${domain_pass}' | realm --verbose join -U '${domain_user}'@`echo ${domain} | awk '{ print toupper($0)}'` `echo ${domain} | awk '{ print toupper($0)}'`\n",
                            "vars.%": "6",
                            "vars.device": "nvme1n1",
                            "vars.domain": "SILVER.NCRSMB.COM",
                            "vars.domain_pass": "w1N*7#Egsq",
                            "vars.domain_user": "qlid",
                            "vars.hostname": "USPRDMOMIMP102",
                            "vars.label": "opt"
                        },
                        "meta": {},
                        "tainted": false
                    },
                    "deposed": [],
                    "provider": "provider.template"
                },
                "data.template_file.momentum_impulse.2": {
                    "type": "template_file",
                    "depends_on": [],
                    "primary": {
                        "id": "755a43d292dbc184ee2d33eaced91268a6523e4bc6200c4fe7fd838b4a4f9aa0",
                        "attributes": {
                            "id": "755a43d292dbc184ee2d33eaced91268a6523e4bc6200c4fe7fd838b4a4f9aa0",
                            "rendered": "#!/bin/bash\n\n# update hostname\n#hostname USPRDMOMIMP103.`echo SILVER.NCRSMB.COM | awk '{ print toupper($0)}'`\n#sed -i 's/.*/USPRDMOMIMP103/g' /etc/hostname\n\n#update hostsfile\n#sudo sed -i \"/127\\.0\\.0\\.1/a `ip route get 1 |awk '{print $NF;exit}'` USPRDMOMIMP103\\.SILVER.NCRSMB.COM USPRDMOMIMP103\" /etc/hosts\n\nsudo apt-get update\nsudo apt-get -y install python python-apt\n#sudo apt-get -y install sssd realmd krb5-user samba-common packagekit adcli\n\nmkfs.ext4 /dev/nvme1n1\n/sbin/e2label /dev/nvme1n1 opt\n\necho -e 'LABEL=opt\\t/opt\\text4\\tdefaults\\t0 0' \u003e\u003e /etc/fstab\n\nmkdir /opt\nmount -a\n\n#enable password authentication with ssh\n#sudo sed -i 's/^Password.*$/PasswordAuthentication yes/g' /etc/ssh/sshd_config \u0026\u0026 sudo systemctl reload ssh\n\n# enable dynamic dns updates\n#sudo sed -i '$ a dyndns_update = True' /etc/sssd/sssd.conf\n\n#Join domain\n#sudo echo 'w1N*7#Egsq' | realm --verbose join -U 'qlid'@`echo SILVER.NCRSMB.COM | awk '{ print toupper($0)}'` `echo SILVER.NCRSMB.COM | awk '{ print toupper($0)}'`\n",
                            "template": "#!/bin/bash\n\n# update hostname\n#hostname ${hostname}.`echo ${domain} | awk '{ print toupper($0)}'`\n#sed -i 's/.*/${hostname}/g' /etc/hostname\n\n#update hostsfile\n#sudo sed -i \"/127\\.0\\.0\\.1/a `ip route get 1 |awk '{print $NF;exit}'` ${hostname}\\.${domain} ${hostname}\" /etc/hosts\n\nsudo apt-get update\nsudo apt-get -y install python python-apt\n#sudo apt-get -y install sssd realmd krb5-user samba-common packagekit adcli\n\nmkfs.ext4 /dev/${device}\n/sbin/e2label /dev/${device} ${label}\n\necho -e 'LABEL=${label}\\t/opt\\text4\\tdefaults\\t0 0' \u003e\u003e /etc/fstab\n\nmkdir /opt\nmount -a\n\n#enable password authentication with ssh\n#sudo sed -i 's/^Password.*$/PasswordAuthentication yes/g' /etc/ssh/sshd_config \u0026\u0026 sudo systemctl reload ssh\n\n# enable dynamic dns updates\n#sudo sed -i '$ a dyndns_update = True' /etc/sssd/sssd.conf\n\n#Join domain\n#sudo echo '${domain_pass}' | realm --verbose join -U '${domain_user}'@`echo ${domain} | awk '{ print toupper($0)}'` `echo ${domain} | awk '{ print toupper($0)}'`\n",
                            "vars.%": "6",
                            "vars.device": "nvme1n1",
                            "vars.domain": "SILVER.NCRSMB.COM",
                            "vars.domain_pass": "w1N*7#Egsq",
                            "vars.domain_user": "qlid",
                            "vars.hostname": "USPRDMOMIMP103",
                            "vars.label": "opt"
                        },
                        "meta": {},
                        "tainted": false
                    },
                    "deposed": [],
                    "provider": "provider.template"
                }
            },
            "depends_on": []
        },
        {
            "path": [
                "root",
                "insight-ansible"
            ],
            "outputs": {},
            "resources": {
                "aws_instance.momentum_insight.0": {
                    "type": "aws_instance",
                    "depends_on": [
                        "aws_security_group.momentum_insight",
                        "data.template_file.momentum_insight.*"
                    ],
                    "primary": {
                        "id": "i-0697e97441ba11c01",
                        "attributes": {
                            "ami": "ami-43a15f3e",
                            "associate_public_ip_address": "false",
                            "availability_zone": "us-east-1a",
                            "disable_api_termination": "false",
                            "ebs_block_device.#": "1",
                            "ebs_block_device.2576023345.delete_on_termination": "false",
                            "ebs_block_device.2576023345.device_name": "/dev/sdb",
                            "ebs_block_device.2576023345.encrypted": "false",
                            "ebs_block_device.2576023345.iops": "600",
                            "ebs_block_device.2576023345.snapshot_id": "",
                            "ebs_block_device.2576023345.volume_size": "200",
                            "ebs_block_device.2576023345.volume_type": "gp2",
                            "ebs_optimized": "false",
                            "ephemeral_block_device.#": "0",
                            "iam_instance_profile": "ec2_bootstrap",
                            "id": "i-0697e97441ba11c01",
                            "instance_state": "running",
                            "instance_type": "m5.large",
                            "ipv6_addresses.#": "0",
                            "key_name": "us-east-1",
                            "monitoring": "false",
                            "network_interface.#": "0",
                            "network_interface_id": "eni-2033e838",
                            "primary_network_interface_id": "eni-2033e838",
                            "private_dns": "ip-10-18-14-78.ec2.internal",
                            "private_ip": "10.18.14.78",
                            "public_dns": "",
                            "public_ip": "",
                            "root_block_device.#": "1",
                            "root_block_device.0.delete_on_termination": "true",
                            "root_block_device.0.iops": "120",
                            "root_block_device.0.volume_size": "40",
                            "root_block_device.0.volume_type": "gp2",
                            "security_groups.#": "0",
                            "source_dest_check": "true",
                            "subnet_id": "subnet-8e91a3f8",
                            "tags.%": "4",
                            "tags.Application": "Momentum",
                            "tags.Environment": "USPRD",
                            "tags.Name": "USPRDMOMINS101",
                            "tags.Role": "insight",
                            "tenancy": "default",
                            "user_data": "7f75c3dd388fbc4a938ec4ea93a4e5a5b0528807",
                            "volume_tags.%": "0",
                            "vpc_security_group_ids.#": "1",
                            "vpc_security_group_ids.1727467337": "sg-8576f4f3"
                        },
                        "meta": {
                            "e2bfb730-ecaa-11e6-8f88-34363bc7c4c0": {
                                "create": 600000000000,
                                "delete": 600000000000,
                                "update": 600000000000
                            },
                            "schema_version": "1"
                        },
                        "tainted": false
                    },
                    "deposed": [],
                    "provider": "provider.aws.aws"
                },
                "aws_instance.momentum_insight.1": {
                    "type": "aws_instance",
                    "depends_on": [
                        "aws_security_group.momentum_insight",
                        "data.template_file.momentum_insight.*"
                    ],
                    "primary": {
                        "id": "i-0746a80a3a57da81e",
                        "attributes": {
                            "ami": "ami-43a15f3e",
                            "associate_public_ip_address": "false",
                            "availability_zone": "us-east-1b",
                            "disable_api_termination": "false",
                            "ebs_block_device.#": "1",
                            "ebs_block_device.2576023345.delete_on_termination": "false",
                            "ebs_block_device.2576023345.device_name": "/dev/sdb",
                            "ebs_block_device.2576023345.encrypted": "false",
                            "ebs_block_device.2576023345.iops": "600",
                            "ebs_block_device.2576023345.snapshot_id": "",
                            "ebs_block_device.2576023345.volume_size": "200",
                            "ebs_block_device.2576023345.volume_type": "gp2",
                            "ebs_optimized": "false",
                            "ephemeral_block_device.#": "0",
                            "iam_instance_profile": "ec2_bootstrap",
                            "id": "i-0746a80a3a57da81e",
                            "instance_state": "running",
                            "instance_type": "m5.large",
                            "ipv6_addresses.#": "0",
                            "key_name": "us-east-1",
                            "monitoring": "false",
                            "network_interface.#": "0",
                            "network_interface_id": "eni-26cdbbf7",
                            "primary_network_interface_id": "eni-26cdbbf7",
                            "private_dns": "ip-10-18-15-235.ec2.internal",
                            "private_ip": "10.18.15.235",
                            "public_dns": "",
                            "public_ip": "",
                            "root_block_device.#": "1",
                            "root_block_device.0.delete_on_termination": "true",
                            "root_block_device.0.iops": "120",
                            "root_block_device.0.volume_size": "40",
                            "root_block_device.0.volume_type": "gp2",
                            "security_groups.#": "0",
                            "source_dest_check": "true",
                            "subnet_id": "subnet-002a6458",
                            "tags.%": "4",
                            "tags.Application": "Momentum",
                            "tags.Environment": "USPRD",
                            "tags.Name": "USPRDMOMINS102",
                            "tags.Role": "insight",
                            "tenancy": "default",
                            "user_data": "80de730053a578e9686a5ec181fd88ec0ef38cb8",
                            "volume_tags.%": "0",
                            "vpc_security_group_ids.#": "1",
                            "vpc_security_group_ids.1727467337": "sg-8576f4f3"
                        },
                        "meta": {
                            "e2bfb730-ecaa-11e6-8f88-34363bc7c4c0": {
                                "create": 600000000000,
                                "delete": 600000000000,
                                "update": 600000000000
                            },
                            "schema_version": "1"
                        },
                        "tainted": false
                    },
                    "deposed": [],
                    "provider": "provider.aws.aws"
                },
                "aws_route53_record.momentum_insight.0": {
                    "type": "aws_route53_record",
                    "depends_on": [
                        "aws_instance.momentum_insight.*"
                    ],
                    "primary": {
                        "id": "Z2OQJX4SA59BGJ_usprdmomins101_A",
                        "attributes": {
                            "fqdn": "usprdmomins101.ncrsmb.com",
                            "health_check_id": "",
                            "id": "Z2OQJX4SA59BGJ_usprdmomins101_A",
                            "name": "usprdmomins101",
                            "records.#": "1",
                            "records.640724777": "10.18.14.78",
                            "set_identifier": "",
                            "ttl": "300",
                            "type": "A",
                            "zone_id": "Z2OQJX4SA59BGJ"
                        },
                        "meta": {
                            "schema_version": "2"
                        },
                        "tainted": false
                    },
                    "deposed": [],
                    "provider": "provider.aws.us_prd"
                },
                "aws_route53_record.momentum_insight.1": {
                    "type": "aws_route53_record",
                    "depends_on": [
                        "aws_instance.momentum_insight.*"
                    ],
                    "primary": {
                        "id": "Z2OQJX4SA59BGJ_usprdmomins102_A",
                        "attributes": {
                            "fqdn": "usprdmomins102.ncrsmb.com",
                            "health_check_id": "",
                            "id": "Z2OQJX4SA59BGJ_usprdmomins102_A",
                            "name": "usprdmomins102",
                            "records.#": "1",
                            "records.511357437": "10.18.15.235",
                            "set_identifier": "",
                            "ttl": "300",
                            "type": "A",
                            "zone_id": "Z2OQJX4SA59BGJ"
                        },
                        "meta": {
                            "schema_version": "2"
                        },
                        "tainted": false
                    },
                    "deposed": [],
                    "provider": "provider.aws.us_prd"
                },
                "aws_security_group.momentum_insight": {
                    "type": "aws_security_group",
                    "depends_on": [],
                    "primary": {
                        "id": "sg-8576f4f3",
                        "attributes": {
                            "description": "Allow certain ports and IP ranges used to establish connections to the momentum-web server",
                            "egress.#": "1",
                            "egress.482069346.cidr_blocks.#": "1",
                            "egress.482069346.cidr_blocks.0": "0.0.0.0/0",
                            "egress.482069346.description": "",
                            "egress.482069346.from_port": "0",
                            "egress.482069346.ipv6_cidr_blocks.#": "0",
                            "egress.482069346.prefix_list_ids.#": "0",
                            "egress.482069346.protocol": "-1",
                            "egress.482069346.security_groups.#": "0",
                            "egress.482069346.self": "false",
                            "egress.482069346.to_port": "0",
                            "id": "sg-8576f4f3",
                            "ingress.#": "5",
                            "ingress.1691269627.cidr_blocks.#": "3",
                            "ingress.1691269627.cidr_blocks.0": "10.18.14.0/24",
                            "ingress.1691269627.cidr_blocks.1": "10.18.15.0/24",
                            "ingress.1691269627.cidr_blocks.2": "10.18.16.0/24",
                            "ingress.1691269627.description": "",
                            "ingress.1691269627.from_port": "9004",
                            "ingress.1691269627.ipv6_cidr_blocks.#": "0",
                            "ingress.1691269627.protocol": "tcp",
                            "ingress.1691269627.security_groups.#": "0",
                            "ingress.1691269627.self": "false",
                            "ingress.1691269627.to_port": "9004",
                            "ingress.179083333.cidr_blocks.#": "1",
                            "ingress.179083333.cidr_blocks.0": "10.0.0.0/8",
                            "ingress.179083333.description": "",
                            "ingress.179083333.from_port": "22",
                            "ingress.179083333.ipv6_cidr_blocks.#": "0",
                            "ingress.179083333.protocol": "tcp",
                            "ingress.179083333.security_groups.#": "0",
                            "ingress.179083333.self": "false",
                            "ingress.179083333.to_port": "22",
                            "ingress.203888060.cidr_blocks.#": "3",
                            "ingress.203888060.cidr_blocks.0": "10.18.14.0/24",
                            "ingress.203888060.cidr_blocks.1": "10.18.15.0/24",
                            "ingress.203888060.cidr_blocks.2": "10.18.16.0/24",
                            "ingress.203888060.description": "",
                            "ingress.203888060.from_port": "9005",
                            "ingress.203888060.ipv6_cidr_blocks.#": "0",
                            "ingress.203888060.protocol": "tcp",
                            "ingress.203888060.security_groups.#": "0",
                            "ingress.203888060.self": "false",
                            "ingress.203888060.to_port": "9005",
                            "ingress.3452589608.cidr_blocks.#": "3",
                            "ingress.3452589608.cidr_blocks.0": "10.18.14.0/24",
                            "ingress.3452589608.cidr_blocks.1": "10.18.15.0/24",
                            "ingress.3452589608.cidr_blocks.2": "10.18.16.0/24",
                            "ingress.3452589608.description": "",
                            "ingress.3452589608.from_port": "9002",
                            "ingress.3452589608.ipv6_cidr_blocks.#": "0",
                            "ingress.3452589608.protocol": "tcp",
                            "ingress.3452589608.security_groups.#": "0",
                            "ingress.3452589608.self": "false",
                            "ingress.3452589608.to_port": "9002",
                            "ingress.471404198.cidr_blocks.#": "3",
                            "ingress.471404198.cidr_blocks.0": "10.18.14.0/24",
                            "ingress.471404198.cidr_blocks.1": "10.18.15.0/24",
                            "ingress.471404198.cidr_blocks.2": "10.18.16.0/24",
                            "ingress.471404198.description": "",
                            "ingress.471404198.from_port": "9000",
                            "ingress.471404198.ipv6_cidr_blocks.#": "0",
                            "ingress.471404198.protocol": "tcp",
                            "ingress.471404198.security_groups.#": "0",
                            "ingress.471404198.self": "false",
                            "ingress.471404198.to_port": "9000",
                            "name": "USPRDMOMINS1",
                            "owner_id": "048485690753",
                            "tags.%": "1",
                            "tags.Name": "USPRDMOMINS1",
                            "vpc_id": "vpc-2ada7f4d"
                        },
                        "meta": {},
                        "tainted": false
                    },
                    "deposed": [],
                    "provider": "provider.aws.aws"
                },
                "aws_security_group_rule.insight_allow_app_ports_ingress.0": {
                    "type": "aws_security_group_rule",
                    "depends_on": [
                        "aws_security_group.momentum_insight"
                    ],
                    "primary": {
                        "id": "sgrule-927807609",
                        "attributes": {
                            "cidr_blocks.#": "3",
                            "cidr_blocks.0": "10.18.14.0/24",
                            "cidr_blocks.1": "10.18.15.0/24",
                            "cidr_blocks.2": "10.18.16.0/24",
                            "description": "",
                            "from_port": "9000",
                            "id": "sgrule-927807609",
                            "ipv6_cidr_blocks.#": "0",
                            "prefix_list_ids.#": "0",
                            "protocol": "tcp",
                            "security_group_id": "sg-8576f4f3",
                            "self": "false",
                            "to_port": "9000",
                            "type": "ingress"
                        },
                        "meta": {
                            "schema_version": "2"
                        },
                        "tainted": false
                    },
                    "deposed": [],
                    "provider": "provider.aws.aws"
                },
                "aws_security_group_rule.insight_allow_app_ports_ingress.1": {
                    "type": "aws_security_group_rule",
                    "depends_on": [
                        "aws_security_group.momentum_insight"
                    ],
                    "primary": {
                        "id": "sgrule-4160587177",
                        "attributes": {
                            "cidr_blocks.#": "3",
                            "cidr_blocks.0": "10.18.14.0/24",
                            "cidr_blocks.1": "10.18.15.0/24",
                            "cidr_blocks.2": "10.18.16.0/24",
                            "description": "",
                            "from_port": "9002",
                            "id": "sgrule-4160587177",
                            "ipv6_cidr_blocks.#": "0",
                            "prefix_list_ids.#": "0",
                            "protocol": "tcp",
                            "security_group_id": "sg-8576f4f3",
                            "self": "false",
                            "to_port": "9002",
                            "type": "ingress"
                        },
                        "meta": {
                            "schema_version": "2"
                        },
                        "tainted": false
                    },
                    "deposed": [],
                    "provider": "provider.aws.aws"
                },
                "aws_security_group_rule.insight_allow_app_ports_ingress.2": {
                    "type": "aws_security_group_rule",
                    "depends_on": [
                        "aws_security_group.momentum_insight"
                    ],
                    "primary": {
                        "id": "sgrule-218438512",
                        "attributes": {
                            "cidr_blocks.#": "3",
                            "cidr_blocks.0": "10.18.14.0/24",
                            "cidr_blocks.1": "10.18.15.0/24",
                            "cidr_blocks.2": "10.18.16.0/24",
                            "description": "",
                            "from_port": "9005",
                            "id": "sgrule-218438512",
                            "ipv6_cidr_blocks.#": "0",
                            "prefix_list_ids.#": "0",
                            "protocol": "tcp",
                            "security_group_id": "sg-8576f4f3",
                            "self": "false",
                            "to_port": "9005",
                            "type": "ingress"
                        },
                        "meta": {
                            "schema_version": "2"
                        },
                        "tainted": false
                    },
                    "deposed": [],
                    "provider": "provider.aws.aws"
                },
                "aws_security_group_rule.insight_allow_app_ports_ingress.3": {
                    "type": "aws_security_group_rule",
                    "depends_on": [
                        "aws_security_group.momentum_insight"
                    ],
                    "primary": {
                        "id": "sgrule-1834829208",
                        "attributes": {
                            "cidr_blocks.#": "3",
                            "cidr_blocks.0": "10.18.14.0/24",
                            "cidr_blocks.1": "10.18.15.0/24",
                            "cidr_blocks.2": "10.18.16.0/24",
                            "description": "",
                            "from_port": "9004",
                            "id": "sgrule-1834829208",
                            "ipv6_cidr_blocks.#": "0",
                            "prefix_list_ids.#": "0",
                            "protocol": "tcp",
                            "security_group_id": "sg-8576f4f3",
                            "self": "false",
                            "to_port": "9004",
                            "type": "ingress"
                        },
                        "meta": {
                            "schema_version": "2"
                        },
                        "tainted": false
                    },
                    "deposed": [],
                    "provider": "provider.aws.aws"
                },
                "aws_security_group_rule.insight_allow_egress": {
                    "type": "aws_security_group_rule",
                    "depends_on": [
                        "aws_security_group.momentum_insight"
                    ],
                    "primary": {
                        "id": "sgrule-174832107",
                        "attributes": {
                            "cidr_blocks.#": "1",
                            "cidr_blocks.0": "0.0.0.0/0",
                            "description": "",
                            "from_port": "0",
                            "id": "sgrule-174832107",
                            "ipv6_cidr_blocks.#": "0",
                            "prefix_list_ids.#": "0",
                            "protocol": "-1",
                            "security_group_id": "sg-8576f4f3",
                            "self": "false",
                            "to_port": "0",
                            "type": "egress"
                        },
                        "meta": {
                            "schema_version": "2"
                        },
                        "tainted": false
                    },
                    "deposed": [],
                    "provider": "provider.aws.aws"
                },
                "aws_security_group_rule.insight_allow_ssh_ingress": {
                    "type": "aws_security_group_rule",
                    "depends_on": [
                        "aws_security_group.momentum_insight"
                    ],
                    "primary": {
                        "id": "sgrule-3370287471",
                        "attributes": {
                            "cidr_blocks.#": "1",
                            "cidr_blocks.0": "10.0.0.0/8",
                            "description": "",
                            "from_port": "22",
                            "id": "sgrule-3370287471",
                            "ipv6_cidr_blocks.#": "0",
                            "prefix_list_ids.#": "0",
                            "protocol": "tcp",
                            "security_group_id": "sg-8576f4f3",
                            "self": "false",
                            "to_port": "22",
                            "type": "ingress"
                        },
                        "meta": {
                            "schema_version": "2"
                        },
                        "tainted": false
                    },
                    "deposed": [],
                    "provider": "provider.aws.aws"
                },
                "data.template_file.momentum_insight.0": {
                    "type": "template_file",
                    "depends_on": [],
                    "primary": {
                        "id": "fffa2e6a6c2a667719e1eb57f88f1afc480c27589cf8819c45da29fdc1f582e8",
                        "attributes": {
                            "id": "fffa2e6a6c2a667719e1eb57f88f1afc480c27589cf8819c45da29fdc1f582e8",
                            "rendered": "#!/bin/bash\n\n# update hostname\n#hostname USPRDMOMINS101.`echo SILVER.NCRSMB.COM | awk '{ print toupper($0)}'`\n#sed -i 's/.*/USPRDMOMINS101/g' /etc/hostname\n\n#update hostsfile\n#sudo sed -i \"/127\\.0\\.0\\.1/a `ip route get 1 |awk '{print $NF;exit}'` USPRDMOMINS101\\.SILVER.NCRSMB.COM USPRDMOMINS101\" /etc/hosts\n\nsudo apt-get update\nsudo apt-get -y install python python-apt\n#sudo apt-get -y install sssd realmd krb5-user samba-common packagekit adcli\n\nmkfs.ext4 /dev/nvme1n1\n/sbin/e2label /dev/nvme1n1 opt\n\necho -e 'LABEL=opt\\t/opt\\text4\\tdefaults\\t0 0' \u003e\u003e /etc/fstab\n\nmkdir /opt\nmount -a\n\n#enable password authentication with ssh\n#sudo sed -i 's/^Password.*$/PasswordAuthentication yes/g' /etc/ssh/sshd_config \u0026\u0026 sudo systemctl reload ssh\n\n# enable dynamic dns updates\n#sudo sed -i '$ a dyndns_update = True' /etc/sssd/sssd.conf\n\n#Join domain\n#sudo echo 'w1N*7#Egsq' | realm --verbose join -U 'qlid'@`echo SILVER.NCRSMB.COM | awk '{ print toupper($0)}'` `echo SILVER.NCRSMB.COM | awk '{ print toupper($0)}'`\n",
                            "template": "#!/bin/bash\n\n# update hostname\n#hostname ${hostname}.`echo ${domain} | awk '{ print toupper($0)}'`\n#sed -i 's/.*/${hostname}/g' /etc/hostname\n\n#update hostsfile\n#sudo sed -i \"/127\\.0\\.0\\.1/a `ip route get 1 |awk '{print $NF;exit}'` ${hostname}\\.${domain} ${hostname}\" /etc/hosts\n\nsudo apt-get update\nsudo apt-get -y install python python-apt\n#sudo apt-get -y install sssd realmd krb5-user samba-common packagekit adcli\n\nmkfs.ext4 /dev/${device}\n/sbin/e2label /dev/${device} ${label}\n\necho -e 'LABEL=${label}\\t/opt\\text4\\tdefaults\\t0 0' \u003e\u003e /etc/fstab\n\nmkdir /opt\nmount -a\n\n#enable password authentication with ssh\n#sudo sed -i 's/^Password.*$/PasswordAuthentication yes/g' /etc/ssh/sshd_config \u0026\u0026 sudo systemctl reload ssh\n\n# enable dynamic dns updates\n#sudo sed -i '$ a dyndns_update = True' /etc/sssd/sssd.conf\n\n#Join domain\n#sudo echo '${domain_pass}' | realm --verbose join -U '${domain_user}'@`echo ${domain} | awk '{ print toupper($0)}'` `echo ${domain} | awk '{ print toupper($0)}'`\n",
                            "vars.%": "6",
                            "vars.device": "nvme1n1",
                            "vars.domain": "SILVER.NCRSMB.COM",
                            "vars.domain_pass": "w1N*7#Egsq",
                            "vars.domain_user": "qlid",
                            "vars.hostname": "USPRDMOMINS101",
                            "vars.label": "opt"
                        },
                        "meta": {},
                        "tainted": false
                    },
                    "deposed": [],
                    "provider": "provider.template"
                },
                "data.template_file.momentum_insight.1": {
                    "type": "template_file",
                    "depends_on": [],
                    "primary": {
                        "id": "6ae2e08bb18a5e6693bd34e8ec968ba38ebae5e862eb021cf2655af1ddf83cea",
                        "attributes": {
                            "id": "6ae2e08bb18a5e6693bd34e8ec968ba38ebae5e862eb021cf2655af1ddf83cea",
                            "rendered": "#!/bin/bash\n\n# update hostname\n#hostname USPRDMOMINS102.`echo SILVER.NCRSMB.COM | awk '{ print toupper($0)}'`\n#sed -i 's/.*/USPRDMOMINS102/g' /etc/hostname\n\n#update hostsfile\n#sudo sed -i \"/127\\.0\\.0\\.1/a `ip route get 1 |awk '{print $NF;exit}'` USPRDMOMINS102\\.SILVER.NCRSMB.COM USPRDMOMINS102\" /etc/hosts\n\nsudo apt-get update\nsudo apt-get -y install python python-apt\n#sudo apt-get -y install sssd realmd krb5-user samba-common packagekit adcli\n\nmkfs.ext4 /dev/nvme1n1\n/sbin/e2label /dev/nvme1n1 opt\n\necho -e 'LABEL=opt\\t/opt\\text4\\tdefaults\\t0 0' \u003e\u003e /etc/fstab\n\nmkdir /opt\nmount -a\n\n#enable password authentication with ssh\n#sudo sed -i 's/^Password.*$/PasswordAuthentication yes/g' /etc/ssh/sshd_config \u0026\u0026 sudo systemctl reload ssh\n\n# enable dynamic dns updates\n#sudo sed -i '$ a dyndns_update = True' /etc/sssd/sssd.conf\n\n#Join domain\n#sudo echo 'w1N*7#Egsq' | realm --verbose join -U 'qlid'@`echo SILVER.NCRSMB.COM | awk '{ print toupper($0)}'` `echo SILVER.NCRSMB.COM | awk '{ print toupper($0)}'`\n",
                            "template": "#!/bin/bash\n\n# update hostname\n#hostname ${hostname}.`echo ${domain} | awk '{ print toupper($0)}'`\n#sed -i 's/.*/${hostname}/g' /etc/hostname\n\n#update hostsfile\n#sudo sed -i \"/127\\.0\\.0\\.1/a `ip route get 1 |awk '{print $NF;exit}'` ${hostname}\\.${domain} ${hostname}\" /etc/hosts\n\nsudo apt-get update\nsudo apt-get -y install python python-apt\n#sudo apt-get -y install sssd realmd krb5-user samba-common packagekit adcli\n\nmkfs.ext4 /dev/${device}\n/sbin/e2label /dev/${device} ${label}\n\necho -e 'LABEL=${label}\\t/opt\\text4\\tdefaults\\t0 0' \u003e\u003e /etc/fstab\n\nmkdir /opt\nmount -a\n\n#enable password authentication with ssh\n#sudo sed -i 's/^Password.*$/PasswordAuthentication yes/g' /etc/ssh/sshd_config \u0026\u0026 sudo systemctl reload ssh\n\n# enable dynamic dns updates\n#sudo sed -i '$ a dyndns_update = True' /etc/sssd/sssd.conf\n\n#Join domain\n#sudo echo '${domain_pass}' | realm --verbose join -U '${domain_user}'@`echo ${domain} | awk '{ print toupper($0)}'` `echo ${domain} | awk '{ print toupper($0)}'`\n",
                            "vars.%": "6",
                            "vars.device": "nvme1n1",
                            "vars.domain": "SILVER.NCRSMB.COM",
                            "vars.domain_pass": "w1N*7#Egsq",
                            "vars.domain_user": "qlid",
                            "vars.hostname": "USPRDMOMINS102",
                            "vars.label": "opt"
                        },
                        "meta": {},
                        "tainted": false
                    },
                    "deposed": [],
                    "provider": "provider.template"
                }
            },
            "depends_on": []
        },
        {
            "path": [
                "root",
                "kafka-ansible"
            ],
            "outputs": {},
            "resources": {
                "aws_instance.momentum_kafka.0": {
                    "type": "aws_instance",
                    "depends_on": [
                        "aws_security_group.momentum_kafka",
                        "data.template_file.momentum_kafka.*"
                    ],
                    "primary": {
                        "id": "i-0435568d9c1e92c9d",
                        "attributes": {
                            "ami": "ami-43a15f3e",
                            "associate_public_ip_address": "false",
                            "availability_zone": "us-east-1a",
                            "disable_api_termination": "false",
                            "ebs_block_device.#": "1",
                            "ebs_block_device.2576023345.delete_on_termination": "false",
                            "ebs_block_device.2576023345.device_name": "/dev/sdb",
                            "ebs_block_device.2576023345.encrypted": "false",
                            "ebs_block_device.2576023345.iops": "3000",
                            "ebs_block_device.2576023345.snapshot_id": "",
                            "ebs_block_device.2576023345.volume_size": "1000",
                            "ebs_block_device.2576023345.volume_type": "gp2",
                            "ebs_optimized": "false",
                            "ephemeral_block_device.#": "0",
                            "iam_instance_profile": "ec2_bootstrap",
                            "id": "i-0435568d9c1e92c9d",
                            "instance_state": "running",
                            "instance_type": "m5.xlarge",
                            "ipv6_addresses.#": "0",
                            "key_name": "us-east-1",
                            "monitoring": "false",
                            "network_interface.#": "0",
                            "network_interface_id": "eni-1536ed0d",
                            "primary_network_interface_id": "eni-1536ed0d",
                            "private_dns": "ip-10-18-14-36.ec2.internal",
                            "private_ip": "10.18.14.36",
                            "public_dns": "",
                            "public_ip": "",
                            "root_block_device.#": "1",
                            "root_block_device.0.delete_on_termination": "true",
                            "root_block_device.0.iops": "120",
                            "root_block_device.0.volume_size": "40",
                            "root_block_device.0.volume_type": "gp2",
                            "security_groups.#": "0",
                            "source_dest_check": "true",
                            "subnet_id": "subnet-8e91a3f8",
                            "tags.%": "4",
                            "tags.Application": "Momentum",
                            "tags.Environment": "USPRD",
                            "tags.Name": "USPRDMOMKAFKA101",
                            "tags.Role": "kafka",
                            "tenancy": "default",
                            "user_data": "47fa7cb23b26e1cf7f5c52508cb2442a00bbc9f1",
                            "volume_tags.%": "0",
                            "vpc_security_group_ids.#": "1",
                            "vpc_security_group_ids.4068495073": "sg-5674f620"
                        },
                        "meta": {
                            "e2bfb730-ecaa-11e6-8f88-34363bc7c4c0": {
                                "create": 600000000000,
                                "delete": 600000000000,
                                "update": 600000000000
                            },
                            "schema_version": "1"
                        },
                        "tainted": false
                    },
                    "deposed": [],
                    "provider": "provider.aws.aws"
                },
                "aws_instance.momentum_kafka.1": {
                    "type": "aws_instance",
                    "depends_on": [
                        "aws_security_group.momentum_kafka",
                        "data.template_file.momentum_kafka.*"
                    ],
                    "primary": {
                        "id": "i-0ecbcd0be8d7be74e",
                        "attributes": {
                            "ami": "ami-43a15f3e",
                            "associate_public_ip_address": "false",
                            "availability_zone": "us-east-1b",
                            "disable_api_termination": "false",
                            "ebs_block_device.#": "1",
                            "ebs_block_device.2576023345.delete_on_termination": "false",
                            "ebs_block_device.2576023345.device_name": "/dev/sdb",
                            "ebs_block_device.2576023345.encrypted": "false",
                            "ebs_block_device.2576023345.iops": "3000",
                            "ebs_block_device.2576023345.snapshot_id": "",
                            "ebs_block_device.2576023345.volume_size": "1000",
                            "ebs_block_device.2576023345.volume_type": "gp2",
                            "ebs_optimized": "false",
                            "ephemeral_block_device.#": "0",
                            "iam_instance_profile": "ec2_bootstrap",
                            "id": "i-0ecbcd0be8d7be74e",
                            "instance_state": "running",
                            "instance_type": "m5.xlarge",
                            "ipv6_addresses.#": "0",
                            "key_name": "us-east-1",
                            "monitoring": "false",
                            "network_interface.#": "0",
                            "network_interface_id": "eni-2ecdbbff",
                            "primary_network_interface_id": "eni-2ecdbbff",
                            "private_dns": "ip-10-18-15-24.ec2.internal",
                            "private_ip": "10.18.15.24",
                            "public_dns": "",
                            "public_ip": "",
                            "root_block_device.#": "1",
                            "root_block_device.0.delete_on_termination": "true",
                            "root_block_device.0.iops": "120",
                            "root_block_device.0.volume_size": "40",
                            "root_block_device.0.volume_type": "gp2",
                            "security_groups.#": "0",
                            "source_dest_check": "true",
                            "subnet_id": "subnet-002a6458",
                            "tags.%": "4",
                            "tags.Application": "Momentum",
                            "tags.Environment": "USPRD",
                            "tags.Name": "USPRDMOMKAFKA102",
                            "tags.Role": "kafka",
                            "tenancy": "default",
                            "user_data": "7383f2f56a5d09e7b0754ac7b08bac4afb1a6847",
                            "volume_tags.%": "0",
                            "vpc_security_group_ids.#": "1",
                            "vpc_security_group_ids.4068495073": "sg-5674f620"
                        },
                        "meta": {
                            "e2bfb730-ecaa-11e6-8f88-34363bc7c4c0": {
                                "create": 600000000000,
                                "delete": 600000000000,
                                "update": 600000000000
                            },
                            "schema_version": "1"
                        },
                        "tainted": false
                    },
                    "deposed": [],
                    "provider": "provider.aws.aws"
                },
                "aws_instance.momentum_kafka.2": {
                    "type": "aws_instance",
                    "depends_on": [
                        "aws_security_group.momentum_kafka",
                        "data.template_file.momentum_kafka.*"
                    ],
                    "primary": {
                        "id": "i-03adad4f001e55141",
                        "attributes": {
                            "ami": "ami-43a15f3e",
                            "associate_public_ip_address": "false",
                            "availability_zone": "us-east-1d",
                            "disable_api_termination": "false",
                            "ebs_block_device.#": "1",
                            "ebs_block_device.2576023345.delete_on_termination": "false",
                            "ebs_block_device.2576023345.device_name": "/dev/sdb",
                            "ebs_block_device.2576023345.encrypted": "false",
                            "ebs_block_device.2576023345.iops": "3000",
                            "ebs_block_device.2576023345.snapshot_id": "",
                            "ebs_block_device.2576023345.volume_size": "1000",
                            "ebs_block_device.2576023345.volume_type": "gp2",
                            "ebs_optimized": "false",
                            "ephemeral_block_device.#": "0",
                            "iam_instance_profile": "ec2_bootstrap",
                            "id": "i-03adad4f001e55141",
                            "instance_state": "running",
                            "instance_type": "m5.xlarge",
                            "ipv6_addresses.#": "0",
                            "key_name": "us-east-1",
                            "monitoring": "false",
                            "network_interface.#": "0",
                            "network_interface_id": "eni-3e4c30f1",
                            "primary_network_interface_id": "eni-3e4c30f1",
                            "private_dns": "ip-10-18-16-214.ec2.internal",
                            "private_ip": "10.18.16.214",
                            "public_dns": "",
                            "public_ip": "",
                            "root_block_device.#": "1",
                            "root_block_device.0.delete_on_termination": "true",
                            "root_block_device.0.iops": "120",
                            "root_block_device.0.volume_size": "40",
                            "root_block_device.0.volume_type": "gp2",
                            "security_groups.#": "0",
                            "source_dest_check": "true",
                            "subnet_id": "subnet-de8eccf4",
                            "tags.%": "4",
                            "tags.Application": "Momentum",
                            "tags.Environment": "USPRD",
                            "tags.Name": "USPRDMOMKAFKA103",
                            "tags.Role": "kafka",
                            "tenancy": "default",
                            "user_data": "a752c85d56543ec20b20db7a29391ace144c9f48",
                            "volume_tags.%": "0",
                            "vpc_security_group_ids.#": "1",
                            "vpc_security_group_ids.4068495073": "sg-5674f620"
                        },
                        "meta": {
                            "e2bfb730-ecaa-11e6-8f88-34363bc7c4c0": {
                                "create": 600000000000,
                                "delete": 600000000000,
                                "update": 600000000000
                            },
                            "schema_version": "1"
                        },
                        "tainted": false
                    },
                    "deposed": [],
                    "provider": "provider.aws.aws"
                },
                "aws_instance.momentum_kafka.3": {
                    "type": "aws_instance",
                    "depends_on": [
                        "aws_security_group.momentum_kafka",
                        "data.template_file.momentum_kafka.*"
                    ],
                    "primary": {
                        "id": "i-0b5d7ef6c5a45913e",
                        "attributes": {
                            "ami": "ami-43a15f3e",
                            "associate_public_ip_address": "false",
                            "availability_zone": "us-east-1a",
                            "disable_api_termination": "false",
                            "ebs_block_device.#": "1",
                            "ebs_block_device.2576023345.delete_on_termination": "false",
                            "ebs_block_device.2576023345.device_name": "/dev/sdb",
                            "ebs_block_device.2576023345.encrypted": "false",
                            "ebs_block_device.2576023345.iops": "3000",
                            "ebs_block_device.2576023345.snapshot_id": "",
                            "ebs_block_device.2576023345.volume_size": "1000",
                            "ebs_block_device.2576023345.volume_type": "gp2",
                            "ebs_optimized": "false",
                            "ephemeral_block_device.#": "0",
                            "iam_instance_profile": "ec2_bootstrap",
                            "id": "i-0b5d7ef6c5a45913e",
                            "instance_state": "running",
                            "instance_type": "m5.xlarge",
                            "ipv6_addresses.#": "0",
                            "key_name": "us-east-1",
                            "monitoring": "false",
                            "network_interface.#": "0",
                            "network_interface_id": "eni-ac3de6b4",
                            "primary_network_interface_id": "eni-ac3de6b4",
                            "private_dns": "ip-10-18-14-111.ec2.internal",
                            "private_ip": "10.18.14.111",
                            "public_dns": "",
                            "public_ip": "",
                            "root_block_device.#": "1",
                            "root_block_device.0.delete_on_termination": "true",
                            "root_block_device.0.iops": "120",
                            "root_block_device.0.volume_size": "40",
                            "root_block_device.0.volume_type": "gp2",
                            "security_groups.#": "0",
                            "source_dest_check": "true",
                            "subnet_id": "subnet-8e91a3f8",
                            "tags.%": "4",
                            "tags.Application": "Momentum",
                            "tags.Environment": "USPRD",
                            "tags.Name": "USPRDMOMKAFKA104",
                            "tags.Role": "kafka",
                            "tenancy": "default",
                            "user_data": "5a897bcd378f7dbe6ef60796394481aace49e916",
                            "volume_tags.%": "0",
                            "vpc_security_group_ids.#": "1",
                            "vpc_security_group_ids.4068495073": "sg-5674f620"
                        },
                        "meta": {
                            "e2bfb730-ecaa-11e6-8f88-34363bc7c4c0": {
                                "create": 600000000000,
                                "delete": 600000000000,
                                "update": 600000000000
                            },
                            "schema_version": "1"
                        },
                        "tainted": false
                    },
                    "deposed": [],
                    "provider": "provider.aws.aws"
                },
                "aws_instance.momentum_kafka.4": {
                    "type": "aws_instance",
                    "depends_on": [
                        "aws_security_group.momentum_kafka",
                        "data.template_file.momentum_kafka.*"
                    ],
                    "primary": {
                        "id": "i-0e4655e4658e24643",
                        "attributes": {
                            "ami": "ami-43a15f3e",
                            "associate_public_ip_address": "false",
                            "availability_zone": "us-east-1b",
                            "disable_api_termination": "false",
                            "ebs_block_device.#": "1",
                            "ebs_block_device.2576023345.delete_on_termination": "false",
                            "ebs_block_device.2576023345.device_name": "/dev/sdb",
                            "ebs_block_device.2576023345.encrypted": "false",
                            "ebs_block_device.2576023345.iops": "3000",
                            "ebs_block_device.2576023345.snapshot_id": "",
                            "ebs_block_device.2576023345.volume_size": "1000",
                            "ebs_block_device.2576023345.volume_type": "gp2",
                            "ebs_optimized": "false",
                            "ephemeral_block_device.#": "0",
                            "iam_instance_profile": "ec2_bootstrap",
                            "id": "i-0e4655e4658e24643",
                            "instance_state": "running",
                            "instance_type": "m5.xlarge",
                            "ipv6_addresses.#": "0",
                            "key_name": "us-east-1",
                            "monitoring": "false",
                            "network_interface.#": "0",
                            "network_interface_id": "eni-8dcbbd5c",
                            "primary_network_interface_id": "eni-8dcbbd5c",
                            "private_dns": "ip-10-18-15-236.ec2.internal",
                            "private_ip": "10.18.15.236",
                            "public_dns": "",
                            "public_ip": "",
                            "root_block_device.#": "1",
                            "root_block_device.0.delete_on_termination": "true",
                            "root_block_device.0.iops": "120",
                            "root_block_device.0.volume_size": "40",
                            "root_block_device.0.volume_type": "gp2",
                            "security_groups.#": "0",
                            "source_dest_check": "true",
                            "subnet_id": "subnet-002a6458",
                            "tags.%": "4",
                            "tags.Application": "Momentum",
                            "tags.Environment": "USPRD",
                            "tags.Name": "USPRDMOMKAFKA105",
                            "tags.Role": "kafka",
                            "tenancy": "default",
                            "user_data": "ecbc126f127decb23b66f66effdb716a1b874c28",
                            "volume_tags.%": "0",
                            "vpc_security_group_ids.#": "1",
                            "vpc_security_group_ids.4068495073": "sg-5674f620"
                        },
                        "meta": {
                            "e2bfb730-ecaa-11e6-8f88-34363bc7c4c0": {
                                "create": 600000000000,
                                "delete": 600000000000,
                                "update": 600000000000
                            },
                            "schema_version": "1"
                        },
                        "tainted": false
                    },
                    "deposed": [],
                    "provider": "provider.aws.aws"
                },
                "aws_instance.momentum_kafka.5": {
                    "type": "aws_instance",
                    "depends_on": [
                        "aws_security_group.momentum_kafka",
                        "data.template_file.momentum_kafka.*"
                    ],
                    "primary": {
                        "id": "i-0c2ce5db886d77108",
                        "attributes": {
                            "ami": "ami-43a15f3e",
                            "associate_public_ip_address": "false",
                            "availability_zone": "us-east-1d",
                            "disable_api_termination": "false",
                            "ebs_block_device.#": "1",
                            "ebs_block_device.2576023345.delete_on_termination": "false",
                            "ebs_block_device.2576023345.device_name": "/dev/sdb",
                            "ebs_block_device.2576023345.encrypted": "false",
                            "ebs_block_device.2576023345.iops": "3000",
                            "ebs_block_device.2576023345.snapshot_id": "",
                            "ebs_block_device.2576023345.volume_size": "1000",
                            "ebs_block_device.2576023345.volume_type": "gp2",
                            "ebs_optimized": "false",
                            "ephemeral_block_device.#": "0",
                            "iam_instance_profile": "ec2_bootstrap",
                            "id": "i-0c2ce5db886d77108",
                            "instance_state": "running",
                            "instance_type": "m5.xlarge",
                            "ipv6_addresses.#": "0",
                            "key_name": "us-east-1",
                            "monitoring": "false",
                            "network_interface.#": "0",
                            "network_interface_id": "eni-71532fbe",
                            "primary_network_interface_id": "eni-71532fbe",
                            "private_dns": "ip-10-18-16-114.ec2.internal",
                            "private_ip": "10.18.16.114",
                            "public_dns": "",
                            "public_ip": "",
                            "root_block_device.#": "1",
                            "root_block_device.0.delete_on_termination": "true",
                            "root_block_device.0.iops": "120",
                            "root_block_device.0.volume_size": "40",
                            "root_block_device.0.volume_type": "gp2",
                            "security_groups.#": "0",
                            "source_dest_check": "true",
                            "subnet_id": "subnet-de8eccf4",
                            "tags.%": "4",
                            "tags.Application": "Momentum",
                            "tags.Environment": "USPRD",
                            "tags.Name": "USPRDMOMKAFKA106",
                            "tags.Role": "kafka",
                            "tenancy": "default",
                            "user_data": "eaabd9d6a8399f4913af537c3c05036f5963ae23",
                            "volume_tags.%": "0",
                            "vpc_security_group_ids.#": "1",
                            "vpc_security_group_ids.4068495073": "sg-5674f620"
                        },
                        "meta": {
                            "e2bfb730-ecaa-11e6-8f88-34363bc7c4c0": {
                                "create": 600000000000,
                                "delete": 600000000000,
                                "update": 600000000000
                            },
                            "schema_version": "1"
                        },
                        "tainted": false
                    },
                    "deposed": [],
                    "provider": "provider.aws.aws"
                },
                "aws_route53_record.momentum_kafka.0": {
                    "type": "aws_route53_record",
                    "depends_on": [
                        "aws_instance.momentum_kafka.*"
                    ],
                    "primary": {
                        "id": "Z2OQJX4SA59BGJ_usprdmomkafka101_A",
                        "attributes": {
                            "fqdn": "usprdmomkafka101.ncrsmb.com",
                            "health_check_id": "",
                            "id": "Z2OQJX4SA59BGJ_usprdmomkafka101_A",
                            "name": "usprdmomkafka101",
                            "records.#": "1",
                            "records.2783201066": "10.18.14.36",
                            "set_identifier": "",
                            "ttl": "300",
                            "type": "A",
                            "zone_id": "Z2OQJX4SA59BGJ"
                        },
                        "meta": {
                            "schema_version": "2"
                        },
                        "tainted": false
                    },
                    "deposed": [],
                    "provider": "provider.aws.us_prd"
                },
                "aws_route53_record.momentum_kafka.1": {
                    "type": "aws_route53_record",
                    "depends_on": [
                        "aws_instance.momentum_kafka.*"
                    ],
                    "primary": {
                        "id": "Z2OQJX4SA59BGJ_usprdmomkafka102_A",
                        "attributes": {
                            "fqdn": "usprdmomkafka102.ncrsmb.com",
                            "health_check_id": "",
                            "id": "Z2OQJX4SA59BGJ_usprdmomkafka102_A",
                            "name": "usprdmomkafka102",
                            "records.#": "1",
                            "records.3930943522": "10.18.15.24",
                            "set_identifier": "",
                            "ttl": "300",
                            "type": "A",
                            "zone_id": "Z2OQJX4SA59BGJ"
                        },
                        "meta": {
                            "schema_version": "2"
                        },
                        "tainted": false
                    },
                    "deposed": [],
                    "provider": "provider.aws.us_prd"
                },
                "aws_route53_record.momentum_kafka.2": {
                    "type": "aws_route53_record",
                    "depends_on": [
                        "aws_instance.momentum_kafka.*"
                    ],
                    "primary": {
                        "id": "Z2OQJX4SA59BGJ_usprdmomkafka103_A",
                        "attributes": {
                            "fqdn": "usprdmomkafka103.ncrsmb.com",
                            "health_check_id": "",
                            "id": "Z2OQJX4SA59BGJ_usprdmomkafka103_A",
                            "name": "usprdmomkafka103",
                            "records.#": "1",
                            "records.485202233": "10.18.16.214",
                            "set_identifier": "",
                            "ttl": "300",
                            "type": "A",
                            "zone_id": "Z2OQJX4SA59BGJ"
                        },
                        "meta": {
                            "schema_version": "2"
                        },
                        "tainted": false
                    },
                    "deposed": [],
                    "provider": "provider.aws.us_prd"
                },
                "aws_route53_record.momentum_kafka.3": {
                    "type": "aws_route53_record",
                    "depends_on": [
                        "aws_instance.momentum_kafka.*"
                    ],
                    "primary": {
                        "id": "Z2OQJX4SA59BGJ_usprdmomkafka104_A",
                        "attributes": {
                            "fqdn": "usprdmomkafka104.ncrsmb.com",
                            "health_check_id": "",
                            "id": "Z2OQJX4SA59BGJ_usprdmomkafka104_A",
                            "name": "usprdmomkafka104",
                            "records.#": "1",
                            "records.336035983": "10.18.14.111",
                            "set_identifier": "",
                            "ttl": "300",
                            "type": "A",
                            "zone_id": "Z2OQJX4SA59BGJ"
                        },
                        "meta": {
                            "schema_version": "2"
                        },
                        "tainted": false
                    },
                    "deposed": [],
                    "provider": "provider.aws.us_prd"
                },
                "aws_route53_record.momentum_kafka.4": {
                    "type": "aws_route53_record",
                    "depends_on": [
                        "aws_instance.momentum_kafka.*"
                    ],
                    "primary": {
                        "id": "Z2OQJX4SA59BGJ_usprdmomkafka105_A",
                        "attributes": {
                            "fqdn": "usprdmomkafka105.ncrsmb.com",
                            "health_check_id": "",
                            "id": "Z2OQJX4SA59BGJ_usprdmomkafka105_A",
                            "name": "usprdmomkafka105",
                            "records.#": "1",
                            "records.2272518215": "10.18.15.236",
                            "set_identifier": "",
                            "ttl": "300",
                            "type": "A",
                            "zone_id": "Z2OQJX4SA59BGJ"
                        },
                        "meta": {
                            "schema_version": "2"
                        },
                        "tainted": false
                    },
                    "deposed": [],
                    "provider": "provider.aws.us_prd"
                },
                "aws_route53_record.momentum_kafka.5": {
                    "type": "aws_route53_record",
                    "depends_on": [
                        "aws_instance.momentum_kafka.*"
                    ],
                    "primary": {
                        "id": "Z2OQJX4SA59BGJ_usprdmomkafka106_A",
                        "attributes": {
                            "fqdn": "usprdmomkafka106.ncrsmb.com",
                            "health_check_id": "",
                            "id": "Z2OQJX4SA59BGJ_usprdmomkafka106_A",
                            "name": "usprdmomkafka106",
                            "records.#": "1",
                            "records.514664288": "10.18.16.114",
                            "set_identifier": "",
                            "ttl": "300",
                            "type": "A",
                            "zone_id": "Z2OQJX4SA59BGJ"
                        },
                        "meta": {
                            "schema_version": "2"
                        },
                        "tainted": false
                    },
                    "deposed": [],
                    "provider": "provider.aws.us_prd"
                },
                "aws_security_group.momentum_kafka": {
                    "type": "aws_security_group",
                    "depends_on": [],
                    "primary": {
                        "id": "sg-5674f620",
                        "attributes": {
                            "description": "Allow certain ports and IP ranges used to establish connections to the kafka server",
                            "egress.#": "1",
                            "egress.482069346.cidr_blocks.#": "1",
                            "egress.482069346.cidr_blocks.0": "0.0.0.0/0",
                            "egress.482069346.description": "",
                            "egress.482069346.from_port": "0",
                            "egress.482069346.ipv6_cidr_blocks.#": "0",
                            "egress.482069346.prefix_list_ids.#": "0",
                            "egress.482069346.protocol": "-1",
                            "egress.482069346.security_groups.#": "0",
                            "egress.482069346.self": "false",
                            "egress.482069346.to_port": "0",
                            "id": "sg-5674f620",
                            "ingress.#": "2",
                            "ingress.179083333.cidr_blocks.#": "1",
                            "ingress.179083333.cidr_blocks.0": "10.0.0.0/8",
                            "ingress.179083333.description": "",
                            "ingress.179083333.from_port": "22",
                            "ingress.179083333.ipv6_cidr_blocks.#": "0",
                            "ingress.179083333.protocol": "tcp",
                            "ingress.179083333.security_groups.#": "0",
                            "ingress.179083333.self": "false",
                            "ingress.179083333.to_port": "22",
                            "ingress.241147467.cidr_blocks.#": "3",
                            "ingress.241147467.cidr_blocks.0": "10.18.14.0/24",
                            "ingress.241147467.cidr_blocks.1": "10.18.15.0/24",
                            "ingress.241147467.cidr_blocks.2": "10.18.16.0/24",
                            "ingress.241147467.description": "",
                            "ingress.241147467.from_port": "9092",
                            "ingress.241147467.ipv6_cidr_blocks.#": "0",
                            "ingress.241147467.protocol": "tcp",
                            "ingress.241147467.security_groups.#": "0",
                            "ingress.241147467.self": "false",
                            "ingress.241147467.to_port": "9092",
                            "name": "USPRDMOMKAFKA1",
                            "owner_id": "048485690753",
                            "tags.%": "1",
                            "tags.Name": "USPRDMOMKAFKA1",
                            "vpc_id": "vpc-2ada7f4d"
                        },
                        "meta": {},
                        "tainted": false
                    },
                    "deposed": [],
                    "provider": "provider.aws.aws"
                },
                "aws_security_group_rule.kafka_allow_app_ports_ingress": {
                    "type": "aws_security_group_rule",
                    "depends_on": [
                        "aws_security_group.momentum_kafka"
                    ],
                    "primary": {
                        "id": "sgrule-2187588301",
                        "attributes": {
                            "cidr_blocks.#": "3",
                            "cidr_blocks.0": "10.18.14.0/24",
                            "cidr_blocks.1": "10.18.15.0/24",
                            "cidr_blocks.2": "10.18.16.0/24",
                            "description": "",
                            "from_port": "9092",
                            "id": "sgrule-2187588301",
                            "ipv6_cidr_blocks.#": "0",
                            "prefix_list_ids.#": "0",
                            "protocol": "tcp",
                            "security_group_id": "sg-5674f620",
                            "self": "false",
                            "to_port": "9092",
                            "type": "ingress"
                        },
                        "meta": {
                            "schema_version": "2"
                        },
                        "tainted": false
                    },
                    "deposed": [],
                    "provider": "provider.aws.aws"
                },
                "aws_security_group_rule.kafka_allow_egress": {
                    "type": "aws_security_group_rule",
                    "depends_on": [
                        "aws_security_group.momentum_kafka"
                    ],
                    "primary": {
                        "id": "sgrule-1676530772",
                        "attributes": {
                            "cidr_blocks.#": "1",
                            "cidr_blocks.0": "0.0.0.0/0",
                            "description": "",
                            "from_port": "0",
                            "id": "sgrule-1676530772",
                            "ipv6_cidr_blocks.#": "0",
                            "prefix_list_ids.#": "0",
                            "protocol": "-1",
                            "security_group_id": "sg-5674f620",
                            "self": "false",
                            "to_port": "0",
                            "type": "egress"
                        },
                        "meta": {
                            "schema_version": "2"
                        },
                        "tainted": false
                    },
                    "deposed": [],
                    "provider": "provider.aws.aws"
                },
                "aws_security_group_rule.kafka_allow_ssh_ingress": {
                    "type": "aws_security_group_rule",
                    "depends_on": [
                        "aws_security_group.momentum_kafka"
                    ],
                    "primary": {
                        "id": "sgrule-3505175059",
                        "attributes": {
                            "cidr_blocks.#": "1",
                            "cidr_blocks.0": "10.0.0.0/8",
                            "description": "",
                            "from_port": "22",
                            "id": "sgrule-3505175059",
                            "ipv6_cidr_blocks.#": "0",
                            "prefix_list_ids.#": "0",
                            "protocol": "tcp",
                            "security_group_id": "sg-5674f620",
                            "self": "false",
                            "to_port": "22",
                            "type": "ingress"
                        },
                        "meta": {
                            "schema_version": "2"
                        },
                        "tainted": false
                    },
                    "deposed": [],
                    "provider": "provider.aws.aws"
                },
                "data.template_file.momentum_kafka.0": {
                    "type": "template_file",
                    "depends_on": [],
                    "primary": {
                        "id": "3748e4731e98cd085b46c295616e39930b39000b7141f80536e8ced21c611e17",
                        "attributes": {
                            "id": "3748e4731e98cd085b46c295616e39930b39000b7141f80536e8ced21c611e17",
                            "rendered": "#!/bin/bash\n\n# update hostname\n#hostname USPRDMOMKAFKA101.`echo SILVER.NCRSMB.COM | awk '{ print toupper($0)}'`\n#sed -i 's/.*/USPRDMOMKAFKA101/g' /etc/hostname\n\n#update hostsfile\n#sudo sed -i \"/127\\.0\\.0\\.1/a `ip route get 1 |awk '{print $NF;exit}'` USPRDMOMKAFKA101\\.SILVER.NCRSMB.COM USPRDMOMKAFKA101\" /etc/hosts\n\nsudo apt-get update\nsudo apt-get -y install python python-apt\n#sudo apt-get -y install sssd realmd krb5-user samba-common packagekit adcli\n\nmkfs.ext4 /dev/nvme1n1\n/sbin/e2label /dev/nvme1n1 data\n\necho -e 'LABEL=data\\t/data\\text4\\tdefaults\\t0 0' \u003e\u003e /etc/fstab\n\nmkdir /data\nmount -a\n\n#enable password authentication with ssh\n#sudo sed -i 's/^Password.*$/PasswordAuthentication yes/g' /etc/ssh/sshd_config \u0026\u0026 sudo systemctl reload ssh\n\n# enable dynamic dns updates\n#sudo sed -i '$ a dyndns_update = True' /etc/sssd/sssd.conf\n\n#Join domain\n#sudo echo 'w1N*7#Egsq' | realm --verbose join -U 'qlid'@`echo SILVER.NCRSMB.COM | awk '{ print toupper($0)}'` `echo SILVER.NCRSMB.COM | awk '{ print toupper($0)}'`\n\n",
                            "template": "#!/bin/bash\n\n# update hostname\n#hostname ${hostname}.`echo ${domain} | awk '{ print toupper($0)}'`\n#sed -i 's/.*/${hostname}/g' /etc/hostname\n\n#update hostsfile\n#sudo sed -i \"/127\\.0\\.0\\.1/a `ip route get 1 |awk '{print $NF;exit}'` ${hostname}\\.${domain} ${hostname}\" /etc/hosts\n\nsudo apt-get update\nsudo apt-get -y install python python-apt\n#sudo apt-get -y install sssd realmd krb5-user samba-common packagekit adcli\n\nmkfs.ext4 /dev/${device}\n/sbin/e2label /dev/${device} ${label}\n\necho -e 'LABEL=${label}\\t/data\\text4\\tdefaults\\t0 0' \u003e\u003e /etc/fstab\n\nmkdir /data\nmount -a\n\n#enable password authentication with ssh\n#sudo sed -i 's/^Password.*$/PasswordAuthentication yes/g' /etc/ssh/sshd_config \u0026\u0026 sudo systemctl reload ssh\n\n# enable dynamic dns updates\n#sudo sed -i '$ a dyndns_update = True' /etc/sssd/sssd.conf\n\n#Join domain\n#sudo echo '${domain_pass}' | realm --verbose join -U '${domain_user}'@`echo ${domain} | awk '{ print toupper($0)}'` `echo ${domain} | awk '{ print toupper($0)}'`\n\n",
                            "vars.%": "6",
                            "vars.device": "nvme1n1",
                            "vars.domain": "SILVER.NCRSMB.COM",
                            "vars.domain_pass": "w1N*7#Egsq",
                            "vars.domain_user": "qlid",
                            "vars.hostname": "USPRDMOMKAFKA101",
                            "vars.label": "data"
                        },
                        "meta": {},
                        "tainted": false
                    },
                    "deposed": [],
                    "provider": "provider.template"
                },
                "data.template_file.momentum_kafka.1": {
                    "type": "template_file",
                    "depends_on": [],
                    "primary": {
                        "id": "64d781a04ae776ca59c1e1d45a24936007b7803ffb485820a1f6f6cd14e6652d",
                        "attributes": {
                            "id": "64d781a04ae776ca59c1e1d45a24936007b7803ffb485820a1f6f6cd14e6652d",
                            "rendered": "#!/bin/bash\n\n# update hostname\n#hostname USPRDMOMKAFKA102.`echo SILVER.NCRSMB.COM | awk '{ print toupper($0)}'`\n#sed -i 's/.*/USPRDMOMKAFKA102/g' /etc/hostname\n\n#update hostsfile\n#sudo sed -i \"/127\\.0\\.0\\.1/a `ip route get 1 |awk '{print $NF;exit}'` USPRDMOMKAFKA102\\.SILVER.NCRSMB.COM USPRDMOMKAFKA102\" /etc/hosts\n\nsudo apt-get update\nsudo apt-get -y install python python-apt\n#sudo apt-get -y install sssd realmd krb5-user samba-common packagekit adcli\n\nmkfs.ext4 /dev/nvme1n1\n/sbin/e2label /dev/nvme1n1 data\n\necho -e 'LABEL=data\\t/data\\text4\\tdefaults\\t0 0' \u003e\u003e /etc/fstab\n\nmkdir /data\nmount -a\n\n#enable password authentication with ssh\n#sudo sed -i 's/^Password.*$/PasswordAuthentication yes/g' /etc/ssh/sshd_config \u0026\u0026 sudo systemctl reload ssh\n\n# enable dynamic dns updates\n#sudo sed -i '$ a dyndns_update = True' /etc/sssd/sssd.conf\n\n#Join domain\n#sudo echo 'w1N*7#Egsq' | realm --verbose join -U 'qlid'@`echo SILVER.NCRSMB.COM | awk '{ print toupper($0)}'` `echo SILVER.NCRSMB.COM | awk '{ print toupper($0)}'`\n\n",
                            "template": "#!/bin/bash\n\n# update hostname\n#hostname ${hostname}.`echo ${domain} | awk '{ print toupper($0)}'`\n#sed -i 's/.*/${hostname}/g' /etc/hostname\n\n#update hostsfile\n#sudo sed -i \"/127\\.0\\.0\\.1/a `ip route get 1 |awk '{print $NF;exit}'` ${hostname}\\.${domain} ${hostname}\" /etc/hosts\n\nsudo apt-get update\nsudo apt-get -y install python python-apt\n#sudo apt-get -y install sssd realmd krb5-user samba-common packagekit adcli\n\nmkfs.ext4 /dev/${device}\n/sbin/e2label /dev/${device} ${label}\n\necho -e 'LABEL=${label}\\t/data\\text4\\tdefaults\\t0 0' \u003e\u003e /etc/fstab\n\nmkdir /data\nmount -a\n\n#enable password authentication with ssh\n#sudo sed -i 's/^Password.*$/PasswordAuthentication yes/g' /etc/ssh/sshd_config \u0026\u0026 sudo systemctl reload ssh\n\n# enable dynamic dns updates\n#sudo sed -i '$ a dyndns_update = True' /etc/sssd/sssd.conf\n\n#Join domain\n#sudo echo '${domain_pass}' | realm --verbose join -U '${domain_user}'@`echo ${domain} | awk '{ print toupper($0)}'` `echo ${domain} | awk '{ print toupper($0)}'`\n\n",
                            "vars.%": "6",
                            "vars.device": "nvme1n1",
                            "vars.domain": "SILVER.NCRSMB.COM",
                            "vars.domain_pass": "w1N*7#Egsq",
                            "vars.domain_user": "qlid",
                            "vars.hostname": "USPRDMOMKAFKA102",
                            "vars.label": "data"
                        },
                        "meta": {},
                        "tainted": false
                    },
                    "deposed": [],
                    "provider": "provider.template"
                },
                "data.template_file.momentum_kafka.2": {
                    "type": "template_file",
                    "depends_on": [],
                    "primary": {
                        "id": "f206be7552d1ee01886729ee09e800e8d42f3c7baa226e3b47cfc7a191bbd5e1",
                        "attributes": {
                            "id": "f206be7552d1ee01886729ee09e800e8d42f3c7baa226e3b47cfc7a191bbd5e1",
                            "rendered": "#!/bin/bash\n\n# update hostname\n#hostname USPRDMOMKAFKA103.`echo SILVER.NCRSMB.COM | awk '{ print toupper($0)}'`\n#sed -i 's/.*/USPRDMOMKAFKA103/g' /etc/hostname\n\n#update hostsfile\n#sudo sed -i \"/127\\.0\\.0\\.1/a `ip route get 1 |awk '{print $NF;exit}'` USPRDMOMKAFKA103\\.SILVER.NCRSMB.COM USPRDMOMKAFKA103\" /etc/hosts\n\nsudo apt-get update\nsudo apt-get -y install python python-apt\n#sudo apt-get -y install sssd realmd krb5-user samba-common packagekit adcli\n\nmkfs.ext4 /dev/nvme1n1\n/sbin/e2label /dev/nvme1n1 data\n\necho -e 'LABEL=data\\t/data\\text4\\tdefaults\\t0 0' \u003e\u003e /etc/fstab\n\nmkdir /data\nmount -a\n\n#enable password authentication with ssh\n#sudo sed -i 's/^Password.*$/PasswordAuthentication yes/g' /etc/ssh/sshd_config \u0026\u0026 sudo systemctl reload ssh\n\n# enable dynamic dns updates\n#sudo sed -i '$ a dyndns_update = True' /etc/sssd/sssd.conf\n\n#Join domain\n#sudo echo 'w1N*7#Egsq' | realm --verbose join -U 'qlid'@`echo SILVER.NCRSMB.COM | awk '{ print toupper($0)}'` `echo SILVER.NCRSMB.COM | awk '{ print toupper($0)}'`\n\n",
                            "template": "#!/bin/bash\n\n# update hostname\n#hostname ${hostname}.`echo ${domain} | awk '{ print toupper($0)}'`\n#sed -i 's/.*/${hostname}/g' /etc/hostname\n\n#update hostsfile\n#sudo sed -i \"/127\\.0\\.0\\.1/a `ip route get 1 |awk '{print $NF;exit}'` ${hostname}\\.${domain} ${hostname}\" /etc/hosts\n\nsudo apt-get update\nsudo apt-get -y install python python-apt\n#sudo apt-get -y install sssd realmd krb5-user samba-common packagekit adcli\n\nmkfs.ext4 /dev/${device}\n/sbin/e2label /dev/${device} ${label}\n\necho -e 'LABEL=${label}\\t/data\\text4\\tdefaults\\t0 0' \u003e\u003e /etc/fstab\n\nmkdir /data\nmount -a\n\n#enable password authentication with ssh\n#sudo sed -i 's/^Password.*$/PasswordAuthentication yes/g' /etc/ssh/sshd_config \u0026\u0026 sudo systemctl reload ssh\n\n# enable dynamic dns updates\n#sudo sed -i '$ a dyndns_update = True' /etc/sssd/sssd.conf\n\n#Join domain\n#sudo echo '${domain_pass}' | realm --verbose join -U '${domain_user}'@`echo ${domain} | awk '{ print toupper($0)}'` `echo ${domain} | awk '{ print toupper($0)}'`\n\n",
                            "vars.%": "6",
                            "vars.device": "nvme1n1",
                            "vars.domain": "SILVER.NCRSMB.COM",
                            "vars.domain_pass": "w1N*7#Egsq",
                            "vars.domain_user": "qlid",
                            "vars.hostname": "USPRDMOMKAFKA103",
                            "vars.label": "data"
                        },
                        "meta": {},
                        "tainted": false
                    },
                    "deposed": [],
                    "provider": "provider.template"
                },
                "data.template_file.momentum_kafka.3": {
                    "type": "template_file",
                    "depends_on": [],
                    "primary": {
                        "id": "7da798abb7d761b55c2a8ec01e7f663ec528df066bbf50dff4f17424a6b246b1",
                        "attributes": {
                            "id": "7da798abb7d761b55c2a8ec01e7f663ec528df066bbf50dff4f17424a6b246b1",
                            "rendered": "#!/bin/bash\n\n# update hostname\n#hostname USPRDMOMKAFKA104.`echo SILVER.NCRSMB.COM | awk '{ print toupper($0)}'`\n#sed -i 's/.*/USPRDMOMKAFKA104/g' /etc/hostname\n\n#update hostsfile\n#sudo sed -i \"/127\\.0\\.0\\.1/a `ip route get 1 |awk '{print $NF;exit}'` USPRDMOMKAFKA104\\.SILVER.NCRSMB.COM USPRDMOMKAFKA104\" /etc/hosts\n\nsudo apt-get update\nsudo apt-get -y install python python-apt\n#sudo apt-get -y install sssd realmd krb5-user samba-common packagekit adcli\n\nmkfs.ext4 /dev/nvme1n1\n/sbin/e2label /dev/nvme1n1 data\n\necho -e 'LABEL=data\\t/data\\text4\\tdefaults\\t0 0' \u003e\u003e /etc/fstab\n\nmkdir /data\nmount -a\n\n#enable password authentication with ssh\n#sudo sed -i 's/^Password.*$/PasswordAuthentication yes/g' /etc/ssh/sshd_config \u0026\u0026 sudo systemctl reload ssh\n\n# enable dynamic dns updates\n#sudo sed -i '$ a dyndns_update = True' /etc/sssd/sssd.conf\n\n#Join domain\n#sudo echo 'w1N*7#Egsq' | realm --verbose join -U 'qlid'@`echo SILVER.NCRSMB.COM | awk '{ print toupper($0)}'` `echo SILVER.NCRSMB.COM | awk '{ print toupper($0)}'`\n\n",
                            "template": "#!/bin/bash\n\n# update hostname\n#hostname ${hostname}.`echo ${domain} | awk '{ print toupper($0)}'`\n#sed -i 's/.*/${hostname}/g' /etc/hostname\n\n#update hostsfile\n#sudo sed -i \"/127\\.0\\.0\\.1/a `ip route get 1 |awk '{print $NF;exit}'` ${hostname}\\.${domain} ${hostname}\" /etc/hosts\n\nsudo apt-get update\nsudo apt-get -y install python python-apt\n#sudo apt-get -y install sssd realmd krb5-user samba-common packagekit adcli\n\nmkfs.ext4 /dev/${device}\n/sbin/e2label /dev/${device} ${label}\n\necho -e 'LABEL=${label}\\t/data\\text4\\tdefaults\\t0 0' \u003e\u003e /etc/fstab\n\nmkdir /data\nmount -a\n\n#enable password authentication with ssh\n#sudo sed -i 's/^Password.*$/PasswordAuthentication yes/g' /etc/ssh/sshd_config \u0026\u0026 sudo systemctl reload ssh\n\n# enable dynamic dns updates\n#sudo sed -i '$ a dyndns_update = True' /etc/sssd/sssd.conf\n\n#Join domain\n#sudo echo '${domain_pass}' | realm --verbose join -U '${domain_user}'@`echo ${domain} | awk '{ print toupper($0)}'` `echo ${domain} | awk '{ print toupper($0)}'`\n\n",
                            "vars.%": "6",
                            "vars.device": "nvme1n1",
                            "vars.domain": "SILVER.NCRSMB.COM",
                            "vars.domain_pass": "w1N*7#Egsq",
                            "vars.domain_user": "qlid",
                            "vars.hostname": "USPRDMOMKAFKA104",
                            "vars.label": "data"
                        },
                        "meta": {},
                        "tainted": false
                    },
                    "deposed": [],
                    "provider": "provider.template"
                },
                "data.template_file.momentum_kafka.4": {
                    "type": "template_file",
                    "depends_on": [],
                    "primary": {
                        "id": "312221d4769b65354c2370fc9ee7274ef5e264a0cb4f7b59a504a90b6dd39bc6",
                        "attributes": {
                            "id": "312221d4769b65354c2370fc9ee7274ef5e264a0cb4f7b59a504a90b6dd39bc6",
                            "rendered": "#!/bin/bash\n\n# update hostname\n#hostname USPRDMOMKAFKA105.`echo SILVER.NCRSMB.COM | awk '{ print toupper($0)}'`\n#sed -i 's/.*/USPRDMOMKAFKA105/g' /etc/hostname\n\n#update hostsfile\n#sudo sed -i \"/127\\.0\\.0\\.1/a `ip route get 1 |awk '{print $NF;exit}'` USPRDMOMKAFKA105\\.SILVER.NCRSMB.COM USPRDMOMKAFKA105\" /etc/hosts\n\nsudo apt-get update\nsudo apt-get -y install python python-apt\n#sudo apt-get -y install sssd realmd krb5-user samba-common packagekit adcli\n\nmkfs.ext4 /dev/nvme1n1\n/sbin/e2label /dev/nvme1n1 data\n\necho -e 'LABEL=data\\t/data\\text4\\tdefaults\\t0 0' \u003e\u003e /etc/fstab\n\nmkdir /data\nmount -a\n\n#enable password authentication with ssh\n#sudo sed -i 's/^Password.*$/PasswordAuthentication yes/g' /etc/ssh/sshd_config \u0026\u0026 sudo systemctl reload ssh\n\n# enable dynamic dns updates\n#sudo sed -i '$ a dyndns_update = True' /etc/sssd/sssd.conf\n\n#Join domain\n#sudo echo 'w1N*7#Egsq' | realm --verbose join -U 'qlid'@`echo SILVER.NCRSMB.COM | awk '{ print toupper($0)}'` `echo SILVER.NCRSMB.COM | awk '{ print toupper($0)}'`\n\n",
                            "template": "#!/bin/bash\n\n# update hostname\n#hostname ${hostname}.`echo ${domain} | awk '{ print toupper($0)}'`\n#sed -i 's/.*/${hostname}/g' /etc/hostname\n\n#update hostsfile\n#sudo sed -i \"/127\\.0\\.0\\.1/a `ip route get 1 |awk '{print $NF;exit}'` ${hostname}\\.${domain} ${hostname}\" /etc/hosts\n\nsudo apt-get update\nsudo apt-get -y install python python-apt\n#sudo apt-get -y install sssd realmd krb5-user samba-common packagekit adcli\n\nmkfs.ext4 /dev/${device}\n/sbin/e2label /dev/${device} ${label}\n\necho -e 'LABEL=${label}\\t/data\\text4\\tdefaults\\t0 0' \u003e\u003e /etc/fstab\n\nmkdir /data\nmount -a\n\n#enable password authentication with ssh\n#sudo sed -i 's/^Password.*$/PasswordAuthentication yes/g' /etc/ssh/sshd_config \u0026\u0026 sudo systemctl reload ssh\n\n# enable dynamic dns updates\n#sudo sed -i '$ a dyndns_update = True' /etc/sssd/sssd.conf\n\n#Join domain\n#sudo echo '${domain_pass}' | realm --verbose join -U '${domain_user}'@`echo ${domain} | awk '{ print toupper($0)}'` `echo ${domain} | awk '{ print toupper($0)}'`\n\n",
                            "vars.%": "6",
                            "vars.device": "nvme1n1",
                            "vars.domain": "SILVER.NCRSMB.COM",
                            "vars.domain_pass": "w1N*7#Egsq",
                            "vars.domain_user": "qlid",
                            "vars.hostname": "USPRDMOMKAFKA105",
                            "vars.label": "data"
                        },
                        "meta": {},
                        "tainted": false
                    },
                    "deposed": [],
                    "provider": "provider.template"
                },
                "data.template_file.momentum_kafka.5": {
                    "type": "template_file",
                    "depends_on": [],
                    "primary": {
                        "id": "83efaa1a364d3010aa394b9f70786ce7a152fcfc98c451b4b4e0db3bdfe6dc7b",
                        "attributes": {
                            "id": "83efaa1a364d3010aa394b9f70786ce7a152fcfc98c451b4b4e0db3bdfe6dc7b",
                            "rendered": "#!/bin/bash\n\n# update hostname\n#hostname USPRDMOMKAFKA106.`echo SILVER.NCRSMB.COM | awk '{ print toupper($0)}'`\n#sed -i 's/.*/USPRDMOMKAFKA106/g' /etc/hostname\n\n#update hostsfile\n#sudo sed -i \"/127\\.0\\.0\\.1/a `ip route get 1 |awk '{print $NF;exit}'` USPRDMOMKAFKA106\\.SILVER.NCRSMB.COM USPRDMOMKAFKA106\" /etc/hosts\n\nsudo apt-get update\nsudo apt-get -y install python python-apt\n#sudo apt-get -y install sssd realmd krb5-user samba-common packagekit adcli\n\nmkfs.ext4 /dev/nvme1n1\n/sbin/e2label /dev/nvme1n1 data\n\necho -e 'LABEL=data\\t/data\\text4\\tdefaults\\t0 0' \u003e\u003e /etc/fstab\n\nmkdir /data\nmount -a\n\n#enable password authentication with ssh\n#sudo sed -i 's/^Password.*$/PasswordAuthentication yes/g' /etc/ssh/sshd_config \u0026\u0026 sudo systemctl reload ssh\n\n# enable dynamic dns updates\n#sudo sed -i '$ a dyndns_update = True' /etc/sssd/sssd.conf\n\n#Join domain\n#sudo echo 'w1N*7#Egsq' | realm --verbose join -U 'qlid'@`echo SILVER.NCRSMB.COM | awk '{ print toupper($0)}'` `echo SILVER.NCRSMB.COM | awk '{ print toupper($0)}'`\n\n",
                            "template": "#!/bin/bash\n\n# update hostname\n#hostname ${hostname}.`echo ${domain} | awk '{ print toupper($0)}'`\n#sed -i 's/.*/${hostname}/g' /etc/hostname\n\n#update hostsfile\n#sudo sed -i \"/127\\.0\\.0\\.1/a `ip route get 1 |awk '{print $NF;exit}'` ${hostname}\\.${domain} ${hostname}\" /etc/hosts\n\nsudo apt-get update\nsudo apt-get -y install python python-apt\n#sudo apt-get -y install sssd realmd krb5-user samba-common packagekit adcli\n\nmkfs.ext4 /dev/${device}\n/sbin/e2label /dev/${device} ${label}\n\necho -e 'LABEL=${label}\\t/data\\text4\\tdefaults\\t0 0' \u003e\u003e /etc/fstab\n\nmkdir /data\nmount -a\n\n#enable password authentication with ssh\n#sudo sed -i 's/^Password.*$/PasswordAuthentication yes/g' /etc/ssh/sshd_config \u0026\u0026 sudo systemctl reload ssh\n\n# enable dynamic dns updates\n#sudo sed -i '$ a dyndns_update = True' /etc/sssd/sssd.conf\n\n#Join domain\n#sudo echo '${domain_pass}' | realm --verbose join -U '${domain_user}'@`echo ${domain} | awk '{ print toupper($0)}'` `echo ${domain} | awk '{ print toupper($0)}'`\n\n",
                            "vars.%": "6",
                            "vars.device": "nvme1n1",
                            "vars.domain": "SILVER.NCRSMB.COM",
                            "vars.domain_pass": "w1N*7#Egsq",
                            "vars.domain_user": "qlid",
                            "vars.hostname": "USPRDMOMKAFKA106",
                            "vars.label": "data"
                        },
                        "meta": {},
                        "tainted": false
                    },
                    "deposed": [],
                    "provider": "provider.template"
                }
            },
            "depends_on": []
        },
        {
            "path": [
                "root",
                "logstash-ansible"
            ],
            "outputs": {},
            "resources": {
                "aws_instance.momentum_logstash": {
                    "type": "aws_instance",
                    "depends_on": [
                        "aws_security_group.momentum_logstash",
                        "data.template_file.momentum_logstash.*"
                    ],
                    "primary": {
                        "id": "i-00d72896786c76400",
                        "attributes": {
                            "ami": "ami-43a15f3e",
                            "associate_public_ip_address": "false",
                            "availability_zone": "us-east-1a",
                            "disable_api_termination": "false",
                            "ebs_block_device.#": "1",
                            "ebs_block_device.2576023345.delete_on_termination": "false",
                            "ebs_block_device.2576023345.device_name": "/dev/sdb",
                            "ebs_block_device.2576023345.encrypted": "false",
                            "ebs_block_device.2576023345.iops": "600",
                            "ebs_block_device.2576023345.snapshot_id": "",
                            "ebs_block_device.2576023345.volume_size": "200",
                            "ebs_block_device.2576023345.volume_type": "gp2",
                            "ebs_optimized": "false",
                            "ephemeral_block_device.#": "0",
                            "iam_instance_profile": "ec2_bootstrap",
                            "id": "i-00d72896786c76400",
                            "instance_state": "running",
                            "instance_type": "m5.large",
                            "ipv6_addresses.#": "0",
                            "key_name": "us-east-1",
                            "monitoring": "false",
                            "network_interface.#": "0",
                            "network_interface_id": "eni-e031eaf8",
                            "primary_network_interface_id": "eni-e031eaf8",
                            "private_dns": "ip-10-18-14-73.ec2.internal",
                            "private_ip": "10.18.14.73",
                            "public_dns": "",
                            "public_ip": "",
                            "root_block_device.#": "1",
                            "root_block_device.0.delete_on_termination": "true",
                            "root_block_device.0.iops": "120",
                            "root_block_device.0.volume_size": "40",
                            "root_block_device.0.volume_type": "gp2",
                            "security_groups.#": "0",
                            "source_dest_check": "true",
                            "subnet_id": "subnet-8e91a3f8",
                            "tags.%": "4",
                            "tags.Application": "Momentum",
                            "tags.Environment": "USPRD",
                            "tags.Name": "USPRDMOMLS101",
                            "tags.Role": "Logstash",
                            "tenancy": "default",
                            "user_data": "a83f552a10012eb5320a7d9775c101fe8419ea31",
                            "volume_tags.%": "0",
                            "vpc_security_group_ids.#": "1",
                            "vpc_security_group_ids.2694536258": "sg-2b78fa5d"
                        },
                        "meta": {
                            "e2bfb730-ecaa-11e6-8f88-34363bc7c4c0": {
                                "create": 600000000000,
                                "delete": 600000000000,
                                "update": 600000000000
                            },
                            "schema_version": "1"
                        },
                        "tainted": false
                    },
                    "deposed": [],
                    "provider": "provider.aws.aws"
                },
                "aws_route53_record.momentum_logstash": {
                    "type": "aws_route53_record",
                    "depends_on": [
                        "aws_instance.momentum_logstash.*"
                    ],
                    "primary": {
                        "id": "Z2OQJX4SA59BGJ_usprdmomls101_A",
                        "attributes": {
                            "fqdn": "usprdmomls101.ncrsmb.com",
                            "health_check_id": "",
                            "id": "Z2OQJX4SA59BGJ_usprdmomls101_A",
                            "name": "usprdmomls101",
                            "records.#": "1",
                            "records.2984408737": "10.18.14.73",
                            "set_identifier": "",
                            "ttl": "300",
                            "type": "A",
                            "zone_id": "Z2OQJX4SA59BGJ"
                        },
                        "meta": {
                            "schema_version": "2"
                        },
                        "tainted": false
                    },
                    "deposed": [],
                    "provider": "provider.aws.us_prd"
                },
                "aws_security_group.momentum_logstash": {
                    "type": "aws_security_group",
                    "depends_on": [],
                    "primary": {
                        "id": "sg-2b78fa5d",
                        "attributes": {
                            "description": "Allow certain ports and IP ranges used to establish connections to the logstash server",
                            "egress.#": "1",
                            "egress.482069346.cidr_blocks.#": "1",
                            "egress.482069346.cidr_blocks.0": "0.0.0.0/0",
                            "egress.482069346.description": "",
                            "egress.482069346.from_port": "0",
                            "egress.482069346.ipv6_cidr_blocks.#": "0",
                            "egress.482069346.prefix_list_ids.#": "0",
                            "egress.482069346.protocol": "-1",
                            "egress.482069346.security_groups.#": "0",
                            "egress.482069346.self": "false",
                            "egress.482069346.to_port": "0",
                            "id": "sg-2b78fa5d",
                            "ingress.#": "2",
                            "ingress.179083333.cidr_blocks.#": "1",
                            "ingress.179083333.cidr_blocks.0": "10.0.0.0/8",
                            "ingress.179083333.description": "",
                            "ingress.179083333.from_port": "22",
                            "ingress.179083333.ipv6_cidr_blocks.#": "0",
                            "ingress.179083333.protocol": "tcp",
                            "ingress.179083333.security_groups.#": "0",
                            "ingress.179083333.self": "false",
                            "ingress.179083333.to_port": "22",
                            "ingress.3555001073.cidr_blocks.#": "3",
                            "ingress.3555001073.cidr_blocks.0": "10.18.14.0/24",
                            "ingress.3555001073.cidr_blocks.1": "10.18.15.0/24",
                            "ingress.3555001073.cidr_blocks.2": "10.18.16.0/24",
                            "ingress.3555001073.description": "",
                            "ingress.3555001073.from_port": "5044",
                            "ingress.3555001073.ipv6_cidr_blocks.#": "0",
                            "ingress.3555001073.protocol": "tcp",
                            "ingress.3555001073.security_groups.#": "0",
                            "ingress.3555001073.self": "false",
                            "ingress.3555001073.to_port": "5044",
                            "name": "USPRDMOMLS1",
                            "owner_id": "048485690753",
                            "tags.%": "1",
                            "tags.Name": "USPRDMOMLS1",
                            "vpc_id": "vpc-2ada7f4d"
                        },
                        "meta": {},
                        "tainted": false
                    },
                    "deposed": [],
                    "provider": "provider.aws.aws"
                },
                "aws_security_group_rule.logstash_allow_app_ports_ingress": {
                    "type": "aws_security_group_rule",
                    "depends_on": [
                        "aws_security_group.momentum_logstash"
                    ],
                    "primary": {
                        "id": "sgrule-2455097686",
                        "attributes": {
                            "cidr_blocks.#": "3",
                            "cidr_blocks.0": "10.18.14.0/24",
                            "cidr_blocks.1": "10.18.15.0/24",
                            "cidr_blocks.2": "10.18.16.0/24",
                            "description": "",
                            "from_port": "5044",
                            "id": "sgrule-2455097686",
                            "ipv6_cidr_blocks.#": "0",
                            "prefix_list_ids.#": "0",
                            "protocol": "tcp",
                            "security_group_id": "sg-2b78fa5d",
                            "self": "false",
                            "to_port": "5044",
                            "type": "ingress"
                        },
                        "meta": {
                            "schema_version": "2"
                        },
                        "tainted": false
                    },
                    "deposed": [],
                    "provider": "provider.aws.aws"
                },
                "aws_security_group_rule.logstash_allow_egress": {
                    "type": "aws_security_group_rule",
                    "depends_on": [
                        "aws_security_group.momentum_logstash"
                    ],
                    "primary": {
                        "id": "sgrule-3218068664",
                        "attributes": {
                            "cidr_blocks.#": "1",
                            "cidr_blocks.0": "0.0.0.0/0",
                            "description": "",
                            "from_port": "0",
                            "id": "sgrule-3218068664",
                            "ipv6_cidr_blocks.#": "0",
                            "prefix_list_ids.#": "0",
                            "protocol": "-1",
                            "security_group_id": "sg-2b78fa5d",
                            "self": "false",
                            "to_port": "0",
                            "type": "egress"
                        },
                        "meta": {
                            "schema_version": "2"
                        },
                        "tainted": false
                    },
                    "deposed": [],
                    "provider": "provider.aws.aws"
                },
                "aws_security_group_rule.logstash_allow_ssh_ingress": {
                    "type": "aws_security_group_rule",
                    "depends_on": [
                        "aws_security_group.momentum_logstash"
                    ],
                    "primary": {
                        "id": "sgrule-825244685",
                        "attributes": {
                            "cidr_blocks.#": "1",
                            "cidr_blocks.0": "10.0.0.0/8",
                            "description": "",
                            "from_port": "22",
                            "id": "sgrule-825244685",
                            "ipv6_cidr_blocks.#": "0",
                            "prefix_list_ids.#": "0",
                            "protocol": "tcp",
                            "security_group_id": "sg-2b78fa5d",
                            "self": "false",
                            "to_port": "22",
                            "type": "ingress"
                        },
                        "meta": {
                            "schema_version": "2"
                        },
                        "tainted": false
                    },
                    "deposed": [],
                    "provider": "provider.aws.aws"
                },
                "data.template_file.momentum_logstash": {
                    "type": "template_file",
                    "depends_on": [],
                    "primary": {
                        "id": "2fc50d7229aa598545fea1610d35288016696ff541a1bc0e5e813a7a904580b7",
                        "attributes": {
                            "id": "2fc50d7229aa598545fea1610d35288016696ff541a1bc0e5e813a7a904580b7",
                            "rendered": "#!/bin/bash\n\n# update hostname\n#hostname USPRDMOMLS101.`echo SILVER.NCRSMB.COM | awk '{ print toupper($0)}'`\n#sed -i 's/.*/USPRDMOMLS101/g' /etc/hostname\n\n#update hostsfile\n#sudo sed -i \"/127\\.0\\.0\\.1/a `ip route get 1 |awk '{print $NF;exit}'` USPRDMOMLS101\\.SILVER.NCRSMB.COM USPRDMOMLS101\" /etc/hosts\n\nsudo apt-get update\nsudo apt-get -y install python python-apt\n#sudo apt-get -y install sssd realmd krb5-user samba-common packagekit adcli\n\n# EBS Volume\nmkfs.ext4 /dev/nvme1n1\n/sbin/e2label /dev/nvme1n1 opt\n\necho -e 'LABEL=opt\\t/opt\\text4\\tdefaults\\t0 0' \u003e\u003e /etc/fstab\n\nmkdir /opt\nmount -a\n\n#enable password authentication with ssh\n#sudo sed -i 's/^Password.*$/PasswordAuthentication yes/g' /etc/ssh/sshd_config \u0026\u0026 sudo systemctl reload ssh\n\n# enable dynamic dns updates\n#sudo sed -i '$ a dyndns_update = True' /etc/sssd/sssd.conf\n\n#Join domain\n#sudo echo 'w1N*7#Egsq' | realm --verbose join -U 'qlid'@`echo SILVER.NCRSMB.COM | awk '{ print toupper($0)}'` `echo SILVER.NCRSMB.COM | awk '{ print toupper($0)}'`\n\n\n",
                            "template": "#!/bin/bash\n\n# update hostname\n#hostname ${hostname}.`echo ${domain} | awk '{ print toupper($0)}'`\n#sed -i 's/.*/${hostname}/g' /etc/hostname\n\n#update hostsfile\n#sudo sed -i \"/127\\.0\\.0\\.1/a `ip route get 1 |awk '{print $NF;exit}'` ${hostname}\\.${domain} ${hostname}\" /etc/hosts\n\nsudo apt-get update\nsudo apt-get -y install python python-apt\n#sudo apt-get -y install sssd realmd krb5-user samba-common packagekit adcli\n\n# EBS Volume\nmkfs.ext4 /dev/${device}\n/sbin/e2label /dev/${device} ${label}\n\necho -e 'LABEL=${label}\\t/opt\\text4\\tdefaults\\t0 0' \u003e\u003e /etc/fstab\n\nmkdir /opt\nmount -a\n\n#enable password authentication with ssh\n#sudo sed -i 's/^Password.*$/PasswordAuthentication yes/g' /etc/ssh/sshd_config \u0026\u0026 sudo systemctl reload ssh\n\n# enable dynamic dns updates\n#sudo sed -i '$ a dyndns_update = True' /etc/sssd/sssd.conf\n\n#Join domain\n#sudo echo '${domain_pass}' | realm --verbose join -U '${domain_user}'@`echo ${domain} | awk '{ print toupper($0)}'` `echo ${domain} | awk '{ print toupper($0)}'`\n\n\n",
                            "vars.%": "6",
                            "vars.device": "nvme1n1",
                            "vars.domain": "SILVER.NCRSMB.COM",
                            "vars.domain_pass": "w1N*7#Egsq",
                            "vars.domain_user": "qlid",
                            "vars.hostname": "USPRDMOMLS101",
                            "vars.label": "opt"
                        },
                        "meta": {},
                        "tainted": false
                    },
                    "deposed": [],
                    "provider": "provider.template"
                }
            },
            "depends_on": []
        },
        {
            "path": [
                "root",
                "yarn-ansible"
            ],
            "outputs": {},
            "resources": {
                "aws_instance.momentum_yarn.0": {
                    "type": "aws_instance",
                    "depends_on": [
                        "aws_security_group.momentum_yarn",
                        "data.template_file.momentum_yarn.*"
                    ],
                    "primary": {
                        "id": "i-06c194e11556c459b",
                        "attributes": {
                            "ami": "ami-43a15f3e",
                            "associate_public_ip_address": "false",
                            "availability_zone": "us-east-1a",
                            "disable_api_termination": "false",
                            "ebs_block_device.#": "1",
                            "ebs_block_device.2576023345.delete_on_termination": "false",
                            "ebs_block_device.2576023345.device_name": "/dev/sdb",
                            "ebs_block_device.2576023345.encrypted": "false",
                            "ebs_block_device.2576023345.iops": "600",
                            "ebs_block_device.2576023345.snapshot_id": "",
                            "ebs_block_device.2576023345.volume_size": "200",
                            "ebs_block_device.2576023345.volume_type": "gp2",
                            "ebs_optimized": "false",
                            "ephemeral_block_device.#": "0",
                            "iam_instance_profile": "ec2_bootstrap",
                            "id": "i-06c194e11556c459b",
                            "instance_state": "running",
                            "instance_type": "m5.xlarge",
                            "ipv6_addresses.#": "0",
                            "key_name": "us-east-1",
                            "monitoring": "false",
                            "network_interface.#": "0",
                            "network_interface_id": "eni-6b518a73",
                            "primary_network_interface_id": "eni-6b518a73",
                            "private_dns": "ip-10-18-14-149.ec2.internal",
                            "private_ip": "10.18.14.149",
                            "public_dns": "",
                            "public_ip": "",
                            "root_block_device.#": "1",
                            "root_block_device.0.delete_on_termination": "true",
                            "root_block_device.0.iops": "120",
                            "root_block_device.0.volume_size": "40",
                            "root_block_device.0.volume_type": "gp2",
                            "security_groups.#": "0",
                            "source_dest_check": "true",
                            "subnet_id": "subnet-8e91a3f8",
                            "tags.%": "4",
                            "tags.Application": "Momentum",
                            "tags.Environment": "USPRD",
                            "tags.Name": "USPRDMOMYARN101",
                            "tags.Role": "yarn",
                            "tenancy": "default",
                            "user_data": "eaff2db1794cbc22f823fdb2ac9ec8386938926a",
                            "volume_tags.%": "0",
                            "vpc_security_group_ids.#": "1",
                            "vpc_security_group_ids.544371253": "sg-0979fb7f"
                        },
                        "meta": {
                            "e2bfb730-ecaa-11e6-8f88-34363bc7c4c0": {
                                "create": 600000000000,
                                "delete": 600000000000,
                                "update": 600000000000
                            },
                            "schema_version": "1"
                        },
                        "tainted": false
                    },
                    "deposed": [],
                    "provider": "provider.aws.aws"
                },
                "aws_instance.momentum_yarn.1": {
                    "type": "aws_instance",
                    "depends_on": [
                        "aws_security_group.momentum_yarn",
                        "data.template_file.momentum_yarn.*"
                    ],
                    "primary": {
                        "id": "i-004cb343248b55aeb",
                        "attributes": {
                            "ami": "ami-43a15f3e",
                            "associate_public_ip_address": "false",
                            "availability_zone": "us-east-1b",
                            "disable_api_termination": "false",
                            "ebs_block_device.#": "1",
                            "ebs_block_device.2576023345.delete_on_termination": "false",
                            "ebs_block_device.2576023345.device_name": "/dev/sdb",
                            "ebs_block_device.2576023345.encrypted": "false",
                            "ebs_block_device.2576023345.iops": "600",
                            "ebs_block_device.2576023345.snapshot_id": "",
                            "ebs_block_device.2576023345.volume_size": "200",
                            "ebs_block_device.2576023345.volume_type": "gp2",
                            "ebs_optimized": "false",
                            "ephemeral_block_device.#": "0",
                            "iam_instance_profile": "ec2_bootstrap",
                            "id": "i-004cb343248b55aeb",
                            "instance_state": "running",
                            "instance_type": "m5.xlarge",
                            "ipv6_addresses.#": "0",
                            "key_name": "us-east-1",
                            "monitoring": "false",
                            "network_interface.#": "0",
                            "network_interface_id": "eni-e1136230",
                            "primary_network_interface_id": "eni-e1136230",
                            "private_dns": "ip-10-18-15-208.ec2.internal",
                            "private_ip": "10.18.15.208",
                            "public_dns": "",
                            "public_ip": "",
                            "root_block_device.#": "1",
                            "root_block_device.0.delete_on_termination": "true",
                            "root_block_device.0.iops": "120",
                            "root_block_device.0.volume_size": "40",
                            "root_block_device.0.volume_type": "gp2",
                            "security_groups.#": "0",
                            "source_dest_check": "true",
                            "subnet_id": "subnet-002a6458",
                            "tags.%": "4",
                            "tags.Application": "Momentum",
                            "tags.Environment": "USPRD",
                            "tags.Name": "USPRDMOMYARN102",
                            "tags.Role": "yarn",
                            "tenancy": "default",
                            "user_data": "5c99e8293e068dd18958ab289fa11b67fb3af4fb",
                            "volume_tags.%": "0",
                            "vpc_security_group_ids.#": "1",
                            "vpc_security_group_ids.544371253": "sg-0979fb7f"
                        },
                        "meta": {
                            "e2bfb730-ecaa-11e6-8f88-34363bc7c4c0": {
                                "create": 600000000000,
                                "delete": 600000000000,
                                "update": 600000000000
                            },
                            "schema_version": "1"
                        },
                        "tainted": false
                    },
                    "deposed": [],
                    "provider": "provider.aws.aws"
                },
                "aws_instance.momentum_yarn.2": {
                    "type": "aws_instance",
                    "depends_on": [
                        "aws_security_group.momentum_yarn",
                        "data.template_file.momentum_yarn.*"
                    ],
                    "primary": {
                        "id": "i-041402b377c81e956",
                        "attributes": {
                            "ami": "ami-43a15f3e",
                            "associate_public_ip_address": "false",
                            "availability_zone": "us-east-1d",
                            "disable_api_termination": "false",
                            "ebs_block_device.#": "1",
                            "ebs_block_device.2576023345.delete_on_termination": "false",
                            "ebs_block_device.2576023345.device_name": "/dev/sdb",
                            "ebs_block_device.2576023345.encrypted": "false",
                            "ebs_block_device.2576023345.iops": "600",
                            "ebs_block_device.2576023345.snapshot_id": "",
                            "ebs_block_device.2576023345.volume_size": "200",
                            "ebs_block_device.2576023345.volume_type": "gp2",
                            "ebs_optimized": "false",
                            "ephemeral_block_device.#": "0",
                            "iam_instance_profile": "ec2_bootstrap",
                            "id": "i-041402b377c81e956",
                            "instance_state": "running",
                            "instance_type": "m5.xlarge",
                            "ipv6_addresses.#": "0",
                            "key_name": "us-east-1",
                            "monitoring": "false",
                            "network_interface.#": "0",
                            "network_interface_id": "eni-76afd3b9",
                            "primary_network_interface_id": "eni-76afd3b9",
                            "private_dns": "ip-10-18-16-243.ec2.internal",
                            "private_ip": "10.18.16.243",
                            "public_dns": "",
                            "public_ip": "",
                            "root_block_device.#": "1",
                            "root_block_device.0.delete_on_termination": "true",
                            "root_block_device.0.iops": "120",
                            "root_block_device.0.volume_size": "40",
                            "root_block_device.0.volume_type": "gp2",
                            "security_groups.#": "0",
                            "source_dest_check": "true",
                            "subnet_id": "subnet-de8eccf4",
                            "tags.%": "4",
                            "tags.Application": "Momentum",
                            "tags.Environment": "USPRD",
                            "tags.Name": "USPRDMOMYARN103",
                            "tags.Role": "yarn",
                            "tenancy": "default",
                            "user_data": "59d865c6ab43743cc7a0c853af9fb61a59d2543d",
                            "volume_tags.%": "0",
                            "vpc_security_group_ids.#": "1",
                            "vpc_security_group_ids.544371253": "sg-0979fb7f"
                        },
                        "meta": {
                            "e2bfb730-ecaa-11e6-8f88-34363bc7c4c0": {
                                "create": 600000000000,
                                "delete": 600000000000,
                                "update": 600000000000
                            },
                            "schema_version": "1"
                        },
                        "tainted": false
                    },
                    "deposed": [],
                    "provider": "provider.aws.aws"
                },
                "aws_instance.momentum_yarn.3": {
                    "type": "aws_instance",
                    "depends_on": [
                        "aws_security_group.momentum_yarn",
                        "data.template_file.momentum_yarn.*"
                    ],
                    "primary": {
                        "id": "i-0811e4dc83dc655e6",
                        "attributes": {
                            "ami": "ami-43a15f3e",
                            "associate_public_ip_address": "false",
                            "availability_zone": "us-east-1a",
                            "disable_api_termination": "false",
                            "ebs_block_device.#": "1",
                            "ebs_block_device.2576023345.delete_on_termination": "false",
                            "ebs_block_device.2576023345.device_name": "/dev/sdb",
                            "ebs_block_device.2576023345.encrypted": "false",
                            "ebs_block_device.2576023345.iops": "600",
                            "ebs_block_device.2576023345.snapshot_id": "",
                            "ebs_block_device.2576023345.volume_size": "200",
                            "ebs_block_device.2576023345.volume_type": "gp2",
                            "ebs_optimized": "false",
                            "ephemeral_block_device.#": "0",
                            "iam_instance_profile": "ec2_bootstrap",
                            "id": "i-0811e4dc83dc655e6",
                            "instance_state": "running",
                            "instance_type": "m5.xlarge",
                            "ipv6_addresses.#": "0",
                            "key_name": "us-east-1",
                            "monitoring": "false",
                            "network_interface.#": "0",
                            "network_interface_id": "eni-e6508bfe",
                            "primary_network_interface_id": "eni-e6508bfe",
                            "private_dns": "ip-10-18-14-120.ec2.internal",
                            "private_ip": "10.18.14.120",
                            "public_dns": "",
                            "public_ip": "",
                            "root_block_device.#": "1",
                            "root_block_device.0.delete_on_termination": "true",
                            "root_block_device.0.iops": "120",
                            "root_block_device.0.volume_size": "40",
                            "root_block_device.0.volume_type": "gp2",
                            "security_groups.#": "0",
                            "source_dest_check": "true",
                            "subnet_id": "subnet-8e91a3f8",
                            "tags.%": "4",
                            "tags.Application": "Momentum",
                            "tags.Environment": "USPRD",
                            "tags.Name": "USPRDMOMYARN104",
                            "tags.Role": "yarn",
                            "tenancy": "default",
                            "user_data": "4e689bde12f7a6895bf2ef43b1ca80e8fc81dc51",
                            "volume_tags.%": "0",
                            "vpc_security_group_ids.#": "1",
                            "vpc_security_group_ids.544371253": "sg-0979fb7f"
                        },
                        "meta": {
                            "e2bfb730-ecaa-11e6-8f88-34363bc7c4c0": {
                                "create": 600000000000,
                                "delete": 600000000000,
                                "update": 600000000000
                            },
                            "schema_version": "1"
                        },
                        "tainted": false
                    },
                    "deposed": [],
                    "provider": "provider.aws.aws"
                },
                "aws_instance.momentum_yarn.4": {
                    "type": "aws_instance",
                    "depends_on": [
                        "aws_security_group.momentum_yarn",
                        "data.template_file.momentum_yarn.*"
                    ],
                    "primary": {
                        "id": "i-0490905400790ebc7",
                        "attributes": {
                            "ami": "ami-43a15f3e",
                            "associate_public_ip_address": "false",
                            "availability_zone": "us-east-1b",
                            "disable_api_termination": "false",
                            "ebs_block_device.#": "1",
                            "ebs_block_device.2576023345.delete_on_termination": "false",
                            "ebs_block_device.2576023345.device_name": "/dev/sdb",
                            "ebs_block_device.2576023345.encrypted": "false",
                            "ebs_block_device.2576023345.iops": "600",
                            "ebs_block_device.2576023345.snapshot_id": "",
                            "ebs_block_device.2576023345.volume_size": "200",
                            "ebs_block_device.2576023345.volume_type": "gp2",
                            "ebs_optimized": "false",
                            "ephemeral_block_device.#": "0",
                            "iam_instance_profile": "ec2_bootstrap",
                            "id": "i-0490905400790ebc7",
                            "instance_state": "running",
                            "instance_type": "m5.xlarge",
                            "ipv6_addresses.#": "0",
                            "key_name": "us-east-1",
                            "monitoring": "false",
                            "network_interface.#": "0",
                            "network_interface_id": "eni-52156483",
                            "primary_network_interface_id": "eni-52156483",
                            "private_dns": "ip-10-18-15-207.ec2.internal",
                            "private_ip": "10.18.15.207",
                            "public_dns": "",
                            "public_ip": "",
                            "root_block_device.#": "1",
                            "root_block_device.0.delete_on_termination": "true",
                            "root_block_device.0.iops": "120",
                            "root_block_device.0.volume_size": "40",
                            "root_block_device.0.volume_type": "gp2",
                            "security_groups.#": "0",
                            "source_dest_check": "true",
                            "subnet_id": "subnet-002a6458",
                            "tags.%": "4",
                            "tags.Application": "Momentum",
                            "tags.Environment": "USPRD",
                            "tags.Name": "USPRDMOMYARN105",
                            "tags.Role": "yarn",
                            "tenancy": "default",
                            "user_data": "4e8f8489922b778df9e22eadb6bae7519431df27",
                            "volume_tags.%": "0",
                            "vpc_security_group_ids.#": "1",
                            "vpc_security_group_ids.544371253": "sg-0979fb7f"
                        },
                        "meta": {
                            "e2bfb730-ecaa-11e6-8f88-34363bc7c4c0": {
                                "create": 600000000000,
                                "delete": 600000000000,
                                "update": 600000000000
                            },
                            "schema_version": "1"
                        },
                        "tainted": false
                    },
                    "deposed": [],
                    "provider": "provider.aws.aws"
                },
                "aws_route53_record.momentum_yarn.0": {
                    "type": "aws_route53_record",
                    "depends_on": [
                        "aws_instance.momentum_yarn.*"
                    ],
                    "primary": {
                        "id": "Z2OQJX4SA59BGJ_usprdmomyarn101_A",
                        "attributes": {
                            "fqdn": "usprdmomyarn101.ncrsmb.com",
                            "health_check_id": "",
                            "id": "Z2OQJX4SA59BGJ_usprdmomyarn101_A",
                            "name": "usprdmomyarn101",
                            "records.#": "1",
                            "records.1739324664": "10.18.14.149",
                            "set_identifier": "",
                            "ttl": "300",
                            "type": "A",
                            "zone_id": "Z2OQJX4SA59BGJ"
                        },
                        "meta": {
                            "schema_version": "2"
                        },
                        "tainted": false
                    },
                    "deposed": [],
                    "provider": "provider.aws.us_prd"
                },
                "aws_route53_record.momentum_yarn.1": {
                    "type": "aws_route53_record",
                    "depends_on": [
                        "aws_instance.momentum_yarn.*"
                    ],
                    "primary": {
                        "id": "Z2OQJX4SA59BGJ_usprdmomyarn102_A",
                        "attributes": {
                            "fqdn": "usprdmomyarn102.ncrsmb.com",
                            "health_check_id": "",
                            "id": "Z2OQJX4SA59BGJ_usprdmomyarn102_A",
                            "name": "usprdmomyarn102",
                            "records.#": "1",
                            "records.1273405059": "10.18.15.208",
                            "set_identifier": "",
                            "ttl": "300",
                            "type": "A",
                            "zone_id": "Z2OQJX4SA59BGJ"
                        },
                        "meta": {
                            "schema_version": "2"
                        },
                        "tainted": false
                    },
                    "deposed": [],
                    "provider": "provider.aws.us_prd"
                },
                "aws_route53_record.momentum_yarn.2": {
                    "type": "aws_route53_record",
                    "depends_on": [
                        "aws_instance.momentum_yarn.*"
                    ],
                    "primary": {
                        "id": "Z2OQJX4SA59BGJ_usprdmomyarn103_A",
                        "attributes": {
                            "fqdn": "usprdmomyarn103.ncrsmb.com",
                            "health_check_id": "",
                            "id": "Z2OQJX4SA59BGJ_usprdmomyarn103_A",
                            "name": "usprdmomyarn103",
                            "records.#": "1",
                            "records.4294506719": "10.18.16.243",
                            "set_identifier": "",
                            "ttl": "300",
                            "type": "A",
                            "zone_id": "Z2OQJX4SA59BGJ"
                        },
                        "meta": {
                            "schema_version": "2"
                        },
                        "tainted": false
                    },
                    "deposed": [],
                    "provider": "provider.aws.us_prd"
                },
                "aws_route53_record.momentum_yarn.3": {
                    "type": "aws_route53_record",
                    "depends_on": [
                        "aws_instance.momentum_yarn.*"
                    ],
                    "primary": {
                        "id": "Z2OQJX4SA59BGJ_usprdmomyarn104_A",
                        "attributes": {
                            "fqdn": "usprdmomyarn104.ncrsmb.com",
                            "health_check_id": "",
                            "id": "Z2OQJX4SA59BGJ_usprdmomyarn104_A",
                            "name": "usprdmomyarn104",
                            "records.#": "1",
                            "records.1210967002": "10.18.14.120",
                            "set_identifier": "",
                            "ttl": "300",
                            "type": "A",
                            "zone_id": "Z2OQJX4SA59BGJ"
                        },
                        "meta": {
                            "schema_version": "2"
                        },
                        "tainted": false
                    },
                    "deposed": [],
                    "provider": "provider.aws.us_prd"
                },
                "aws_route53_record.momentum_yarn.4": {
                    "type": "aws_route53_record",
                    "depends_on": [
                        "aws_instance.momentum_yarn.*"
                    ],
                    "primary": {
                        "id": "Z2OQJX4SA59BGJ_usprdmomyarn105_A",
                        "attributes": {
                            "fqdn": "usprdmomyarn105.ncrsmb.com",
                            "health_check_id": "",
                            "id": "Z2OQJX4SA59BGJ_usprdmomyarn105_A",
                            "name": "usprdmomyarn105",
                            "records.#": "1",
                            "records.3680076562": "10.18.15.207",
                            "set_identifier": "",
                            "ttl": "300",
                            "type": "A",
                            "zone_id": "Z2OQJX4SA59BGJ"
                        },
                        "meta": {
                            "schema_version": "2"
                        },
                        "tainted": false
                    },
                    "deposed": [],
                    "provider": "provider.aws.us_prd"
                },
                "aws_route53_record.public_momentum_yarn.0": {
                    "type": "aws_route53_record",
                    "depends_on": [
                        "aws_instance.momentum_yarn.*"
                    ],
                    "primary": {
                        "id": "Z1XW23SHFYCXN7_usprdmomyarn101_A",
                        "attributes": {
                            "fqdn": "usprdmomyarn101.ncrsmb.com",
                            "health_check_id": "",
                            "id": "Z1XW23SHFYCXN7_usprdmomyarn101_A",
                            "name": "usprdmomyarn101",
                            "records.#": "1",
                            "records.1739324664": "10.18.14.149",
                            "set_identifier": "",
                            "ttl": "300",
                            "type": "A",
                            "zone_id": "Z1XW23SHFYCXN7"
                        },
                        "meta": {
                            "schema_version": "2"
                        },
                        "tainted": false
                    },
                    "deposed": [],
                    "provider": "provider.aws.us_parent"
                },
                "aws_route53_record.public_momentum_yarn.1": {
                    "type": "aws_route53_record",
                    "depends_on": [
                        "aws_instance.momentum_yarn.*"
                    ],
                    "primary": {
                        "id": "Z1XW23SHFYCXN7_usprdmomyarn102_A",
                        "attributes": {
                            "fqdn": "usprdmomyarn102.ncrsmb.com",
                            "health_check_id": "",
                            "id": "Z1XW23SHFYCXN7_usprdmomyarn102_A",
                            "name": "usprdmomyarn102",
                            "records.#": "1",
                            "records.1273405059": "10.18.15.208",
                            "set_identifier": "",
                            "ttl": "300",
                            "type": "A",
                            "zone_id": "Z1XW23SHFYCXN7"
                        },
                        "meta": {
                            "schema_version": "2"
                        },
                        "tainted": false
                    },
                    "deposed": [],
                    "provider": "provider.aws.us_parent"
                },
                "aws_route53_record.public_momentum_yarn.2": {
                    "type": "aws_route53_record",
                    "depends_on": [
                        "aws_instance.momentum_yarn.*"
                    ],
                    "primary": {
                        "id": "Z1XW23SHFYCXN7_usprdmomyarn103_A",
                        "attributes": {
                            "fqdn": "usprdmomyarn103.ncrsmb.com",
                            "health_check_id": "",
                            "id": "Z1XW23SHFYCXN7_usprdmomyarn103_A",
                            "name": "usprdmomyarn103",
                            "records.#": "1",
                            "records.4294506719": "10.18.16.243",
                            "set_identifier": "",
                            "ttl": "300",
                            "type": "A",
                            "zone_id": "Z1XW23SHFYCXN7"
                        },
                        "meta": {
                            "schema_version": "2"
                        },
                        "tainted": false
                    },
                    "deposed": [],
                    "provider": "provider.aws.us_parent"
                },
                "aws_route53_record.public_momentum_yarn.3": {
                    "type": "aws_route53_record",
                    "depends_on": [
                        "aws_instance.momentum_yarn.*"
                    ],
                    "primary": {
                        "id": "Z1XW23SHFYCXN7_usprdmomyarn104_A",
                        "attributes": {
                            "fqdn": "usprdmomyarn104.ncrsmb.com",
                            "health_check_id": "",
                            "id": "Z1XW23SHFYCXN7_usprdmomyarn104_A",
                            "name": "usprdmomyarn104",
                            "records.#": "1",
                            "records.1210967002": "10.18.14.120",
                            "set_identifier": "",
                            "ttl": "300",
                            "type": "A",
                            "zone_id": "Z1XW23SHFYCXN7"
                        },
                        "meta": {
                            "schema_version": "2"
                        },
                        "tainted": false
                    },
                    "deposed": [],
                    "provider": "provider.aws.us_parent"
                },
                "aws_route53_record.public_momentum_yarn.4": {
                    "type": "aws_route53_record",
                    "depends_on": [
                        "aws_instance.momentum_yarn.*"
                    ],
                    "primary": {
                        "id": "Z1XW23SHFYCXN7_usprdmomyarn105_A",
                        "attributes": {
                            "fqdn": "usprdmomyarn105.ncrsmb.com",
                            "health_check_id": "",
                            "id": "Z1XW23SHFYCXN7_usprdmomyarn105_A",
                            "name": "usprdmomyarn105",
                            "records.#": "1",
                            "records.3680076562": "10.18.15.207",
                            "set_identifier": "",
                            "ttl": "300",
                            "type": "A",
                            "zone_id": "Z1XW23SHFYCXN7"
                        },
                        "meta": {
                            "schema_version": "2"
                        },
                        "tainted": false
                    },
                    "deposed": [],
                    "provider": "provider.aws.us_parent"
                },
                "aws_security_group.momentum_yarn": {
                    "type": "aws_security_group",
                    "depends_on": [],
                    "primary": {
                        "id": "sg-0979fb7f",
                        "attributes": {
                            "description": "Allow certain ports and IP ranges used to establish connections to the yarn server",
                            "egress.#": "1",
                            "egress.482069346.cidr_blocks.#": "1",
                            "egress.482069346.cidr_blocks.0": "0.0.0.0/0",
                            "egress.482069346.description": "",
                            "egress.482069346.from_port": "0",
                            "egress.482069346.ipv6_cidr_blocks.#": "0",
                            "egress.482069346.prefix_list_ids.#": "0",
                            "egress.482069346.protocol": "-1",
                            "egress.482069346.security_groups.#": "0",
                            "egress.482069346.self": "false",
                            "egress.482069346.to_port": "0",
                            "id": "sg-0979fb7f",
                            "ingress.#": "5",
                            "ingress.146985296.cidr_blocks.#": "1",
                            "ingress.146985296.cidr_blocks.0": "10.0.0.0/8",
                            "ingress.146985296.description": "",
                            "ingress.146985296.from_port": "8032",
                            "ingress.146985296.ipv6_cidr_blocks.#": "0",
                            "ingress.146985296.protocol": "tcp",
                            "ingress.146985296.security_groups.#": "0",
                            "ingress.146985296.self": "false",
                            "ingress.146985296.to_port": "8032",
                            "ingress.179083333.cidr_blocks.#": "1",
                            "ingress.179083333.cidr_blocks.0": "10.0.0.0/8",
                            "ingress.179083333.description": "",
                            "ingress.179083333.from_port": "22",
                            "ingress.179083333.ipv6_cidr_blocks.#": "0",
                            "ingress.179083333.protocol": "tcp",
                            "ingress.179083333.security_groups.#": "0",
                            "ingress.179083333.self": "false",
                            "ingress.179083333.to_port": "22",
                            "ingress.1794009109.cidr_blocks.#": "1",
                            "ingress.1794009109.cidr_blocks.0": "10.0.0.0/8",
                            "ingress.1794009109.description": "",
                            "ingress.1794009109.from_port": "8088",
                            "ingress.1794009109.ipv6_cidr_blocks.#": "0",
                            "ingress.1794009109.protocol": "tcp",
                            "ingress.1794009109.security_groups.#": "0",
                            "ingress.1794009109.self": "false",
                            "ingress.1794009109.to_port": "8088",
                            "ingress.3418156954.cidr_blocks.#": "1",
                            "ingress.3418156954.cidr_blocks.0": "10.0.0.0/8",
                            "ingress.3418156954.description": "",
                            "ingress.3418156954.from_port": "8042",
                            "ingress.3418156954.ipv6_cidr_blocks.#": "0",
                            "ingress.3418156954.protocol": "tcp",
                            "ingress.3418156954.security_groups.#": "0",
                            "ingress.3418156954.self": "false",
                            "ingress.3418156954.to_port": "8042",
                            "ingress.3911927203.cidr_blocks.#": "3",
                            "ingress.3911927203.cidr_blocks.0": "10.18.14.0/24",
                            "ingress.3911927203.cidr_blocks.1": "10.18.15.0/24",
                            "ingress.3911927203.cidr_blocks.2": "10.18.16.0/24",
                            "ingress.3911927203.description": "",
                            "ingress.3911927203.from_port": "0",
                            "ingress.3911927203.ipv6_cidr_blocks.#": "0",
                            "ingress.3911927203.protocol": "tcp",
                            "ingress.3911927203.security_groups.#": "0",
                            "ingress.3911927203.self": "false",
                            "ingress.3911927203.to_port": "65535",
                            "name": "USPRDMOMYARN1",
                            "owner_id": "048485690753",
                            "tags.%": "1",
                            "tags.Name": "USPRDMOMYARN1",
                            "vpc_id": "vpc-2ada7f4d"
                        },
                        "meta": {},
                        "tainted": false
                    },
                    "deposed": [],
                    "provider": "provider.aws.aws"
                },
                "aws_security_group_rule.yarn_allow_app_ports_ingress.0": {
                    "type": "aws_security_group_rule",
                    "depends_on": [
                        "aws_security_group.momentum_yarn"
                    ],
                    "primary": {
                        "id": "sgrule-306493822",
                        "attributes": {
                            "cidr_blocks.#": "1",
                            "cidr_blocks.0": "10.0.0.0/8",
                            "description": "",
                            "from_port": "8032",
                            "id": "sgrule-306493822",
                            "ipv6_cidr_blocks.#": "0",
                            "prefix_list_ids.#": "0",
                            "protocol": "tcp",
                            "security_group_id": "sg-0979fb7f",
                            "self": "false",
                            "to_port": "8032",
                            "type": "ingress"
                        },
                        "meta": {
                            "schema_version": "2"
                        },
                        "tainted": false
                    },
                    "deposed": [],
                    "provider": "provider.aws.aws"
                },
                "aws_security_group_rule.yarn_allow_app_ports_ingress.1": {
                    "type": "aws_security_group_rule",
                    "depends_on": [
                        "aws_security_group.momentum_yarn"
                    ],
                    "primary": {
                        "id": "sgrule-3794819183",
                        "attributes": {
                            "cidr_blocks.#": "1",
                            "cidr_blocks.0": "10.0.0.0/8",
                            "description": "",
                            "from_port": "8042",
                            "id": "sgrule-3794819183",
                            "ipv6_cidr_blocks.#": "0",
                            "prefix_list_ids.#": "0",
                            "protocol": "tcp",
                            "security_group_id": "sg-0979fb7f",
                            "self": "false",
                            "to_port": "8042",
                            "type": "ingress"
                        },
                        "meta": {
                            "schema_version": "2"
                        },
                        "tainted": false
                    },
                    "deposed": [],
                    "provider": "provider.aws.aws"
                },
                "aws_security_group_rule.yarn_allow_app_ports_ingress.2": {
                    "type": "aws_security_group_rule",
                    "depends_on": [
                        "aws_security_group.momentum_yarn"
                    ],
                    "primary": {
                        "id": "sgrule-771189562",
                        "attributes": {
                            "cidr_blocks.#": "1",
                            "cidr_blocks.0": "10.0.0.0/8",
                            "description": "",
                            "from_port": "8088",
                            "id": "sgrule-771189562",
                            "ipv6_cidr_blocks.#": "0",
                            "prefix_list_ids.#": "0",
                            "protocol": "tcp",
                            "security_group_id": "sg-0979fb7f",
                            "self": "false",
                            "to_port": "8088",
                            "type": "ingress"
                        },
                        "meta": {
                            "schema_version": "2"
                        },
                        "tainted": false
                    },
                    "deposed": [],
                    "provider": "provider.aws.aws"
                },
                "aws_security_group_rule.yarn_allow_egress": {
                    "type": "aws_security_group_rule",
                    "depends_on": [
                        "aws_security_group.momentum_yarn"
                    ],
                    "primary": {
                        "id": "sgrule-2085882489",
                        "attributes": {
                            "cidr_blocks.#": "1",
                            "cidr_blocks.0": "0.0.0.0/0",
                            "description": "",
                            "from_port": "0",
                            "id": "sgrule-2085882489",
                            "ipv6_cidr_blocks.#": "0",
                            "prefix_list_ids.#": "0",
                            "protocol": "-1",
                            "security_group_id": "sg-0979fb7f",
                            "self": "false",
                            "to_port": "0",
                            "type": "egress"
                        },
                        "meta": {
                            "schema_version": "2"
                        },
                        "tainted": false
                    },
                    "deposed": [],
                    "provider": "provider.aws.aws"
                },
                "aws_security_group_rule.yarn_allow_internal_ingress": {
                    "type": "aws_security_group_rule",
                    "depends_on": [
                        "aws_security_group.momentum_yarn"
                    ],
                    "primary": {
                        "id": "sgrule-4248249181",
                        "attributes": {
                            "cidr_blocks.#": "3",
                            "cidr_blocks.0": "10.18.14.0/24",
                            "cidr_blocks.1": "10.18.15.0/24",
                            "cidr_blocks.2": "10.18.16.0/24",
                            "description": "",
                            "from_port": "0",
                            "id": "sgrule-4248249181",
                            "ipv6_cidr_blocks.#": "0",
                            "prefix_list_ids.#": "0",
                            "protocol": "tcp",
                            "security_group_id": "sg-0979fb7f",
                            "self": "false",
                            "to_port": "65535",
                            "type": "ingress"
                        },
                        "meta": {
                            "schema_version": "2"
                        },
                        "tainted": false
                    },
                    "deposed": [],
                    "provider": "provider.aws.aws"
                },
                "aws_security_group_rule.yarn_allow_ssh_ingress": {
                    "type": "aws_security_group_rule",
                    "depends_on": [
                        "aws_security_group.momentum_yarn"
                    ],
                    "primary": {
                        "id": "sgrule-4154982900",
                        "attributes": {
                            "cidr_blocks.#": "1",
                            "cidr_blocks.0": "10.0.0.0/8",
                            "description": "",
                            "from_port": "22",
                            "id": "sgrule-4154982900",
                            "ipv6_cidr_blocks.#": "0",
                            "prefix_list_ids.#": "0",
                            "protocol": "tcp",
                            "security_group_id": "sg-0979fb7f",
                            "self": "false",
                            "to_port": "22",
                            "type": "ingress"
                        },
                        "meta": {
                            "schema_version": "2"
                        },
                        "tainted": false
                    },
                    "deposed": [],
                    "provider": "provider.aws.aws"
                },
                "data.template_file.momentum_yarn.0": {
                    "type": "template_file",
                    "depends_on": [],
                    "primary": {
                        "id": "9e51c64dee843acdff0554961fd5b8c000663f286928f74a8a7e9664edae6629",
                        "attributes": {
                            "id": "9e51c64dee843acdff0554961fd5b8c000663f286928f74a8a7e9664edae6629",
                            "rendered": "#!/bin/bash\n\n# update hostname\n#hostname USPRDMOMYARN101.`echo SILVER.NCRSMB.COM | awk '{ print toupper($0)}'`\n#sed -i 's/.*/USPRDMOMYARN101/g' /etc/hostname\n\n#update hostsfile\n#sudo sed -i \"/127\\.0\\.0\\.1/a `ip route get 1 |awk '{print $NF;exit}'` USPRDMOMYARN101\\.SILVER.NCRSMB.COM USPRDMOMYARN101\" /etc/hosts\n\nsudo apt-get update\nsudo apt-get -y install python python-apt\n#sudo apt-get -y install sssd realmd krb5-user samba-common packagekit adcli\n\nmkfs.ext4 /dev/nvme1n1\n/sbin/e2label /dev/nvme1n1 data\n\necho -e 'LABEL=data\\t/data\\text4\\tdefaults\\t0 0' \u003e\u003e /etc/fstab\n\nmkdir /data\nmount -a\n\n#enable password authentication with ssh\n#sudo sed -i 's/^Password.*$/PasswordAuthentication yes/g' /etc/ssh/sshd_config \u0026\u0026 sudo systemctl reload ssh\n\n# enable dynamic dns updates\n#sudo sed -i '$ a dyndns_update = True' /etc/sssd/sssd.conf\n\n#Join domain\n#sudo echo 'w1N*7#Egsq' | realm --verbose join -U 'qlid'@`echo SILVER.NCRSMB.COM | awk '{ print toupper($0)}'` `echo SILVER.NCRSMB.COM | awk '{ print toupper($0)}'`\n",
                            "template": "#!/bin/bash\n\n# update hostname\n#hostname ${hostname}.`echo ${domain} | awk '{ print toupper($0)}'`\n#sed -i 's/.*/${hostname}/g' /etc/hostname\n\n#update hostsfile\n#sudo sed -i \"/127\\.0\\.0\\.1/a `ip route get 1 |awk '{print $NF;exit}'` ${hostname}\\.${domain} ${hostname}\" /etc/hosts\n\nsudo apt-get update\nsudo apt-get -y install python python-apt\n#sudo apt-get -y install sssd realmd krb5-user samba-common packagekit adcli\n\nmkfs.ext4 /dev/${device}\n/sbin/e2label /dev/${device} ${label}\n\necho -e 'LABEL=${label}\\t/data\\text4\\tdefaults\\t0 0' \u003e\u003e /etc/fstab\n\nmkdir /data\nmount -a\n\n#enable password authentication with ssh\n#sudo sed -i 's/^Password.*$/PasswordAuthentication yes/g' /etc/ssh/sshd_config \u0026\u0026 sudo systemctl reload ssh\n\n# enable dynamic dns updates\n#sudo sed -i '$ a dyndns_update = True' /etc/sssd/sssd.conf\n\n#Join domain\n#sudo echo '${domain_pass}' | realm --verbose join -U '${domain_user}'@`echo ${domain} | awk '{ print toupper($0)}'` `echo ${domain} | awk '{ print toupper($0)}'`\n",
                            "vars.%": "6",
                            "vars.device": "nvme1n1",
                            "vars.domain": "SILVER.NCRSMB.COM",
                            "vars.domain_pass": "w1N*7#Egsq",
                            "vars.domain_user": "qlid",
                            "vars.hostname": "USPRDMOMYARN101",
                            "vars.label": "data"
                        },
                        "meta": {},
                        "tainted": false
                    },
                    "deposed": [],
                    "provider": "provider.template"
                },
                "data.template_file.momentum_yarn.1": {
                    "type": "template_file",
                    "depends_on": [],
                    "primary": {
                        "id": "bb5dcafd6308d952b38d1525f69e69d7f2cb7087575c810554016d06f090d3e1",
                        "attributes": {
                            "id": "bb5dcafd6308d952b38d1525f69e69d7f2cb7087575c810554016d06f090d3e1",
                            "rendered": "#!/bin/bash\n\n# update hostname\n#hostname USPRDMOMYARN102.`echo SILVER.NCRSMB.COM | awk '{ print toupper($0)}'`\n#sed -i 's/.*/USPRDMOMYARN102/g' /etc/hostname\n\n#update hostsfile\n#sudo sed -i \"/127\\.0\\.0\\.1/a `ip route get 1 |awk '{print $NF;exit}'` USPRDMOMYARN102\\.SILVER.NCRSMB.COM USPRDMOMYARN102\" /etc/hosts\n\nsudo apt-get update\nsudo apt-get -y install python python-apt\n#sudo apt-get -y install sssd realmd krb5-user samba-common packagekit adcli\n\nmkfs.ext4 /dev/nvme1n1\n/sbin/e2label /dev/nvme1n1 data\n\necho -e 'LABEL=data\\t/data\\text4\\tdefaults\\t0 0' \u003e\u003e /etc/fstab\n\nmkdir /data\nmount -a\n\n#enable password authentication with ssh\n#sudo sed -i 's/^Password.*$/PasswordAuthentication yes/g' /etc/ssh/sshd_config \u0026\u0026 sudo systemctl reload ssh\n\n# enable dynamic dns updates\n#sudo sed -i '$ a dyndns_update = True' /etc/sssd/sssd.conf\n\n#Join domain\n#sudo echo 'w1N*7#Egsq' | realm --verbose join -U 'qlid'@`echo SILVER.NCRSMB.COM | awk '{ print toupper($0)}'` `echo SILVER.NCRSMB.COM | awk '{ print toupper($0)}'`\n",
                            "template": "#!/bin/bash\n\n# update hostname\n#hostname ${hostname}.`echo ${domain} | awk '{ print toupper($0)}'`\n#sed -i 's/.*/${hostname}/g' /etc/hostname\n\n#update hostsfile\n#sudo sed -i \"/127\\.0\\.0\\.1/a `ip route get 1 |awk '{print $NF;exit}'` ${hostname}\\.${domain} ${hostname}\" /etc/hosts\n\nsudo apt-get update\nsudo apt-get -y install python python-apt\n#sudo apt-get -y install sssd realmd krb5-user samba-common packagekit adcli\n\nmkfs.ext4 /dev/${device}\n/sbin/e2label /dev/${device} ${label}\n\necho -e 'LABEL=${label}\\t/data\\text4\\tdefaults\\t0 0' \u003e\u003e /etc/fstab\n\nmkdir /data\nmount -a\n\n#enable password authentication with ssh\n#sudo sed -i 's/^Password.*$/PasswordAuthentication yes/g' /etc/ssh/sshd_config \u0026\u0026 sudo systemctl reload ssh\n\n# enable dynamic dns updates\n#sudo sed -i '$ a dyndns_update = True' /etc/sssd/sssd.conf\n\n#Join domain\n#sudo echo '${domain_pass}' | realm --verbose join -U '${domain_user}'@`echo ${domain} | awk '{ print toupper($0)}'` `echo ${domain} | awk '{ print toupper($0)}'`\n",
                            "vars.%": "6",
                            "vars.device": "nvme1n1",
                            "vars.domain": "SILVER.NCRSMB.COM",
                            "vars.domain_pass": "w1N*7#Egsq",
                            "vars.domain_user": "qlid",
                            "vars.hostname": "USPRDMOMYARN102",
                            "vars.label": "data"
                        },
                        "meta": {},
                        "tainted": false
                    },
                    "deposed": [],
                    "provider": "provider.template"
                },
                "data.template_file.momentum_yarn.2": {
                    "type": "template_file",
                    "depends_on": [],
                    "primary": {
                        "id": "bdad6352d88cabb5b326cca740489c798187db1c2ec0872be8e995035b0ff877",
                        "attributes": {
                            "id": "bdad6352d88cabb5b326cca740489c798187db1c2ec0872be8e995035b0ff877",
                            "rendered": "#!/bin/bash\n\n# update hostname\n#hostname USPRDMOMYARN103.`echo SILVER.NCRSMB.COM | awk '{ print toupper($0)}'`\n#sed -i 's/.*/USPRDMOMYARN103/g' /etc/hostname\n\n#update hostsfile\n#sudo sed -i \"/127\\.0\\.0\\.1/a `ip route get 1 |awk '{print $NF;exit}'` USPRDMOMYARN103\\.SILVER.NCRSMB.COM USPRDMOMYARN103\" /etc/hosts\n\nsudo apt-get update\nsudo apt-get -y install python python-apt\n#sudo apt-get -y install sssd realmd krb5-user samba-common packagekit adcli\n\nmkfs.ext4 /dev/nvme1n1\n/sbin/e2label /dev/nvme1n1 data\n\necho -e 'LABEL=data\\t/data\\text4\\tdefaults\\t0 0' \u003e\u003e /etc/fstab\n\nmkdir /data\nmount -a\n\n#enable password authentication with ssh\n#sudo sed -i 's/^Password.*$/PasswordAuthentication yes/g' /etc/ssh/sshd_config \u0026\u0026 sudo systemctl reload ssh\n\n# enable dynamic dns updates\n#sudo sed -i '$ a dyndns_update = True' /etc/sssd/sssd.conf\n\n#Join domain\n#sudo echo 'w1N*7#Egsq' | realm --verbose join -U 'qlid'@`echo SILVER.NCRSMB.COM | awk '{ print toupper($0)}'` `echo SILVER.NCRSMB.COM | awk '{ print toupper($0)}'`\n",
                            "template": "#!/bin/bash\n\n# update hostname\n#hostname ${hostname}.`echo ${domain} | awk '{ print toupper($0)}'`\n#sed -i 's/.*/${hostname}/g' /etc/hostname\n\n#update hostsfile\n#sudo sed -i \"/127\\.0\\.0\\.1/a `ip route get 1 |awk '{print $NF;exit}'` ${hostname}\\.${domain} ${hostname}\" /etc/hosts\n\nsudo apt-get update\nsudo apt-get -y install python python-apt\n#sudo apt-get -y install sssd realmd krb5-user samba-common packagekit adcli\n\nmkfs.ext4 /dev/${device}\n/sbin/e2label /dev/${device} ${label}\n\necho -e 'LABEL=${label}\\t/data\\text4\\tdefaults\\t0 0' \u003e\u003e /etc/fstab\n\nmkdir /data\nmount -a\n\n#enable password authentication with ssh\n#sudo sed -i 's/^Password.*$/PasswordAuthentication yes/g' /etc/ssh/sshd_config \u0026\u0026 sudo systemctl reload ssh\n\n# enable dynamic dns updates\n#sudo sed -i '$ a dyndns_update = True' /etc/sssd/sssd.conf\n\n#Join domain\n#sudo echo '${domain_pass}' | realm --verbose join -U '${domain_user}'@`echo ${domain} | awk '{ print toupper($0)}'` `echo ${domain} | awk '{ print toupper($0)}'`\n",
                            "vars.%": "6",
                            "vars.device": "nvme1n1",
                            "vars.domain": "SILVER.NCRSMB.COM",
                            "vars.domain_pass": "w1N*7#Egsq",
                            "vars.domain_user": "qlid",
                            "vars.hostname": "USPRDMOMYARN103",
                            "vars.label": "data"
                        },
                        "meta": {},
                        "tainted": false
                    },
                    "deposed": [],
                    "provider": "provider.template"
                },
                "data.template_file.momentum_yarn.3": {
                    "type": "template_file",
                    "depends_on": [],
                    "primary": {
                        "id": "01329ea7927e7650ca62484acc457f3afee1018ecf343763d3be7b4354456a29",
                        "attributes": {
                            "id": "01329ea7927e7650ca62484acc457f3afee1018ecf343763d3be7b4354456a29",
                            "rendered": "#!/bin/bash\n\n# update hostname\n#hostname USPRDMOMYARN104.`echo SILVER.NCRSMB.COM | awk '{ print toupper($0)}'`\n#sed -i 's/.*/USPRDMOMYARN104/g' /etc/hostname\n\n#update hostsfile\n#sudo sed -i \"/127\\.0\\.0\\.1/a `ip route get 1 |awk '{print $NF;exit}'` USPRDMOMYARN104\\.SILVER.NCRSMB.COM USPRDMOMYARN104\" /etc/hosts\n\nsudo apt-get update\nsudo apt-get -y install python python-apt\n#sudo apt-get -y install sssd realmd krb5-user samba-common packagekit adcli\n\nmkfs.ext4 /dev/nvme1n1\n/sbin/e2label /dev/nvme1n1 data\n\necho -e 'LABEL=data\\t/data\\text4\\tdefaults\\t0 0' \u003e\u003e /etc/fstab\n\nmkdir /data\nmount -a\n\n#enable password authentication with ssh\n#sudo sed -i 's/^Password.*$/PasswordAuthentication yes/g' /etc/ssh/sshd_config \u0026\u0026 sudo systemctl reload ssh\n\n# enable dynamic dns updates\n#sudo sed -i '$ a dyndns_update = True' /etc/sssd/sssd.conf\n\n#Join domain\n#sudo echo 'w1N*7#Egsq' | realm --verbose join -U 'qlid'@`echo SILVER.NCRSMB.COM | awk '{ print toupper($0)}'` `echo SILVER.NCRSMB.COM | awk '{ print toupper($0)}'`\n",
                            "template": "#!/bin/bash\n\n# update hostname\n#hostname ${hostname}.`echo ${domain} | awk '{ print toupper($0)}'`\n#sed -i 's/.*/${hostname}/g' /etc/hostname\n\n#update hostsfile\n#sudo sed -i \"/127\\.0\\.0\\.1/a `ip route get 1 |awk '{print $NF;exit}'` ${hostname}\\.${domain} ${hostname}\" /etc/hosts\n\nsudo apt-get update\nsudo apt-get -y install python python-apt\n#sudo apt-get -y install sssd realmd krb5-user samba-common packagekit adcli\n\nmkfs.ext4 /dev/${device}\n/sbin/e2label /dev/${device} ${label}\n\necho -e 'LABEL=${label}\\t/data\\text4\\tdefaults\\t0 0' \u003e\u003e /etc/fstab\n\nmkdir /data\nmount -a\n\n#enable password authentication with ssh\n#sudo sed -i 's/^Password.*$/PasswordAuthentication yes/g' /etc/ssh/sshd_config \u0026\u0026 sudo systemctl reload ssh\n\n# enable dynamic dns updates\n#sudo sed -i '$ a dyndns_update = True' /etc/sssd/sssd.conf\n\n#Join domain\n#sudo echo '${domain_pass}' | realm --verbose join -U '${domain_user}'@`echo ${domain} | awk '{ print toupper($0)}'` `echo ${domain} | awk '{ print toupper($0)}'`\n",
                            "vars.%": "6",
                            "vars.device": "nvme1n1",
                            "vars.domain": "SILVER.NCRSMB.COM",
                            "vars.domain_pass": "w1N*7#Egsq",
                            "vars.domain_user": "qlid",
                            "vars.hostname": "USPRDMOMYARN104",
                            "vars.label": "data"
                        },
                        "meta": {},
                        "tainted": false
                    },
                    "deposed": [],
                    "provider": "provider.template"
                },
                "data.template_file.momentum_yarn.4": {
                    "type": "template_file",
                    "depends_on": [],
                    "primary": {
                        "id": "2a36d70747775d7135970dc0386eca7dcaffa1574075a599432954db84415db2",
                        "attributes": {
                            "id": "2a36d70747775d7135970dc0386eca7dcaffa1574075a599432954db84415db2",
                            "rendered": "#!/bin/bash\n\n# update hostname\n#hostname USPRDMOMYARN105.`echo SILVER.NCRSMB.COM | awk '{ print toupper($0)}'`\n#sed -i 's/.*/USPRDMOMYARN105/g' /etc/hostname\n\n#update hostsfile\n#sudo sed -i \"/127\\.0\\.0\\.1/a `ip route get 1 |awk '{print $NF;exit}'` USPRDMOMYARN105\\.SILVER.NCRSMB.COM USPRDMOMYARN105\" /etc/hosts\n\nsudo apt-get update\nsudo apt-get -y install python python-apt\n#sudo apt-get -y install sssd realmd krb5-user samba-common packagekit adcli\n\nmkfs.ext4 /dev/nvme1n1\n/sbin/e2label /dev/nvme1n1 data\n\necho -e 'LABEL=data\\t/data\\text4\\tdefaults\\t0 0' \u003e\u003e /etc/fstab\n\nmkdir /data\nmount -a\n\n#enable password authentication with ssh\n#sudo sed -i 's/^Password.*$/PasswordAuthentication yes/g' /etc/ssh/sshd_config \u0026\u0026 sudo systemctl reload ssh\n\n# enable dynamic dns updates\n#sudo sed -i '$ a dyndns_update = True' /etc/sssd/sssd.conf\n\n#Join domain\n#sudo echo 'w1N*7#Egsq' | realm --verbose join -U 'qlid'@`echo SILVER.NCRSMB.COM | awk '{ print toupper($0)}'` `echo SILVER.NCRSMB.COM | awk '{ print toupper($0)}'`\n",
                            "template": "#!/bin/bash\n\n# update hostname\n#hostname ${hostname}.`echo ${domain} | awk '{ print toupper($0)}'`\n#sed -i 's/.*/${hostname}/g' /etc/hostname\n\n#update hostsfile\n#sudo sed -i \"/127\\.0\\.0\\.1/a `ip route get 1 |awk '{print $NF;exit}'` ${hostname}\\.${domain} ${hostname}\" /etc/hosts\n\nsudo apt-get update\nsudo apt-get -y install python python-apt\n#sudo apt-get -y install sssd realmd krb5-user samba-common packagekit adcli\n\nmkfs.ext4 /dev/${device}\n/sbin/e2label /dev/${device} ${label}\n\necho -e 'LABEL=${label}\\t/data\\text4\\tdefaults\\t0 0' \u003e\u003e /etc/fstab\n\nmkdir /data\nmount -a\n\n#enable password authentication with ssh\n#sudo sed -i 's/^Password.*$/PasswordAuthentication yes/g' /etc/ssh/sshd_config \u0026\u0026 sudo systemctl reload ssh\n\n# enable dynamic dns updates\n#sudo sed -i '$ a dyndns_update = True' /etc/sssd/sssd.conf\n\n#Join domain\n#sudo echo '${domain_pass}' | realm --verbose join -U '${domain_user}'@`echo ${domain} | awk '{ print toupper($0)}'` `echo ${domain} | awk '{ print toupper($0)}'`\n",
                            "vars.%": "6",
                            "vars.device": "nvme1n1",
                            "vars.domain": "SILVER.NCRSMB.COM",
                            "vars.domain_pass": "w1N*7#Egsq",
                            "vars.domain_user": "qlid",
                            "vars.hostname": "USPRDMOMYARN105",
                            "vars.label": "data"
                        },
                        "meta": {},
                        "tainted": false
                    },
                    "deposed": [],
                    "provider": "provider.template"
                }
            },
            "depends_on": []
        },
        {
            "path": [
                "root",
                "zookeeper-ansible"
            ],
            "outputs": {},
            "resources": {
                "aws_instance.momentum_zookeeper.0": {
                    "type": "aws_instance",
                    "depends_on": [
                        "aws_security_group.momentum_zookeeper",
                        "data.template_file.momentum_zookeeper.*"
                    ],
                    "primary": {
                        "id": "i-04249850c636832a2",
                        "attributes": {
                            "ami": "ami-43a15f3e",
                            "associate_public_ip_address": "false",
                            "availability_zone": "us-east-1a",
                            "disable_api_termination": "false",
                            "ebs_block_device.#": "1",
                            "ebs_block_device.2576023345.delete_on_termination": "false",
                            "ebs_block_device.2576023345.device_name": "/dev/sdb",
                            "ebs_block_device.2576023345.encrypted": "false",
                            "ebs_block_device.2576023345.iops": "600",
                            "ebs_block_device.2576023345.snapshot_id": "",
                            "ebs_block_device.2576023345.volume_size": "200",
                            "ebs_block_device.2576023345.volume_type": "gp2",
                            "ebs_optimized": "false",
                            "ephemeral_block_device.#": "0",
                            "iam_instance_profile": "ec2_bootstrap",
                            "id": "i-04249850c636832a2",
                            "instance_state": "running",
                            "instance_type": "m5.large",
                            "ipv6_addresses.#": "0",
                            "key_name": "us-east-1",
                            "monitoring": "false",
                            "network_interface.#": "0",
                            "network_interface_id": "eni-ac37ecb4",
                            "primary_network_interface_id": "eni-ac37ecb4",
                            "private_dns": "ip-10-18-14-163.ec2.internal",
                            "private_ip": "10.18.14.163",
                            "public_dns": "",
                            "public_ip": "",
                            "root_block_device.#": "1",
                            "root_block_device.0.delete_on_termination": "true",
                            "root_block_device.0.iops": "120",
                            "root_block_device.0.volume_size": "40",
                            "root_block_device.0.volume_type": "gp2",
                            "security_groups.#": "0",
                            "source_dest_check": "true",
                            "subnet_id": "subnet-8e91a3f8",
                            "tags.%": "4",
                            "tags.Application": "Momentum",
                            "tags.Environment": "USPRD",
                            "tags.Name": "USPRDMOMZK101",
                            "tags.Role": "zookeeper",
                            "tenancy": "default",
                            "user_data": "6252594c2c4290931df5efa0f8c7ddafa3aa8ab4",
                            "volume_tags.%": "0",
                            "vpc_security_group_ids.#": "1",
                            "vpc_security_group_ids.3864139405": "sg-c66ceeb0"
                        },
                        "meta": {
                            "e2bfb730-ecaa-11e6-8f88-34363bc7c4c0": {
                                "create": 600000000000,
                                "delete": 600000000000,
                                "update": 600000000000
                            },
                            "schema_version": "1"
                        },
                        "tainted": false
                    },
                    "deposed": [],
                    "provider": "provider.aws.aws"
                },
                "aws_instance.momentum_zookeeper.1": {
                    "type": "aws_instance",
                    "depends_on": [
                        "aws_security_group.momentum_zookeeper",
                        "data.template_file.momentum_zookeeper.*"
                    ],
                    "primary": {
                        "id": "i-007e26ac883cf400f",
                        "attributes": {
                            "ami": "ami-43a15f3e",
                            "associate_public_ip_address": "false",
                            "availability_zone": "us-east-1b",
                            "disable_api_termination": "false",
                            "ebs_block_device.#": "1",
                            "ebs_block_device.2576023345.delete_on_termination": "false",
                            "ebs_block_device.2576023345.device_name": "/dev/sdb",
                            "ebs_block_device.2576023345.encrypted": "false",
                            "ebs_block_device.2576023345.iops": "600",
                            "ebs_block_device.2576023345.snapshot_id": "",
                            "ebs_block_device.2576023345.volume_size": "200",
                            "ebs_block_device.2576023345.volume_type": "gp2",
                            "ebs_optimized": "false",
                            "ephemeral_block_device.#": "0",
                            "iam_instance_profile": "ec2_bootstrap",
                            "id": "i-007e26ac883cf400f",
                            "instance_state": "running",
                            "instance_type": "m5.large",
                            "ipv6_addresses.#": "0",
                            "key_name": "us-east-1",
                            "monitoring": "false",
                            "network_interface.#": "0",
                            "network_interface_id": "eni-5bcabc8a",
                            "primary_network_interface_id": "eni-5bcabc8a",
                            "private_dns": "ip-10-18-15-123.ec2.internal",
                            "private_ip": "10.18.15.123",
                            "public_dns": "",
                            "public_ip": "",
                            "root_block_device.#": "1",
                            "root_block_device.0.delete_on_termination": "true",
                            "root_block_device.0.iops": "120",
                            "root_block_device.0.volume_size": "40",
                            "root_block_device.0.volume_type": "gp2",
                            "security_groups.#": "0",
                            "source_dest_check": "true",
                            "subnet_id": "subnet-002a6458",
                            "tags.%": "4",
                            "tags.Application": "Momentum",
                            "tags.Environment": "USPRD",
                            "tags.Name": "USPRDMOMZK102",
                            "tags.Role": "zookeeper",
                            "tenancy": "default",
                            "user_data": "18c955c636e4b3164ee7ce8c3c0367604f3ea34f",
                            "volume_tags.%": "0",
                            "vpc_security_group_ids.#": "1",
                            "vpc_security_group_ids.3864139405": "sg-c66ceeb0"
                        },
                        "meta": {
                            "e2bfb730-ecaa-11e6-8f88-34363bc7c4c0": {
                                "create": 600000000000,
                                "delete": 600000000000,
                                "update": 600000000000
                            },
                            "schema_version": "1"
                        },
                        "tainted": false
                    },
                    "deposed": [],
                    "provider": "provider.aws.aws"
                },
                "aws_instance.momentum_zookeeper.2": {
                    "type": "aws_instance",
                    "depends_on": [
                        "aws_security_group.momentum_zookeeper",
                        "data.template_file.momentum_zookeeper.*"
                    ],
                    "primary": {
                        "id": "i-06dae7e9abb19b0eb",
                        "attributes": {
                            "ami": "ami-43a15f3e",
                            "associate_public_ip_address": "false",
                            "availability_zone": "us-east-1d",
                            "disable_api_termination": "false",
                            "ebs_block_device.#": "1",
                            "ebs_block_device.2576023345.delete_on_termination": "false",
                            "ebs_block_device.2576023345.device_name": "/dev/sdb",
                            "ebs_block_device.2576023345.encrypted": "false",
                            "ebs_block_device.2576023345.iops": "600",
                            "ebs_block_device.2576023345.snapshot_id": "",
                            "ebs_block_device.2576023345.volume_size": "200",
                            "ebs_block_device.2576023345.volume_type": "gp2",
                            "ebs_optimized": "false",
                            "ephemeral_block_device.#": "0",
                            "iam_instance_profile": "ec2_bootstrap",
                            "id": "i-06dae7e9abb19b0eb",
                            "instance_state": "running",
                            "instance_type": "m5.large",
                            "ipv6_addresses.#": "0",
                            "key_name": "us-east-1",
                            "monitoring": "false",
                            "network_interface.#": "0",
                            "network_interface_id": "eni-c5562a0a",
                            "primary_network_interface_id": "eni-c5562a0a",
                            "private_dns": "ip-10-18-16-145.ec2.internal",
                            "private_ip": "10.18.16.145",
                            "public_dns": "",
                            "public_ip": "",
                            "root_block_device.#": "1",
                            "root_block_device.0.delete_on_termination": "true",
                            "root_block_device.0.iops": "120",
                            "root_block_device.0.volume_size": "40",
                            "root_block_device.0.volume_type": "gp2",
                            "security_groups.#": "0",
                            "source_dest_check": "true",
                            "subnet_id": "subnet-de8eccf4",
                            "tags.%": "4",
                            "tags.Application": "Momentum",
                            "tags.Environment": "USPRD",
                            "tags.Name": "USPRDMOMZK103",
                            "tags.Role": "zookeeper",
                            "tenancy": "default",
                            "user_data": "233ebba94f3b40e56f2ab64c8aa573f576647d8f",
                            "volume_tags.%": "0",
                            "vpc_security_group_ids.#": "1",
                            "vpc_security_group_ids.3864139405": "sg-c66ceeb0"
                        },
                        "meta": {
                            "e2bfb730-ecaa-11e6-8f88-34363bc7c4c0": {
                                "create": 600000000000,
                                "delete": 600000000000,
                                "update": 600000000000
                            },
                            "schema_version": "1"
                        },
                        "tainted": false
                    },
                    "deposed": [],
                    "provider": "provider.aws.aws"
                },
                "aws_route53_record.momentum_zookeeper.0": {
                    "type": "aws_route53_record",
                    "depends_on": [
                        "aws_instance.momentum_zookeeper.*"
                    ],
                    "primary": {
                        "id": "Z2OQJX4SA59BGJ_usprdmomzk101_A",
                        "attributes": {
                            "fqdn": "usprdmomzk101.ncrsmb.com",
                            "health_check_id": "",
                            "id": "Z2OQJX4SA59BGJ_usprdmomzk101_A",
                            "name": "usprdmomzk101",
                            "records.#": "1",
                            "records.3041425252": "10.18.14.163",
                            "set_identifier": "",
                            "ttl": "300",
                            "type": "A",
                            "zone_id": "Z2OQJX4SA59BGJ"
                        },
                        "meta": {
                            "schema_version": "2"
                        },
                        "tainted": false
                    },
                    "deposed": [],
                    "provider": "provider.aws.us_prd"
                },
                "aws_route53_record.momentum_zookeeper.1": {
                    "type": "aws_route53_record",
                    "depends_on": [
                        "aws_instance.momentum_zookeeper.*"
                    ],
                    "primary": {
                        "id": "Z2OQJX4SA59BGJ_usprdmomzk102_A",
                        "attributes": {
                            "fqdn": "usprdmomzk102.ncrsmb.com",
                            "health_check_id": "",
                            "id": "Z2OQJX4SA59BGJ_usprdmomzk102_A",
                            "name": "usprdmomzk102",
                            "records.#": "1",
                            "records.3963919312": "10.18.15.123",
                            "set_identifier": "",
                            "ttl": "300",
                            "type": "A",
                            "zone_id": "Z2OQJX4SA59BGJ"
                        },
                        "meta": {
                            "schema_version": "2"
                        },
                        "tainted": false
                    },
                    "deposed": [],
                    "provider": "provider.aws.us_prd"
                },
                "aws_route53_record.momentum_zookeeper.2": {
                    "type": "aws_route53_record",
                    "depends_on": [
                        "aws_instance.momentum_zookeeper.*"
                    ],
                    "primary": {
                        "id": "Z2OQJX4SA59BGJ_usprdmomzk103_A",
                        "attributes": {
                            "fqdn": "usprdmomzk103.ncrsmb.com",
                            "health_check_id": "",
                            "id": "Z2OQJX4SA59BGJ_usprdmomzk103_A",
                            "name": "usprdmomzk103",
                            "records.#": "1",
                            "records.350086067": "10.18.16.145",
                            "set_identifier": "",
                            "ttl": "300",
                            "type": "A",
                            "zone_id": "Z2OQJX4SA59BGJ"
                        },
                        "meta": {
                            "schema_version": "2"
                        },
                        "tainted": false
                    },
                    "deposed": [],
                    "provider": "provider.aws.us_prd"
                },
                "aws_security_group.momentum_zookeeper": {
                    "type": "aws_security_group",
                    "depends_on": [],
                    "primary": {
                        "id": "sg-c66ceeb0",
                        "attributes": {
                            "description": "Allow certain ports and IP ranges used to establish connections to the zookeeper server",
                            "egress.#": "1",
                            "egress.482069346.cidr_blocks.#": "1",
                            "egress.482069346.cidr_blocks.0": "0.0.0.0/0",
                            "egress.482069346.description": "",
                            "egress.482069346.from_port": "0",
                            "egress.482069346.ipv6_cidr_blocks.#": "0",
                            "egress.482069346.prefix_list_ids.#": "0",
                            "egress.482069346.protocol": "-1",
                            "egress.482069346.security_groups.#": "0",
                            "egress.482069346.self": "false",
                            "egress.482069346.to_port": "0",
                            "id": "sg-c66ceeb0",
                            "ingress.#": "5",
                            "ingress.1653725935.cidr_blocks.#": "3",
                            "ingress.1653725935.cidr_blocks.0": "10.18.14.0/24",
                            "ingress.1653725935.cidr_blocks.1": "10.18.15.0/24",
                            "ingress.1653725935.cidr_blocks.2": "10.18.16.0/24",
                            "ingress.1653725935.description": "",
                            "ingress.1653725935.from_port": "2181",
                            "ingress.1653725935.ipv6_cidr_blocks.#": "0",
                            "ingress.1653725935.protocol": "tcp",
                            "ingress.1653725935.security_groups.#": "0",
                            "ingress.1653725935.self": "false",
                            "ingress.1653725935.to_port": "2181",
                            "ingress.179083333.cidr_blocks.#": "1",
                            "ingress.179083333.cidr_blocks.0": "10.0.0.0/8",
                            "ingress.179083333.description": "",
                            "ingress.179083333.from_port": "22",
                            "ingress.179083333.ipv6_cidr_blocks.#": "0",
                            "ingress.179083333.protocol": "tcp",
                            "ingress.179083333.security_groups.#": "0",
                            "ingress.179083333.self": "false",
                            "ingress.179083333.to_port": "22",
                            "ingress.2166263596.cidr_blocks.#": "3",
                            "ingress.2166263596.cidr_blocks.0": "10.18.14.0/24",
                            "ingress.2166263596.cidr_blocks.1": "10.18.15.0/24",
                            "ingress.2166263596.cidr_blocks.2": "10.18.16.0/24",
                            "ingress.2166263596.description": "",
                            "ingress.2166263596.from_port": "3888",
                            "ingress.2166263596.ipv6_cidr_blocks.#": "0",
                            "ingress.2166263596.protocol": "tcp",
                            "ingress.2166263596.security_groups.#": "0",
                            "ingress.2166263596.self": "false",
                            "ingress.2166263596.to_port": "3888",
                            "ingress.2582497614.cidr_blocks.#": "3",
                            "ingress.2582497614.cidr_blocks.0": "10.18.14.0/24",
                            "ingress.2582497614.cidr_blocks.1": "10.18.15.0/24",
                            "ingress.2582497614.cidr_blocks.2": "10.18.16.0/24",
                            "ingress.2582497614.description": "",
                            "ingress.2582497614.from_port": "8080",
                            "ingress.2582497614.ipv6_cidr_blocks.#": "0",
                            "ingress.2582497614.protocol": "tcp",
                            "ingress.2582497614.security_groups.#": "0",
                            "ingress.2582497614.self": "false",
                            "ingress.2582497614.to_port": "8080",
                            "ingress.800046392.cidr_blocks.#": "3",
                            "ingress.800046392.cidr_blocks.0": "10.18.14.0/24",
                            "ingress.800046392.cidr_blocks.1": "10.18.15.0/24",
                            "ingress.800046392.cidr_blocks.2": "10.18.16.0/24",
                            "ingress.800046392.description": "",
                            "ingress.800046392.from_port": "2888",
                            "ingress.800046392.ipv6_cidr_blocks.#": "0",
                            "ingress.800046392.protocol": "tcp",
                            "ingress.800046392.security_groups.#": "0",
                            "ingress.800046392.self": "false",
                            "ingress.800046392.to_port": "2888",
                            "name": "USPRDMOMZK1",
                            "owner_id": "048485690753",
                            "tags.%": "1",
                            "tags.Name": "USPRDMOMZK1",
                            "vpc_id": "vpc-2ada7f4d"
                        },
                        "meta": {},
                        "tainted": false
                    },
                    "deposed": [],
                    "provider": "provider.aws.aws"
                },
                "aws_security_group_rule.zookeeper_allow_app_ports_ingress.0": {
                    "type": "aws_security_group_rule",
                    "depends_on": [
                        "aws_security_group.momentum_zookeeper"
                    ],
                    "primary": {
                        "id": "sgrule-3792385270",
                        "attributes": {
                            "cidr_blocks.#": "3",
                            "cidr_blocks.0": "10.18.14.0/24",
                            "cidr_blocks.1": "10.18.15.0/24",
                            "cidr_blocks.2": "10.18.16.0/24",
                            "description": "",
                            "from_port": "2181",
                            "id": "sgrule-3792385270",
                            "ipv6_cidr_blocks.#": "0",
                            "prefix_list_ids.#": "0",
                            "protocol": "tcp",
                            "security_group_id": "sg-c66ceeb0",
                            "self": "false",
                            "to_port": "2181",
                            "type": "ingress"
                        },
                        "meta": {
                            "schema_version": "2"
                        },
                        "tainted": false
                    },
                    "deposed": [],
                    "provider": "provider.aws.aws"
                },
                "aws_security_group_rule.zookeeper_allow_app_ports_ingress.1": {
                    "type": "aws_security_group_rule",
                    "depends_on": [
                        "aws_security_group.momentum_zookeeper"
                    ],
                    "primary": {
                        "id": "sgrule-4288995051",
                        "attributes": {
                            "cidr_blocks.#": "3",
                            "cidr_blocks.0": "10.18.14.0/24",
                            "cidr_blocks.1": "10.18.15.0/24",
                            "cidr_blocks.2": "10.18.16.0/24",
                            "description": "",
                            "from_port": "2888",
                            "id": "sgrule-4288995051",
                            "ipv6_cidr_blocks.#": "0",
                            "prefix_list_ids.#": "0",
                            "protocol": "tcp",
                            "security_group_id": "sg-c66ceeb0",
                            "self": "false",
                            "to_port": "2888",
                            "type": "ingress"
                        },
                        "meta": {
                            "schema_version": "2"
                        },
                        "tainted": false
                    },
                    "deposed": [],
                    "provider": "provider.aws.aws"
                },
                "aws_security_group_rule.zookeeper_allow_app_ports_ingress.2": {
                    "type": "aws_security_group_rule",
                    "depends_on": [
                        "aws_security_group.momentum_zookeeper"
                    ],
                    "primary": {
                        "id": "sgrule-433976975",
                        "attributes": {
                            "cidr_blocks.#": "3",
                            "cidr_blocks.0": "10.18.14.0/24",
                            "cidr_blocks.1": "10.18.15.0/24",
                            "cidr_blocks.2": "10.18.16.0/24",
                            "description": "",
                            "from_port": "3888",
                            "id": "sgrule-433976975",
                            "ipv6_cidr_blocks.#": "0",
                            "prefix_list_ids.#": "0",
                            "protocol": "tcp",
                            "security_group_id": "sg-c66ceeb0",
                            "self": "false",
                            "to_port": "3888",
                            "type": "ingress"
                        },
                        "meta": {
                            "schema_version": "2"
                        },
                        "tainted": false
                    },
                    "deposed": [],
                    "provider": "provider.aws.aws"
                },
                "aws_security_group_rule.zookeeper_allow_app_ports_ingress.3": {
                    "type": "aws_security_group_rule",
                    "depends_on": [
                        "aws_security_group.momentum_zookeeper"
                    ],
                    "primary": {
                        "id": "sgrule-3517514748",
                        "attributes": {
                            "cidr_blocks.#": "3",
                            "cidr_blocks.0": "10.18.14.0/24",
                            "cidr_blocks.1": "10.18.15.0/24",
                            "cidr_blocks.2": "10.18.16.0/24",
                            "description": "",
                            "from_port": "8080",
                            "id": "sgrule-3517514748",
                            "ipv6_cidr_blocks.#": "0",
                            "prefix_list_ids.#": "0",
                            "protocol": "tcp",
                            "security_group_id": "sg-c66ceeb0",
                            "self": "false",
                            "to_port": "8080",
                            "type": "ingress"
                        },
                        "meta": {
                            "schema_version": "2"
                        },
                        "tainted": false
                    },
                    "deposed": [],
                    "provider": "provider.aws.aws"
                },
                "aws_security_group_rule.zookeeper_allow_egress": {
                    "type": "aws_security_group_rule",
                    "depends_on": [
                        "aws_security_group.momentum_zookeeper"
                    ],
                    "primary": {
                        "id": "sgrule-3939430060",
                        "attributes": {
                            "cidr_blocks.#": "1",
                            "cidr_blocks.0": "0.0.0.0/0",
                            "description": "",
                            "from_port": "0",
                            "id": "sgrule-3939430060",
                            "ipv6_cidr_blocks.#": "0",
                            "prefix_list_ids.#": "0",
                            "protocol": "-1",
                            "security_group_id": "sg-c66ceeb0",
                            "self": "false",
                            "to_port": "0",
                            "type": "egress"
                        },
                        "meta": {
                            "schema_version": "2"
                        },
                        "tainted": false
                    },
                    "deposed": [],
                    "provider": "provider.aws.aws"
                },
                "aws_security_group_rule.zookeeper_allow_ssh_ingress": {
                    "type": "aws_security_group_rule",
                    "depends_on": [
                        "aws_security_group.momentum_zookeeper"
                    ],
                    "primary": {
                        "id": "sgrule-774238773",
                        "attributes": {
                            "cidr_blocks.#": "1",
                            "cidr_blocks.0": "10.0.0.0/8",
                            "description": "",
                            "from_port": "22",
                            "id": "sgrule-774238773",
                            "ipv6_cidr_blocks.#": "0",
                            "prefix_list_ids.#": "0",
                            "protocol": "tcp",
                            "security_group_id": "sg-c66ceeb0",
                            "self": "false",
                            "to_port": "22",
                            "type": "ingress"
                        },
                        "meta": {
                            "schema_version": "2"
                        },
                        "tainted": false
                    },
                    "deposed": [],
                    "provider": "provider.aws.aws"
                },
                "data.template_file.momentum_zookeeper.0": {
                    "type": "template_file",
                    "depends_on": [],
                    "primary": {
                        "id": "9d5c050796c9ec98bb85a0fc195f54a86b2f0c28cd8c172bf668d77cdfa73036",
                        "attributes": {
                            "id": "9d5c050796c9ec98bb85a0fc195f54a86b2f0c28cd8c172bf668d77cdfa73036",
                            "rendered": "#!/bin/bash\n\n# update hostname\n#hostname USPRDMOMZK101.`echo SILVER.NCRSMB.COM | awk '{ print toupper($0)}'`\n#sed -i 's/.*/USPRDMOMZK101/g' /etc/hostname\n\n#update hostsfile\n#sudo sed -i \"/127\\.0\\.0\\.1/a `ip route get 1 |awk '{print $NF;exit}'` USPRDMOMZK101\\.SILVER.NCRSMB.COM USPRDMOMZK101\" /etc/hosts\n\nsudo apt-get update\nsudo apt-get -y install python python-apt\n#sudo apt-get -y install sssd realmd krb5-user samba-common packagekit adcli\n\nmkfs.ext4 /dev/nvme1n1\n/sbin/e2label /dev/nvme1n1 data\n\necho -e 'LABEL=data\\t/opt\\text4\\tdefaults\\t0 0' \u003e\u003e /etc/fstab\n\nmkdir /opt\nmount -a\n\n#enable password authentication with ssh\n#sudo sed -i 's/^Password.*$/PasswordAuthentication yes/g' /etc/ssh/sshd_config \u0026\u0026 sudo systemctl reload ssh\n\n# enable dynamic dns updates\n#sudo sed -i '$ a dyndns_update = True' /etc/sssd/sssd.conf\n\n#Join domain\n#sudo echo 'w1N*7#Egsq' | realm --verbose join -U 'qlid'@`echo SILVER.NCRSMB.COM | awk '{ print toupper($0)}'` `echo SILVER.NCRSMB.COM | awk '{ print toupper($0)}'`\n",
                            "template": "#!/bin/bash\n\n# update hostname\n#hostname ${hostname}.`echo ${domain} | awk '{ print toupper($0)}'`\n#sed -i 's/.*/${hostname}/g' /etc/hostname\n\n#update hostsfile\n#sudo sed -i \"/127\\.0\\.0\\.1/a `ip route get 1 |awk '{print $NF;exit}'` ${hostname}\\.${domain} ${hostname}\" /etc/hosts\n\nsudo apt-get update\nsudo apt-get -y install python python-apt\n#sudo apt-get -y install sssd realmd krb5-user samba-common packagekit adcli\n\nmkfs.ext4 /dev/${device}\n/sbin/e2label /dev/${device} ${label}\n\necho -e 'LABEL=${label}\\t/opt\\text4\\tdefaults\\t0 0' \u003e\u003e /etc/fstab\n\nmkdir /opt\nmount -a\n\n#enable password authentication with ssh\n#sudo sed -i 's/^Password.*$/PasswordAuthentication yes/g' /etc/ssh/sshd_config \u0026\u0026 sudo systemctl reload ssh\n\n# enable dynamic dns updates\n#sudo sed -i '$ a dyndns_update = True' /etc/sssd/sssd.conf\n\n#Join domain\n#sudo echo '${domain_pass}' | realm --verbose join -U '${domain_user}'@`echo ${domain} | awk '{ print toupper($0)}'` `echo ${domain} | awk '{ print toupper($0)}'`\n",
                            "vars.%": "6",
                            "vars.device": "nvme1n1",
                            "vars.domain": "SILVER.NCRSMB.COM",
                            "vars.domain_pass": "w1N*7#Egsq",
                            "vars.domain_user": "qlid",
                            "vars.hostname": "USPRDMOMZK101",
                            "vars.label": "data"
                        },
                        "meta": {},
                        "tainted": false
                    },
                    "deposed": [],
                    "provider": "provider.template"
                },
                "data.template_file.momentum_zookeeper.1": {
                    "type": "template_file",
                    "depends_on": [],
                    "primary": {
                        "id": "7445fdb7a559eedef66db2a2a012f15b50039ffa072bd90e26b1552ce257a079",
                        "attributes": {
                            "id": "7445fdb7a559eedef66db2a2a012f15b50039ffa072bd90e26b1552ce257a079",
                            "rendered": "#!/bin/bash\n\n# update hostname\n#hostname USPRDMOMZK102.`echo SILVER.NCRSMB.COM | awk '{ print toupper($0)}'`\n#sed -i 's/.*/USPRDMOMZK102/g' /etc/hostname\n\n#update hostsfile\n#sudo sed -i \"/127\\.0\\.0\\.1/a `ip route get 1 |awk '{print $NF;exit}'` USPRDMOMZK102\\.SILVER.NCRSMB.COM USPRDMOMZK102\" /etc/hosts\n\nsudo apt-get update\nsudo apt-get -y install python python-apt\n#sudo apt-get -y install sssd realmd krb5-user samba-common packagekit adcli\n\nmkfs.ext4 /dev/nvme1n1\n/sbin/e2label /dev/nvme1n1 data\n\necho -e 'LABEL=data\\t/opt\\text4\\tdefaults\\t0 0' \u003e\u003e /etc/fstab\n\nmkdir /opt\nmount -a\n\n#enable password authentication with ssh\n#sudo sed -i 's/^Password.*$/PasswordAuthentication yes/g' /etc/ssh/sshd_config \u0026\u0026 sudo systemctl reload ssh\n\n# enable dynamic dns updates\n#sudo sed -i '$ a dyndns_update = True' /etc/sssd/sssd.conf\n\n#Join domain\n#sudo echo 'w1N*7#Egsq' | realm --verbose join -U 'qlid'@`echo SILVER.NCRSMB.COM | awk '{ print toupper($0)}'` `echo SILVER.NCRSMB.COM | awk '{ print toupper($0)}'`\n",
                            "template": "#!/bin/bash\n\n# update hostname\n#hostname ${hostname}.`echo ${domain} | awk '{ print toupper($0)}'`\n#sed -i 's/.*/${hostname}/g' /etc/hostname\n\n#update hostsfile\n#sudo sed -i \"/127\\.0\\.0\\.1/a `ip route get 1 |awk '{print $NF;exit}'` ${hostname}\\.${domain} ${hostname}\" /etc/hosts\n\nsudo apt-get update\nsudo apt-get -y install python python-apt\n#sudo apt-get -y install sssd realmd krb5-user samba-common packagekit adcli\n\nmkfs.ext4 /dev/${device}\n/sbin/e2label /dev/${device} ${label}\n\necho -e 'LABEL=${label}\\t/opt\\text4\\tdefaults\\t0 0' \u003e\u003e /etc/fstab\n\nmkdir /opt\nmount -a\n\n#enable password authentication with ssh\n#sudo sed -i 's/^Password.*$/PasswordAuthentication yes/g' /etc/ssh/sshd_config \u0026\u0026 sudo systemctl reload ssh\n\n# enable dynamic dns updates\n#sudo sed -i '$ a dyndns_update = True' /etc/sssd/sssd.conf\n\n#Join domain\n#sudo echo '${domain_pass}' | realm --verbose join -U '${domain_user}'@`echo ${domain} | awk '{ print toupper($0)}'` `echo ${domain} | awk '{ print toupper($0)}'`\n",
                            "vars.%": "6",
                            "vars.device": "nvme1n1",
                            "vars.domain": "SILVER.NCRSMB.COM",
                            "vars.domain_pass": "w1N*7#Egsq",
                            "vars.domain_user": "qlid",
                            "vars.hostname": "USPRDMOMZK102",
                            "vars.label": "data"
                        },
                        "meta": {},
                        "tainted": false
                    },
                    "deposed": [],
                    "provider": "provider.template"
                },
                "data.template_file.momentum_zookeeper.2": {
                    "type": "template_file",
                    "depends_on": [],
                    "primary": {
                        "id": "a7911a771d6519fb0696c031b98013d656e776439f628173760b4ae8cbf48d57",
                        "attributes": {
                            "id": "a7911a771d6519fb0696c031b98013d656e776439f628173760b4ae8cbf48d57",
                            "rendered": "#!/bin/bash\n\n# update hostname\n#hostname USPRDMOMZK103.`echo SILVER.NCRSMB.COM | awk '{ print toupper($0)}'`\n#sed -i 's/.*/USPRDMOMZK103/g' /etc/hostname\n\n#update hostsfile\n#sudo sed -i \"/127\\.0\\.0\\.1/a `ip route get 1 |awk '{print $NF;exit}'` USPRDMOMZK103\\.SILVER.NCRSMB.COM USPRDMOMZK103\" /etc/hosts\n\nsudo apt-get update\nsudo apt-get -y install python python-apt\n#sudo apt-get -y install sssd realmd krb5-user samba-common packagekit adcli\n\nmkfs.ext4 /dev/nvme1n1\n/sbin/e2label /dev/nvme1n1 data\n\necho -e 'LABEL=data\\t/opt\\text4\\tdefaults\\t0 0' \u003e\u003e /etc/fstab\n\nmkdir /opt\nmount -a\n\n#enable password authentication with ssh\n#sudo sed -i 's/^Password.*$/PasswordAuthentication yes/g' /etc/ssh/sshd_config \u0026\u0026 sudo systemctl reload ssh\n\n# enable dynamic dns updates\n#sudo sed -i '$ a dyndns_update = True' /etc/sssd/sssd.conf\n\n#Join domain\n#sudo echo 'w1N*7#Egsq' | realm --verbose join -U 'qlid'@`echo SILVER.NCRSMB.COM | awk '{ print toupper($0)}'` `echo SILVER.NCRSMB.COM | awk '{ print toupper($0)}'`\n",
                            "template": "#!/bin/bash\n\n# update hostname\n#hostname ${hostname}.`echo ${domain} | awk '{ print toupper($0)}'`\n#sed -i 's/.*/${hostname}/g' /etc/hostname\n\n#update hostsfile\n#sudo sed -i \"/127\\.0\\.0\\.1/a `ip route get 1 |awk '{print $NF;exit}'` ${hostname}\\.${domain} ${hostname}\" /etc/hosts\n\nsudo apt-get update\nsudo apt-get -y install python python-apt\n#sudo apt-get -y install sssd realmd krb5-user samba-common packagekit adcli\n\nmkfs.ext4 /dev/${device}\n/sbin/e2label /dev/${device} ${label}\n\necho -e 'LABEL=${label}\\t/opt\\text4\\tdefaults\\t0 0' \u003e\u003e /etc/fstab\n\nmkdir /opt\nmount -a\n\n#enable password authentication with ssh\n#sudo sed -i 's/^Password.*$/PasswordAuthentication yes/g' /etc/ssh/sshd_config \u0026\u0026 sudo systemctl reload ssh\n\n# enable dynamic dns updates\n#sudo sed -i '$ a dyndns_update = True' /etc/sssd/sssd.conf\n\n#Join domain\n#sudo echo '${domain_pass}' | realm --verbose join -U '${domain_user}'@`echo ${domain} | awk '{ print toupper($0)}'` `echo ${domain} | awk '{ print toupper($0)}'`\n",
                            "vars.%": "6",
                            "vars.device": "nvme1n1",
                            "vars.domain": "SILVER.NCRSMB.COM",
                            "vars.domain_pass": "w1N*7#Egsq",
                            "vars.domain_user": "qlid",
                            "vars.hostname": "USPRDMOMZK103",
                            "vars.label": "data"
                        },
                        "meta": {},
                        "tainted": false
                    },
                    "deposed": [],
                    "provider": "provider.template"
                }
            },
            "depends_on": []
        }
    ]
}
